
Microsoft Visual Studio Solution File, Format Version 12.00
# Visual Studio Version 17
VisualStudioVersion = 17.0.31903.59
MinimumVisualStudioVersion = 10.0.40219.1
Project("{2150E333-8FDC-42A3-9474-1A3956D46DE8}") = "build", "build", "{DEE5DD87-39C1-BF34-B639-A387DCCF972B}"
EndProject
Project("{FAE04EC0-301F-11D3-BF4B-00C04F79EFBC}") = "RepositoryMap", "build\RepositoryMap.proj", "{09EB8B07-381F-4BC4-9161-2A542844FF74}"
EndProject
Project("{2150E333-8FDC-42A3-9474-1A3956D46DE8}") = "src", "src", "{827E0CD3-B72D-47B6-A68D-7590B98EB39B}"
EndProject
Project("{FAE04EC0-301F-11D3-BF4B-00C04F79EFBC}") = "RepoQL.ConsoleApp", "src\RepoQL.ConsoleApp\RepoQL.ConsoleApp.csproj", "{44D4D51D-72A4-46C2-83A9-E6586050AEA3}"
EndProject
Project("{FAE04EC0-301F-11D3-BF4B-00C04F79EFBC}") = "RepoQL.Contracts", "src\RepoQL.Contracts\RepoQL.Contracts.csproj", "{B1121FF9-459C-46EA-BE60-74C4695C74AD}"
EndProject
Project("{FAE04EC0-301F-11D3-BF4B-00C04F79EFBC}") = "RepoQL.Core", "src\RepoQL.Core\RepoQL.Core.csproj", "{02C819B7-7B10-45AA-B4B1-E9DFC4637F99}"
EndProject
Project("{FAE04EC0-301F-11D3-BF4B-00C04F79EFBC}") = "RepoQL.Data.DuckDB", "src\RepoQL.Data.DuckDB\RepoQL.Data.DuckDB.csproj", "{D5441AB7-F852-421B-A715-FE0140C7B518}"
EndProject
Project("{FAE04EC0-301F-11D3-BF4B-00C04F79EFBC}") = "RepoQL.Documentation", "src\RepoQL.Documentation\RepoQL.Documentation.csproj", "{FFE223E1-58ED-4BEF-A8BB-93D6DEB06208}"
EndProject
Project("{FAE04EC0-301F-11D3-BF4B-00C04F79EFBC}") = "RepoQL.FileSystem", "src\RepoQL.FileSystem\RepoQL.FileSystem.csproj", "{1583C4E1-599B-4460-BC27-77B09A5A1D76}"
EndProject
Project("{FAE04EC0-301F-11D3-BF4B-00C04F79EFBC}") = "RepoQL.Grammar", "src\RepoQL.Grammar\RepoQL.Grammar.csproj", "{EB7D442B-2B75-44CE-8425-F7264A397239}"
EndProject
Project("{FAE04EC0-301F-11D3-BF4B-00C04F79EFBC}") = "RepoQL.Protocol", "src\RepoQL.Protocol\RepoQL.Protocol.csproj", "{254517F5-341E-4068-B733-44E9ED5415F1}"
EndProject
Project("{FAE04EC0-301F-11D3-BF4B-00C04F79EFBC}") = "RepoQL.Templating", "src\RepoQL.Templating\RepoQL.Templating.csproj", "{E5036AA6-F429-4A76-95AD-18AE9290CD09}"
EndProject
Project("{2150E333-8FDC-42A3-9474-1A3956D46DE8}") = "Formats", "Formats", "{9784F306-FAF8-4EC3-B17C-D0E045AFB8A1}"
EndProject
Project("{FAE04EC0-301F-11D3-BF4B-00C04F79EFBC}") = "RepoQL.Formats.DotNet", "src\Formats\RepoQL.Formats.DotNet\RepoQL.Formats.DotNet.csproj", "{D266DE8A-7C7D-4F7D-B65A-0B934D0AC07F}"
EndProject
Project("{FAE04EC0-301F-11D3-BF4B-00C04F79EFBC}") = "RepoQL.Formats.Markdown", "src\Formats\RepoQL.Formats.Markdown\RepoQL.Formats.Markdown.csproj", "{14492B0B-C3A1-4202-8D43-3460FB96122C}"
EndProject
Project("{FAE04EC0-301F-11D3-BF4B-00C04F79EFBC}") = "RepoQL.Formats.Mermaid", "src\Formats\RepoQL.Formats.Mermaid\RepoQL.Formats.Mermaid.csproj", "{C336362B-E7E4-4134-832D-F67DE956B147}"
EndProject
Project("{FAE04EC0-301F-11D3-BF4B-00C04F79EFBC}") = "RepoQL.Formats.GraphQL", "src\Formats\RepoQL.Formats.GraphQL\RepoQL.Formats.GraphQL.csproj", "{9D670AD0-118F-4FDE-B4BA-15FB8D501B01}"
EndProject
Project("{2150E333-8FDC-42A3-9474-1A3956D46DE8}") = "tests", "tests", "{CEA09484-30F6-4D44-02F6-822E06DBC57C}"
	ProjectSection(SolutionItems) = preProject
		src\tests\Directory.Build.props = src\tests\Directory.Build.props
	EndProjectSection
EndProject
Project("{FAE04EC0-301F-11D3-BF4B-00C04F79EFBC}") = "RepoQL.Cli.Tests", "src\tests\RepoQL.Cli.Tests\RepoQL.Cli.Tests.csproj", "{7567B68B-F399-400C-895A-F755DADBA9D0}"
EndProject
Project("{FAE04EC0-301F-11D3-BF4B-00C04F79EFBC}") = "RepoQL.Data.DuckDB.Tests", "src\tests\RepoQL.Data.DuckDB.Tests\RepoQL.Data.DuckDB.Tests.csproj", "{6E211884-DA51-47F1-8236-D36F757001A7}"
EndProject
Project("{FAE04EC0-301F-11D3-BF4B-00C04F79EFBC}") = "RepoQL.Data.Tests", "src\tests\RepoQL.Data.Tests\RepoQL.Data.Tests.csproj", "{C02BFD70-B3AB-4868-9360-66AB5B83FF31}"
EndProject
Project("{FAE04EC0-301F-11D3-BF4B-00C04F79EFBC}") = "RepoQL.Core.Tests", "src\tests\RepoQL.Core.Tests\RepoQL.Core.Tests.csproj", "{F4E7CB79-7DA4-45A3-ABAE-D0B13FC52831}"
EndProject
Project("{FAE04EC0-301F-11D3-BF4B-00C04F79EFBC}") = "RepoQL.FileSystem.Tests", "src\tests\RepoQL.FileSystem.Tests\RepoQL.FileSystem.Tests.csproj", "{E217C5FA-84FF-42A2-BAB6-D2226BA61D49}"
EndProject
Project("{FAE04EC0-301F-11D3-BF4B-00C04F79EFBC}") = "RepoQL.Grammar.Mermaid.Tests", "src\tests\RepoQL.Grammar.Mermaid.Tests\RepoQL.Grammar.Mermaid.Tests.csproj", "{98EFC461-2C3E-4D84-9CE7-1912CB429147}"
EndProject
Project("{FAE04EC0-301F-11D3-BF4B-00C04F79EFBC}") = "RepoQL.Grammar.Tests", "src\tests\RepoQL.Grammar.Tests\RepoQL.Grammar.Tests.csproj", "{6E2FC063-83BF-48B5-9E75-25396B7E31F7}"
EndProject
Project("{FAE04EC0-301F-11D3-BF4B-00C04F79EFBC}") = "RepoQL.Tests", "src\tests\RepoQL.Tests\RepoQL.Tests.csproj", "{32630BD1-DC67-403D-AE30-6280EF27D9FC}"
EndProject
Project("{FAE04EC0-301F-11D3-BF4B-00C04F79EFBC}") = "RepoQL.Orchestrator", "src\RepoQL.Orchestrator\RepoQL.Orchestrator.csproj", "{82F789A8-143C-4254-AA74-9AA82D7CF226}"
EndProject
Project("{2150E333-8FDC-42A3-9474-1A3956D46DE8}") = "Formats", "Formats", "{CF3BB764-123E-4A7B-8A47-05F15D677FE5}"
EndProject
Project("{FAE04EC0-301F-11D3-BF4B-00C04F79EFBC}") = "RepoQL.Formats.DotNet.Tests", "src\tests\RepoQL.Formats.DotNet.Tests\RepoQL.Formats.DotNet.Tests.csproj", "{28DD473A-7AFC-4361-AA92-2314B0AC4B4E}"
EndProject
Project("{FAE04EC0-301F-11D3-BF4B-00C04F79EFBC}") = "RepoQL.Testing", "src\tests\RepoQL.Testing\RepoQL.Testing.csproj", "{3FEC1660-C58B-465D-9282-15B1B4B9EEAB}"
EndProject
Project("{2150E333-8FDC-42A3-9474-1A3956D46DE8}") = "Indexing", "Indexing", "{10A80871-ADB5-40D3-B95A-4EDB96FD5641}"
EndProject
Project("{FAE04EC0-301F-11D3-BF4B-00C04F79EFBC}") = "RepoQL.Indexing", "src\Indexing\RepoQL.Indexing\RepoQL.Indexing.csproj", "{60792A48-AF8B-4E87-A67B-3D84CDB42986}"
EndProject
Project("{FAE04EC0-301F-11D3-BF4B-00C04F79EFBC}") = "RepoQL.Indexing.Tests", "src\Indexing\RepoQL.Indexing.Tests\RepoQL.Indexing.Tests.csproj", "{B4B13076-B40A-4734-85A9-5ADDEB823100}"
EndProject
Project("{FAE04EC0-301F-11D3-BF4B-00C04F79EFBC}") = "RepoQL.Embeddings", "src\RepoQL.Embeddings\RepoQL.Embeddings.csproj", "{4ADAEF9B-3992-41E3-9011-2C5A6521169E}"
EndProject
Project("{FAE04EC0-301F-11D3-BF4B-00C04F79EFBC}") = "RepoQL.Formats.TypeScript", "src\Formats\RepoQL.Formats.TypeScript\RepoQL.Formats.TypeScript.csproj", "{33E9831D-CE3B-4CA9-A404-32B1A12B6AE3}"
EndProject
Project("{FAE04EC0-301F-11D3-BF4B-00C04F79EFBC}") = "RepoQL.Formats.TypeScript.Tests", "src\tests\RepoQL.Formats.TypeScript.Tests\RepoQL.Formats.TypeScript.Tests.csproj", "{7CAA8024-41F9-4588-8C96-9FA44B3E16B9}"
EndProject
Project("{FAE04EC0-301F-11D3-BF4B-00C04F79EFBC}") = "RepoQL.Formats.Sql", "src\Formats\RepoQL.Formats.Sql\RepoQL.Formats.Sql.csproj", "{5D36F096-C1F2-4DE1-BBEA-A69F9258F638}"
EndProject
Project("{FAE04EC0-301F-11D3-BF4B-00C04F79EFBC}") = "RepoQL.Explore", "src\RepoQL.Explore\RepoQL.Explore.csproj", "{71DBB5E1-097C-4B41-A19F-305D084822B6}"
EndProject
Project("{FAE04EC0-301F-11D3-BF4B-00C04F79EFBC}") = "RepoQL.Rendering.Tests", "src\tests\RepoQL.Rendering.Tests\RepoQL.Rendering.Tests.csproj", "{054E306B-CCF9-4E7C-A339-7F9938675239}"
EndProject
Project("{FAE04EC0-301F-11D3-BF4B-00C04F79EFBC}") = "RepoQL.Formats.PHP", "src\Formats\RepoQL.Formats.PHP\RepoQL.Formats.PHP.csproj", "{0B939659-BBC7-4CF1-8703-F38BF275DB4C}"
EndProject
Project("{FAE04EC0-301F-11D3-BF4B-00C04F79EFBC}") = "RepoQL.Formats.PHP.Tests", "src\tests\RepoQL.Formats.PHP.Tests\RepoQL.Formats.PHP.Tests.csproj", "{75FD4639-AC47-4C25-8D07-95A9092CAAA4}"
EndProject
Project("{FAE04EC0-301F-11D3-BF4B-00C04F79EFBC}") = "RepoQL.Formats.Terraform", "src\Formats\RepoQL.Formats.Terraform\RepoQL.Formats.Terraform.csproj", "{FC5C18B3-33C9-4C43-9A31-E13539650DDC}"
EndProject
Project("{FAE04EC0-301F-11D3-BF4B-00C04F79EFBC}") = "RepoQL.Formats.Terraform.Tests", "src\tests\RepoQL.Formats.Terraform.Tests\RepoQL.Formats.Terraform.Tests.csproj", "{98FC2B2E-9BCA-4F31-8E11-84D14CCCB340}"
EndProject
Project("{FAE04EC0-301F-11D3-BF4B-00C04F79EFBC}") = "RepoQL.Formats.CSS", "src\Formats\RepoQL.Formats.CSS\RepoQL.Formats.CSS.csproj", "{47D942F3-12E1-4C3B-B156-4749D4DADF82}"
EndProject
Project("{FAE04EC0-301F-11D3-BF4B-00C04F79EFBC}") = "RepoQL.Formats.CSS.Tests", "src\tests\RepoQL.Formats.CSS.Tests\RepoQL.Formats.CSS.Tests.csproj", "{DE54C23E-C476-46B9-B411-D419D5510C64}"
EndProject
Project("{FAE04EC0-301F-11D3-BF4B-00C04F79EFBC}") = "RepoQL.Mcp.Client", "src\RepoQL.Mcp.Client\RepoQL.Mcp.Client.csproj", "{72115FCD-8F06-44B6-AFCA-D99C2CA3E0B3}"
EndProject
Project("{FAE04EC0-301F-11D3-BF4B-00C04F79EFBC}") = "RepoQL.Mcp.Client.Tests", "src\tests\RepoQL.Mcp.Client.Tests\RepoQL.Mcp.Client.Tests.csproj", "{4B93654B-CCFF-40DD-8C4E-1C18BAB80885}"
EndProject
Project("{FAE04EC0-301F-11D3-BF4B-00C04F79EFBC}") = "RepoQL.LLM.Client", "src\RepoQL.LLM.Client\RepoQL.LLM.Client.csproj", "{E0DAA17D-8839-4256-B790-9E7B417EEEF1}"
EndProject
Project("{FAE04EC0-301F-11D3-BF4B-00C04F79EFBC}") = "RepoQL.LLM.Client.Tests", "src\tests\RepoQL.LLM.Client.Tests\RepoQL.LLM.Client.Tests.csproj", "{33313069-0CC8-406B-8378-F099F6F6BF27}"
EndProject
Project("{FAE04EC0-301F-11D3-BF4B-00C04F79EFBC}") = "RepoQL.Protocol.Tests", "src\tests\RepoQL.Protocol.Tests\RepoQL.Protocol.Tests.csproj", "{45D60C48-11C4-42A8-BD25-62BF93A95799}"
EndProject
Project("{FAE04EC0-301F-11D3-BF4B-00C04F79EFBC}") = "RepoQL.Formats.Xlsx", "src\Formats\RepoQL.Formats.Xlsx\RepoQL.Formats.Xlsx.csproj", "{756F832C-43DD-45EB-90A4-6F2D0670A0E2}"
EndProject
Project("{FAE04EC0-301F-11D3-BF4B-00C04F79EFBC}") = "RepoQL.Formats.Xlsx.Tests", "src\tests\RepoQL.Formats.Xlsx.Tests\RepoQL.Formats.Xlsx.Tests.csproj", "{4BC3AF12-F861-48B7-AA9D-3000D40DF633}"
EndProject
Project("{FAE04EC0-301F-11D3-BF4B-00C04F79EFBC}") = "RepoQL.Formats.Docx.Tests", "src\tests\RepoQL.Formats.Docx.Tests\RepoQL.Formats.Docx.Tests.csproj", "{B828887E-CC91-41D2-AEE9-DB51A83AED24}"
EndProject
Project("{FAE04EC0-301F-11D3-BF4B-00C04F79EFBC}") = "RepoQL.Formats.Docx", "src\Formats\RepoQL.Formats.Docx\RepoQL.Formats.Docx.csproj", "{97DF6A92-90B2-4B70-BEAE-3F3E3BB29D2A}"
EndProject
Project("{FAE04EC0-301F-11D3-BF4B-00C04F79EFBC}") = "RepoQL.Formats.Pdf", "src\Formats\RepoQL.Formats.Pdf\RepoQL.Formats.Pdf.csproj", "{07644C62-1C8B-439B-97F7-AAC764EC6AA2}"
EndProject
Project("{FAE04EC0-301F-11D3-BF4B-00C04F79EFBC}") = "RepoQL.Formats.Pdf.Tests", "src\tests\RepoQL.Formats.Pdf.Tests\RepoQL.Formats.Pdf.Tests.csproj", "{F565DEA1-9D33-4951-973E-B3A173F9AA94}"
EndProject
Project("{FAE04EC0-301F-11D3-BF4B-00C04F79EFBC}") = "RepoQL.Formats.Ruby", "src\Formats\RepoQL.Formats.Ruby\RepoQL.Formats.Ruby.csproj", "{936F1CBC-1882-41BC-9492-2805AE706124}"
EndProject
Project("{FAE04EC0-301F-11D3-BF4B-00C04F79EFBC}") = "RepoQL.Formats.Ruby.Tests", "src\tests\RepoQL.Formats.Ruby.Tests\RepoQL.Formats.Ruby.Tests.csproj", "{DC69A4C0-9069-4DD5-AB04-B112DA9DE331}"
EndProject
Project("{FAE04EC0-301F-11D3-BF4B-00C04F79EFBC}") = "RepoQL.Commands", "src\RepoQL.Commands\RepoQL.Commands.csproj", "{0114EDB7-8F82-4FE8-B387-850E05AA8911}"
EndProject
Project("{FAE04EC0-301F-11D3-BF4B-00C04F79EFBC}") = "RepoQL.Formats.Json", "src\Formats\RepoQL.Formats.Json\RepoQL.Formats.Json.csproj", "{039AA6E9-8B4E-480B-9E36-B0AAC55C419D}"
EndProject
Project("{FAE04EC0-301F-11D3-BF4B-00C04F79EFBC}") = "RepoQL.Formats.Json.Tests", "src\Formats\RepoQL.Formats.Json.Tests\RepoQL.Formats.Json.Tests.csproj", "{8975B01E-0B62-4FCA-BE52-83D8582E2152}"
EndProject
Project("{2150E333-8FDC-42A3-9474-1A3956D46DE8}") = "tools", "tools", "{07C2787E-EAC7-C090-1BA3-A61EC2A24D84}"
EndProject
Project("{FAE04EC0-301F-11D3-BF4B-00C04F79EFBC}") = "RepoQL.SnapshotGenerator", "src\tools\RepoQL.SnapshotGenerator\RepoQL.SnapshotGenerator.csproj", "{EB809B06-9EFE-4AB3-846A-1E3EA2C625E8}"
EndProject
Project("{2150E333-8FDC-42A3-9474-1A3956D46DE8}") = "tests", "tests", "{0AB3BF05-4346-4AA6-1389-037BE0695223}"
EndProject
Project("{FAE04EC0-301F-11D3-BF4B-00C04F79EFBC}") = "RepoQL.SnapshotGenerator.Tests", "src\tests\RepoQL.SnapshotGenerator.Tests\RepoQL.SnapshotGenerator.Tests.csproj", "{B2F33E42-0F05-4AC9-9120-B8D258298DED}"
EndProject
Project("{FAE04EC0-301F-11D3-BF4B-00C04F79EFBC}") = "RepoQL.Analyzers", "src\RepoQL.Analyzers\RepoQL.Analyzers.csproj", "{1FA8DEAB-AE33-42DA-B420-37AE2FD57017}"
EndProject
Project("{FAE04EC0-301F-11D3-BF4B-00C04F79EFBC}") = "RepoQL.Formats.Go.Tests", "src\tests\RepoQL.Formats.Go.Tests\RepoQL.Formats.Go.Tests.csproj", "{6305251A-5B03-4384-B683-7AABCD6F374E}"
EndProject
Project("{FAE04EC0-301F-11D3-BF4B-00C04F79EFBC}") = "RepoQL.Formats.Go", "src\Formats\RepoQL.Formats.Go\RepoQL.Formats.Go.csproj", "{FDC03946-4CB9-498C-84BD-1AFB348A929A}"
EndProject
Project("{FAE04EC0-301F-11D3-BF4B-00C04F79EFBC}") = "RepoQL.Formats.Python.Tests", "src\tests\RepoQL.Formats.Python.Tests\RepoQL.Formats.Python.Tests.csproj", "{BE0F4B4F-58B8-4577-A791-0F4B3EE6A723}"
EndProject
Project("{FAE04EC0-301F-11D3-BF4B-00C04F79EFBC}") = "RepoQL.Formats.Python", "src\Formats\RepoQL.Formats.Python\RepoQL.Formats.Python.csproj", "{E3854E8B-A32E-4BB8-81F9-53B0648D47C6}"
EndProject
Project("{FAE04EC0-301F-11D3-BF4B-00C04F79EFBC}") = "RepoQL.Formats.Rust", "src\Formats\RepoQL.Formats.Rust\RepoQL.Formats.Rust.csproj", "{727A6E9B-4CAE-4858-85F8-EEE28616F544}"
EndProject
Project("{FAE04EC0-301F-11D3-BF4B-00C04F79EFBC}") = "RepoQL.Formats.Rust.Tests", "src\tests\RepoQL.Formats.Rust.Tests\RepoQL.Formats.Rust.Tests.csproj", "{1D063740-8639-4838-80F9-04955934E813}"
EndProject
Project("{FAE04EC0-301F-11D3-BF4B-00C04F79EFBC}") = "RepoQL.Formats.Cpp", "src\Formats\RepoQL.Formats.Cpp\RepoQL.Formats.Cpp.csproj", "{F343B068-20E8-4E28-ADB9-ECAB3A16656A}"
EndProject
Project("{FAE04EC0-301F-11D3-BF4B-00C04F79EFBC}") = "RepoQL.Formats.Cpp.Tests", "src\tests\RepoQL.Formats.Cpp.Tests\RepoQL.Formats.Cpp.Tests.csproj", "{BE0F75EA-FC0F-4BF4-9493-AD475F608A75}"
EndProject
Project("{FAE04EC0-301F-11D3-BF4B-00C04F79EFBC}") = "RepoQL.Sarif", "src\RepoQL.Sarif\RepoQL.Sarif.csproj", "{251D7CA4-36B0-400E-8135-DEE72C5E6194}"
EndProject
Project("{FAE04EC0-301F-11D3-BF4B-00C04F79EFBC}") = "RepoQL.Sarif.Tests", "src\tests\RepoQL.Sarif.Tests\RepoQL.Sarif.Tests.csproj", "{B68B7DA6-B717-471A-A8D3-97D1A2185CB2}"
EndProject
Project("{FAE04EC0-301F-11D3-BF4B-00C04F79EFBC}") = "RepoQL.Read", "src\RepoQL.Read\RepoQL.Read.csproj", "{9A12512E-0CB7-48FB-9ED9-68FFB3E071B5}"
EndProject
Project("{FAE04EC0-301F-11D3-BF4B-00C04F79EFBC}") = "RepoQL.Embedding.Proto", "src\RepoQL.Embedding.Proto\RepoQL.Embedding.Proto.csproj", "{78428199-52E5-440E-9AE9-46889F1B08EA}"
EndProject
Project("{FAE04EC0-301F-11D3-BF4B-00C04F79EFBC}") = "RepoQL.Embedding.Service", "src\RepoQL.Embedding.Service\RepoQL.Embedding.Service.csproj", "{AD126AAE-DCBD-409A-820A-AFC2BF6B97B4}"
EndProject
Project("{FAE04EC0-301F-11D3-BF4B-00C04F79EFBC}") = "RepoQL.Embedding.Client", "src\RepoQL.Embedding.Client\RepoQL.Embedding.Client.csproj", "{726A19C1-EA52-4473-BA7D-92BFF299D439}"
EndProject
Project("{FAE04EC0-301F-11D3-BF4B-00C04F79EFBC}") = "RepoQL.Embedding.Service.Tests", "src\RepoQL.Embedding.Service.Tests\RepoQL.Embedding.Service.Tests.csproj", "{1D3771AE-C890-497E-AA9B-0DAAE14D18AB}"
EndProject
Project("{FAE04EC0-301F-11D3-BF4B-00C04F79EFBC}") = "RepoQL.Embedding.Writer.Tests", "src\RepoQL.Embedding.Writer.Tests\RepoQL.Embedding.Writer.Tests.csproj", "{0B220682-F2E7-4D23-A1CA-A677E666FC54}"
EndProject
Project("{FAE04EC0-301F-11D3-BF4B-00C04F79EFBC}") = "RepoQL.Embedding.Writer", "src\RepoQL.Embedding.Writer\RepoQL.Embedding.Writer.csproj", "{E733049F-565B-4E54-93C0-7FB35409B11C}"
EndProject
Project("{FAE04EC0-301F-11D3-BF4B-00C04F79EFBC}") = "RepoQL.Embedding.Storage", "src\RepoQL.Embedding.Storage\RepoQL.Embedding.Storage.csproj", "{421EB6B0-E874-4C56-A023-5E16618AE2E4}"
EndProject
Global
	GlobalSection(SolutionConfigurationPlatforms) = preSolution
		Debug|Any CPU = Debug|Any CPU
		Debug|x64 = Debug|x64
		Debug|x86 = Debug|x86
		Release|Any CPU = Release|Any CPU
		Release|x64 = Release|x64
		Release|x86 = Release|x86
	EndGlobalSection
	GlobalSection(ProjectConfigurationPlatforms) = postSolution
		{09EB8B07-381F-4BC4-9161-2A542844FF74}.Debug|Any CPU.ActiveCfg = Debug|Any CPU
		{09EB8B07-381F-4BC4-9161-2A542844FF74}.Debug|Any CPU.Build.0 = Debug|Any CPU
		{09EB8B07-381F-4BC4-9161-2A542844FF74}.Debug|x64.ActiveCfg = Debug|Any CPU
		{09EB8B07-381F-4BC4-9161-2A542844FF74}.Debug|x64.Build.0 = Debug|Any CPU
		{09EB8B07-381F-4BC4-9161-2A542844FF74}.Debug|x86.ActiveCfg = Debug|Any CPU
		{09EB8B07-381F-4BC4-9161-2A542844FF74}.Debug|x86.Build.0 = Debug|Any CPU
		{09EB8B07-381F-4BC4-9161-2A542844FF74}.Release|Any CPU.ActiveCfg = Release|Any CPU
		{09EB8B07-381F-4BC4-9161-2A542844FF74}.Release|Any CPU.Build.0 = Release|Any CPU
		{09EB8B07-381F-4BC4-9161-2A542844FF74}.Release|x64.ActiveCfg = Release|Any CPU
		{09EB8B07-381F-4BC4-9161-2A542844FF74}.Release|x64.Build.0 = Release|Any CPU
		{09EB8B07-381F-4BC4-9161-2A542844FF74}.Release|x86.ActiveCfg = Release|Any CPU
		{09EB8B07-381F-4BC4-9161-2A542844FF74}.Release|x86.Build.0 = Release|Any CPU
		{44D4D51D-72A4-46C2-83A9-E6586050AEA3}.Debug|Any CPU.ActiveCfg = Debug|Any CPU
		{44D4D51D-72A4-46C2-83A9-E6586050AEA3}.Debug|Any CPU.Build.0 = Debug|Any CPU
		{44D4D51D-72A4-46C2-83A9-E6586050AEA3}.Debug|x64.ActiveCfg = Debug|Any CPU
		{44D4D51D-72A4-46C2-83A9-E6586050AEA3}.Debug|x64.Build.0 = Debug|Any CPU
		{44D4D51D-72A4-46C2-83A9-E6586050AEA3}.Debug|x86.ActiveCfg = Debug|Any CPU
		{44D4D51D-72A4-46C2-83A9-E6586050AEA3}.Debug|x86.Build.0 = Debug|Any CPU
		{44D4D51D-72A4-46C2-83A9-E6586050AEA3}.Release|Any CPU.ActiveCfg = Release|Any CPU
		{44D4D51D-72A4-46C2-83A9-E6586050AEA3}.Release|Any CPU.Build.0 = Release|Any CPU
		{44D4D51D-72A4-46C2-83A9-E6586050AEA3}.Release|x64.ActiveCfg = Release|Any CPU
		{44D4D51D-72A4-46C2-83A9-E6586050AEA3}.Release|x64.Build.0 = Release|Any CPU
		{44D4D51D-72A4-46C2-83A9-E6586050AEA3}.Release|x86.ActiveCfg = Release|Any CPU
		{44D4D51D-72A4-46C2-83A9-E6586050AEA3}.Release|x86.Build.0 = Release|Any CPU
		{B1121FF9-459C-46EA-BE60-74C4695C74AD}.Debug|Any CPU.ActiveCfg = Debug|Any CPU
		{B1121FF9-459C-46EA-BE60-74C4695C74AD}.Debug|Any CPU.Build.0 = Debug|Any CPU
		{B1121FF9-459C-46EA-BE60-74C4695C74AD}.Debug|x64.ActiveCfg = Debug|Any CPU
		{B1121FF9-459C-46EA-BE60-74C4695C74AD}.Debug|x64.Build.0 = Debug|Any CPU
		{B1121FF9-459C-46EA-BE60-74C4695C74AD}.Debug|x86.ActiveCfg = Debug|Any CPU
		{B1121FF9-459C-46EA-BE60-74C4695C74AD}.Debug|x86.Build.0 = Debug|Any CPU
		{B1121FF9-459C-46EA-BE60-74C4695C74AD}.Release|Any CPU.ActiveCfg = Release|Any CPU
		{B1121FF9-459C-46EA-BE60-74C4695C74AD}.Release|Any CPU.Build.0 = Release|Any CPU
		{B1121FF9-459C-46EA-BE60-74C4695C74AD}.Release|x64.ActiveCfg = Release|Any CPU
		{B1121FF9-459C-46EA-BE60-74C4695C74AD}.Release|x64.Build.0 = Release|Any CPU
		{B1121FF9-459C-46EA-BE60-74C4695C74AD}.Release|x86.ActiveCfg = Release|Any CPU
		{B1121FF9-459C-46EA-BE60-74C4695C74AD}.Release|x86.Build.0 = Release|Any CPU
		{02C819B7-7B10-45AA-B4B1-E9DFC4637F99}.Debug|Any CPU.ActiveCfg = Debug|Any CPU
		{02C819B7-7B10-45AA-B4B1-E9DFC4637F99}.Debug|Any CPU.Build.0 = Debug|Any CPU
		{02C819B7-7B10-45AA-B4B1-E9DFC4637F99}.Debug|x64.ActiveCfg = Debug|Any CPU
		{02C819B7-7B10-45AA-B4B1-E9DFC4637F99}.Debug|x64.Build.0 = Debug|Any CPU
		{02C819B7-7B10-45AA-B4B1-E9DFC4637F99}.Debug|x86.ActiveCfg = Debug|Any CPU
		{02C819B7-7B10-45AA-B4B1-E9DFC4637F99}.Debug|x86.Build.0 = Debug|Any CPU
		{02C819B7-7B10-45AA-B4B1-E9DFC4637F99}.Release|Any CPU.ActiveCfg = Release|Any CPU
		{02C819B7-7B10-45AA-B4B1-E9DFC4637F99}.Release|Any CPU.Build.0 = Release|Any CPU
		{02C819B7-7B10-45AA-B4B1-E9DFC4637F99}.Release|x64.ActiveCfg = Release|Any CPU
		{02C819B7-7B10-45AA-B4B1-E9DFC4637F99}.Release|x64.Build.0 = Release|Any CPU
		{02C819B7-7B10-45AA-B4B1-E9DFC4637F99}.Release|x86.ActiveCfg = Release|Any CPU
		{02C819B7-7B10-45AA-B4B1-E9DFC4637F99}.Release|x86.Build.0 = Release|Any CPU
		{D5441AB7-F852-421B-A715-FE0140C7B518}.Debug|Any CPU.ActiveCfg = Debug|Any CPU
		{D5441AB7-F852-421B-A715-FE0140C7B518}.Debug|Any CPU.Build.0 = Debug|Any CPU
		{D5441AB7-F852-421B-A715-FE0140C7B518}.Debug|x64.ActiveCfg = Debug|Any CPU
		{D5441AB7-F852-421B-A715-FE0140C7B518}.Debug|x64.Build.0 = Debug|Any CPU
		{D5441AB7-F852-421B-A715-FE0140C7B518}.Debug|x86.ActiveCfg = Debug|Any CPU
		{D5441AB7-F852-421B-A715-FE0140C7B518}.Debug|x86.Build.0 = Debug|Any CPU
		{D5441AB7-F852-421B-A715-FE0140C7B518}.Release|Any CPU.ActiveCfg = Release|Any CPU
		{D5441AB7-F852-421B-A715-FE0140C7B518}.Release|Any CPU.Build.0 = Release|Any CPU
		{D5441AB7-F852-421B-A715-FE0140C7B518}.Release|x64.ActiveCfg = Release|Any CPU
		{D5441AB7-F852-421B-A715-FE0140C7B518}.Release|x64.Build.0 = Release|Any CPU
		{D5441AB7-F852-421B-A715-FE0140C7B518}.Release|x86.ActiveCfg = Release|Any CPU
		{D5441AB7-F852-421B-A715-FE0140C7B518}.Release|x86.Build.0 = Release|Any CPU
		{FFE223E1-58ED-4BEF-A8BB-93D6DEB06208}.Debug|Any CPU.ActiveCfg = Debug|Any CPU
		{FFE223E1-58ED-4BEF-A8BB-93D6DEB06208}.Debug|Any CPU.Build.0 = Debug|Any CPU
		{FFE223E1-58ED-4BEF-A8BB-93D6DEB06208}.Debug|x64.ActiveCfg = Debug|Any CPU
		{FFE223E1-58ED-4BEF-A8BB-93D6DEB06208}.Debug|x64.Build.0 = Debug|Any CPU
		{FFE223E1-58ED-4BEF-A8BB-93D6DEB06208}.Debug|x86.ActiveCfg = Debug|Any CPU
		{FFE223E1-58ED-4BEF-A8BB-93D6DEB06208}.Debug|x86.Build.0 = Debug|Any CPU
		{FFE223E1-58ED-4BEF-A8BB-93D6DEB06208}.Release|Any CPU.ActiveCfg = Release|Any CPU
		{FFE223E1-58ED-4BEF-A8BB-93D6DEB06208}.Release|Any CPU.Build.0 = Release|Any CPU
		{FFE223E1-58ED-4BEF-A8BB-93D6DEB06208}.Release|x64.ActiveCfg = Release|Any CPU
		{FFE223E1-58ED-4BEF-A8BB-93D6DEB06208}.Release|x64.Build.0 = Release|Any CPU
		{FFE223E1-58ED-4BEF-A8BB-93D6DEB06208}.Release|x86.ActiveCfg = Release|Any CPU
		{FFE223E1-58ED-4BEF-A8BB-93D6DEB06208}.Release|x86.Build.0 = Release|Any CPU
		{1583C4E1-599B-4460-BC27-77B09A5A1D76}.Debug|Any CPU.ActiveCfg = Debug|Any CPU
		{1583C4E1-599B-4460-BC27-77B09A5A1D76}.Debug|Any CPU.Build.0 = Debug|Any CPU
		{1583C4E1-599B-4460-BC27-77B09A5A1D76}.Debug|x64.ActiveCfg = Debug|Any CPU
		{1583C4E1-599B-4460-BC27-77B09A5A1D76}.Debug|x64.Build.0 = Debug|Any CPU
		{1583C4E1-599B-4460-BC27-77B09A5A1D76}.Debug|x86.ActiveCfg = Debug|Any CPU
		{1583C4E1-599B-4460-BC27-77B09A5A1D76}.Debug|x86.Build.0 = Debug|Any CPU
		{1583C4E1-599B-4460-BC27-77B09A5A1D76}.Release|Any CPU.ActiveCfg = Release|Any CPU
		{1583C4E1-599B-4460-BC27-77B09A5A1D76}.Release|Any CPU.Build.0 = Release|Any CPU
		{1583C4E1-599B-4460-BC27-77B09A5A1D76}.Release|x64.ActiveCfg = Release|Any CPU
		{1583C4E1-599B-4460-BC27-77B09A5A1D76}.Release|x64.Build.0 = Release|Any CPU
		{1583C4E1-599B-4460-BC27-77B09A5A1D76}.Release|x86.ActiveCfg = Release|Any CPU
		{1583C4E1-599B-4460-BC27-77B09A5A1D76}.Release|x86.Build.0 = Release|Any CPU
		{EB7D442B-2B75-44CE-8425-F7264A397239}.Debug|Any CPU.ActiveCfg = Debug|Any CPU
		{EB7D442B-2B75-44CE-8425-F7264A397239}.Debug|Any CPU.Build.0 = Debug|Any CPU
		{EB7D442B-2B75-44CE-8425-F7264A397239}.Debug|x64.ActiveCfg = Debug|Any CPU
		{EB7D442B-2B75-44CE-8425-F7264A397239}.Debug|x64.Build.0 = Debug|Any CPU
		{EB7D442B-2B75-44CE-8425-F7264A397239}.Debug|x86.ActiveCfg = Debug|Any CPU
		{EB7D442B-2B75-44CE-8425-F7264A397239}.Debug|x86.Build.0 = Debug|Any CPU
		{EB7D442B-2B75-44CE-8425-F7264A397239}.Release|Any CPU.ActiveCfg = Release|Any CPU
		{EB7D442B-2B75-44CE-8425-F7264A397239}.Release|Any CPU.Build.0 = Release|Any CPU
		{EB7D442B-2B75-44CE-8425-F7264A397239}.Release|x64.ActiveCfg = Release|Any CPU
		{EB7D442B-2B75-44CE-8425-F7264A397239}.Release|x64.Build.0 = Release|Any CPU
		{EB7D442B-2B75-44CE-8425-F7264A397239}.Release|x86.ActiveCfg = Release|Any CPU
		{EB7D442B-2B75-44CE-8425-F7264A397239}.Release|x86.Build.0 = Release|Any CPU
		{254517F5-341E-4068-B733-44E9ED5415F1}.Debug|Any CPU.ActiveCfg = Debug|Any CPU
		{254517F5-341E-4068-B733-44E9ED5415F1}.Debug|Any CPU.Build.0 = Debug|Any CPU
		{254517F5-341E-4068-B733-44E9ED5415F1}.Debug|x64.ActiveCfg = Debug|Any CPU
		{254517F5-341E-4068-B733-44E9ED5415F1}.Debug|x64.Build.0 = Debug|Any CPU
		{254517F5-341E-4068-B733-44E9ED5415F1}.Debug|x86.ActiveCfg = Debug|Any CPU
		{254517F5-341E-4068-B733-44E9ED5415F1}.Debug|x86.Build.0 = Debug|Any CPU
		{254517F5-341E-4068-B733-44E9ED5415F1}.Release|Any CPU.ActiveCfg = Release|Any CPU
		{254517F5-341E-4068-B733-44E9ED5415F1}.Release|Any CPU.Build.0 = Release|Any CPU
		{254517F5-341E-4068-B733-44E9ED5415F1}.Release|x64.ActiveCfg = Release|Any CPU
		{254517F5-341E-4068-B733-44E9ED5415F1}.Release|x64.Build.0 = Release|Any CPU
		{254517F5-341E-4068-B733-44E9ED5415F1}.Release|x86.ActiveCfg = Release|Any CPU
		{254517F5-341E-4068-B733-44E9ED5415F1}.Release|x86.Build.0 = Release|Any CPU
		{E5036AA6-F429-4A76-95AD-18AE9290CD09}.Debug|Any CPU.ActiveCfg = Debug|Any CPU
		{E5036AA6-F429-4A76-95AD-18AE9290CD09}.Debug|Any CPU.Build.0 = Debug|Any CPU
		{E5036AA6-F429-4A76-95AD-18AE9290CD09}.Debug|x64.ActiveCfg = Debug|Any CPU
		{E5036AA6-F429-4A76-95AD-18AE9290CD09}.Debug|x64.Build.0 = Debug|Any CPU
		{E5036AA6-F429-4A76-95AD-18AE9290CD09}.Debug|x86.ActiveCfg = Debug|Any CPU
		{E5036AA6-F429-4A76-95AD-18AE9290CD09}.Debug|x86.Build.0 = Debug|Any CPU
		{E5036AA6-F429-4A76-95AD-18AE9290CD09}.Release|Any CPU.ActiveCfg = Release|Any CPU
		{E5036AA6-F429-4A76-95AD-18AE9290CD09}.Release|Any CPU.Build.0 = Release|Any CPU
		{E5036AA6-F429-4A76-95AD-18AE9290CD09}.Release|x64.ActiveCfg = Release|Any CPU
		{E5036AA6-F429-4A76-95AD-18AE9290CD09}.Release|x64.Build.0 = Release|Any CPU
		{E5036AA6-F429-4A76-95AD-18AE9290CD09}.Release|x86.ActiveCfg = Release|Any CPU
		{E5036AA6-F429-4A76-95AD-18AE9290CD09}.Release|x86.Build.0 = Release|Any CPU
		{D266DE8A-7C7D-4F7D-B65A-0B934D0AC07F}.Debug|Any CPU.ActiveCfg = Debug|Any CPU
		{D266DE8A-7C7D-4F7D-B65A-0B934D0AC07F}.Debug|Any CPU.Build.0 = Debug|Any CPU
		{D266DE8A-7C7D-4F7D-B65A-0B934D0AC07F}.Debug|x64.ActiveCfg = Debug|Any CPU
		{D266DE8A-7C7D-4F7D-B65A-0B934D0AC07F}.Debug|x64.Build.0 = Debug|Any CPU
		{D266DE8A-7C7D-4F7D-B65A-0B934D0AC07F}.Debug|x86.ActiveCfg = Debug|Any CPU
		{D266DE8A-7C7D-4F7D-B65A-0B934D0AC07F}.Debug|x86.Build.0 = Debug|Any CPU
		{D266DE8A-7C7D-4F7D-B65A-0B934D0AC07F}.Release|Any CPU.ActiveCfg = Release|Any CPU
		{D266DE8A-7C7D-4F7D-B65A-0B934D0AC07F}.Release|Any CPU.Build.0 = Release|Any CPU
		{D266DE8A-7C7D-4F7D-B65A-0B934D0AC07F}.Release|x64.ActiveCfg = Release|Any CPU
		{D266DE8A-7C7D-4F7D-B65A-0B934D0AC07F}.Release|x64.Build.0 = Release|Any CPU
		{D266DE8A-7C7D-4F7D-B65A-0B934D0AC07F}.Release|x86.ActiveCfg = Release|Any CPU
		{D266DE8A-7C7D-4F7D-B65A-0B934D0AC07F}.Release|x86.Build.0 = Release|Any CPU
		{14492B0B-C3A1-4202-8D43-3460FB96122C}.Debug|Any CPU.ActiveCfg = Debug|Any CPU
		{14492B0B-C3A1-4202-8D43-3460FB96122C}.Debug|Any CPU.Build.0 = Debug|Any CPU
		{14492B0B-C3A1-4202-8D43-3460FB96122C}.Debug|x64.ActiveCfg = Debug|Any CPU
		{14492B0B-C3A1-4202-8D43-3460FB96122C}.Debug|x64.Build.0 = Debug|Any CPU
		{14492B0B-C3A1-4202-8D43-3460FB96122C}.Debug|x86.ActiveCfg = Debug|Any CPU
		{14492B0B-C3A1-4202-8D43-3460FB96122C}.Debug|x86.Build.0 = Debug|Any CPU
		{14492B0B-C3A1-4202-8D43-3460FB96122C}.Release|Any CPU.ActiveCfg = Release|Any CPU
		{14492B0B-C3A1-4202-8D43-3460FB96122C}.Release|Any CPU.Build.0 = Release|Any CPU
		{14492B0B-C3A1-4202-8D43-3460FB96122C}.Release|x64.ActiveCfg = Release|Any CPU
		{14492B0B-C3A1-4202-8D43-3460FB96122C}.Release|x64.Build.0 = Release|Any CPU
		{14492B0B-C3A1-4202-8D43-3460FB96122C}.Release|x86.ActiveCfg = Release|Any CPU
		{14492B0B-C3A1-4202-8D43-3460FB96122C}.Release|x86.Build.0 = Release|Any CPU
		{C336362B-E7E4-4134-832D-F67DE956B147}.Debug|Any CPU.ActiveCfg = Debug|Any CPU
		{C336362B-E7E4-4134-832D-F67DE956B147}.Debug|Any CPU.Build.0 = Debug|Any CPU
		{C336362B-E7E4-4134-832D-F67DE956B147}.Debug|x64.ActiveCfg = Debug|Any CPU
		{C336362B-E7E4-4134-832D-F67DE956B147}.Debug|x64.Build.0 = Debug|Any CPU
		{C336362B-E7E4-4134-832D-F67DE956B147}.Debug|x86.ActiveCfg = Debug|Any CPU
		{C336362B-E7E4-4134-832D-F67DE956B147}.Debug|x86.Build.0 = Debug|Any CPU
		{C336362B-E7E4-4134-832D-F67DE956B147}.Release|Any CPU.ActiveCfg = Release|Any CPU
		{C336362B-E7E4-4134-832D-F67DE956B147}.Release|Any CPU.Build.0 = Release|Any CPU
		{C336362B-E7E4-4134-832D-F67DE956B147}.Release|x64.ActiveCfg = Release|Any CPU
		{C336362B-E7E4-4134-832D-F67DE956B147}.Release|x64.Build.0 = Release|Any CPU
		{C336362B-E7E4-4134-832D-F67DE956B147}.Release|x86.ActiveCfg = Release|Any CPU
		{C336362B-E7E4-4134-832D-F67DE956B147}.Release|x86.Build.0 = Release|Any CPU
		{9D670AD0-118F-4FDE-B4BA-15FB8D501B01}.Debug|Any CPU.ActiveCfg = Debug|Any CPU
		{9D670AD0-118F-4FDE-B4BA-15FB8D501B01}.Debug|Any CPU.Build.0 = Debug|Any CPU
		{9D670AD0-118F-4FDE-B4BA-15FB8D501B01}.Debug|x64.ActiveCfg = Debug|Any CPU
		{9D670AD0-118F-4FDE-B4BA-15FB8D501B01}.Debug|x64.Build.0 = Debug|Any CPU
		{9D670AD0-118F-4FDE-B4BA-15FB8D501B01}.Debug|x86.ActiveCfg = Debug|Any CPU
		{9D670AD0-118F-4FDE-B4BA-15FB8D501B01}.Debug|x86.Build.0 = Debug|Any CPU
		{9D670AD0-118F-4FDE-B4BA-15FB8D501B01}.Release|Any CPU.ActiveCfg = Release|Any CPU
		{9D670AD0-118F-4FDE-B4BA-15FB8D501B01}.Release|Any CPU.Build.0 = Release|Any CPU
		{9D670AD0-118F-4FDE-B4BA-15FB8D501B01}.Release|x64.ActiveCfg = Release|Any CPU
		{9D670AD0-118F-4FDE-B4BA-15FB8D501B01}.Release|x64.Build.0 = Release|Any CPU
		{9D670AD0-118F-4FDE-B4BA-15FB8D501B01}.Release|x86.ActiveCfg = Release|Any CPU
		{9D670AD0-118F-4FDE-B4BA-15FB8D501B01}.Release|x86.Build.0 = Release|Any CPU
		{7567B68B-F399-400C-895A-F755DADBA9D0}.Debug|Any CPU.ActiveCfg = Debug|Any CPU
		{7567B68B-F399-400C-895A-F755DADBA9D0}.Debug|Any CPU.Build.0 = Debug|Any CPU
		{7567B68B-F399-400C-895A-F755DADBA9D0}.Debug|x64.ActiveCfg = Debug|Any CPU
		{7567B68B-F399-400C-895A-F755DADBA9D0}.Debug|x64.Build.0 = Debug|Any CPU
		{7567B68B-F399-400C-895A-F755DADBA9D0}.Debug|x86.ActiveCfg = Debug|Any CPU
		{7567B68B-F399-400C-895A-F755DADBA9D0}.Debug|x86.Build.0 = Debug|Any CPU
		{7567B68B-F399-400C-895A-F755DADBA9D0}.Release|Any CPU.ActiveCfg = Release|Any CPU
		{7567B68B-F399-400C-895A-F755DADBA9D0}.Release|Any CPU.Build.0 = Release|Any CPU
		{7567B68B-F399-400C-895A-F755DADBA9D0}.Release|x64.ActiveCfg = Release|Any CPU
		{7567B68B-F399-400C-895A-F755DADBA9D0}.Release|x64.Build.0 = Release|Any CPU
		{7567B68B-F399-400C-895A-F755DADBA9D0}.Release|x86.ActiveCfg = Release|Any CPU
		{7567B68B-F399-400C-895A-F755DADBA9D0}.Release|x86.Build.0 = Release|Any CPU
		{6E211884-DA51-47F1-8236-D36F757001A7}.Debug|Any CPU.ActiveCfg = Debug|Any CPU
		{6E211884-DA51-47F1-8236-D36F757001A7}.Debug|Any CPU.Build.0 = Debug|Any CPU
		{6E211884-DA51-47F1-8236-D36F757001A7}.Debug|x64.ActiveCfg = Debug|Any CPU
		{6E211884-DA51-47F1-8236-D36F757001A7}.Debug|x64.Build.0 = Debug|Any CPU
		{6E211884-DA51-47F1-8236-D36F757001A7}.Debug|x86.ActiveCfg = Debug|Any CPU
		{6E211884-DA51-47F1-8236-D36F757001A7}.Debug|x86.Build.0 = Debug|Any CPU
		{6E211884-DA51-47F1-8236-D36F757001A7}.Release|Any CPU.ActiveCfg = Release|Any CPU
		{6E211884-DA51-47F1-8236-D36F757001A7}.Release|Any CPU.Build.0 = Release|Any CPU
		{6E211884-DA51-47F1-8236-D36F757001A7}.Release|x64.ActiveCfg = Release|Any CPU
		{6E211884-DA51-47F1-8236-D36F757001A7}.Release|x64.Build.0 = Release|Any CPU
		{6E211884-DA51-47F1-8236-D36F757001A7}.Release|x86.ActiveCfg = Release|Any CPU
		{6E211884-DA51-47F1-8236-D36F757001A7}.Release|x86.Build.0 = Release|Any CPU
		{C02BFD70-B3AB-4868-9360-66AB5B83FF31}.Debug|Any CPU.ActiveCfg = Debug|Any CPU
		{C02BFD70-B3AB-4868-9360-66AB5B83FF31}.Debug|Any CPU.Build.0 = Debug|Any CPU
		{C02BFD70-B3AB-4868-9360-66AB5B83FF31}.Debug|x64.ActiveCfg = Debug|Any CPU
		{C02BFD70-B3AB-4868-9360-66AB5B83FF31}.Debug|x64.Build.0 = Debug|Any CPU
		{C02BFD70-B3AB-4868-9360-66AB5B83FF31}.Debug|x86.ActiveCfg = Debug|Any CPU
		{C02BFD70-B3AB-4868-9360-66AB5B83FF31}.Debug|x86.Build.0 = Debug|Any CPU
		{C02BFD70-B3AB-4868-9360-66AB5B83FF31}.Release|Any CPU.ActiveCfg = Release|Any CPU
		{C02BFD70-B3AB-4868-9360-66AB5B83FF31}.Release|Any CPU.Build.0 = Release|Any CPU
		{C02BFD70-B3AB-4868-9360-66AB5B83FF31}.Release|x64.ActiveCfg = Release|Any CPU
		{C02BFD70-B3AB-4868-9360-66AB5B83FF31}.Release|x64.Build.0 = Release|Any CPU
		{C02BFD70-B3AB-4868-9360-66AB5B83FF31}.Release|x86.ActiveCfg = Release|Any CPU
		{C02BFD70-B3AB-4868-9360-66AB5B83FF31}.Release|x86.Build.0 = Release|Any CPU
		{F4E7CB79-7DA4-45A3-ABAE-D0B13FC52831}.Debug|Any CPU.ActiveCfg = Debug|Any CPU
		{F4E7CB79-7DA4-45A3-ABAE-D0B13FC52831}.Debug|Any CPU.Build.0 = Debug|Any CPU
		{F4E7CB79-7DA4-45A3-ABAE-D0B13FC52831}.Debug|x64.ActiveCfg = Debug|Any CPU
		{F4E7CB79-7DA4-45A3-ABAE-D0B13FC52831}.Debug|x64.Build.0 = Debug|Any CPU
		{F4E7CB79-7DA4-45A3-ABAE-D0B13FC52831}.Debug|x86.ActiveCfg = Debug|Any CPU
		{F4E7CB79-7DA4-45A3-ABAE-D0B13FC52831}.Debug|x86.Build.0 = Debug|Any CPU
		{F4E7CB79-7DA4-45A3-ABAE-D0B13FC52831}.Release|Any CPU.ActiveCfg = Release|Any CPU
		{F4E7CB79-7DA4-45A3-ABAE-D0B13FC52831}.Release|Any CPU.Build.0 = Release|Any CPU
		{F4E7CB79-7DA4-45A3-ABAE-D0B13FC52831}.Release|x64.ActiveCfg = Release|Any CPU
		{F4E7CB79-7DA4-45A3-ABAE-D0B13FC52831}.Release|x64.Build.0 = Release|Any CPU
		{F4E7CB79-7DA4-45A3-ABAE-D0B13FC52831}.Release|x86.ActiveCfg = Release|Any CPU
		{F4E7CB79-7DA4-45A3-ABAE-D0B13FC52831}.Release|x86.Build.0 = Release|Any CPU
		{E217C5FA-84FF-42A2-BAB6-D2226BA61D49}.Debug|Any CPU.ActiveCfg = Debug|Any CPU
		{E217C5FA-84FF-42A2-BAB6-D2226BA61D49}.Debug|Any CPU.Build.0 = Debug|Any CPU
		{E217C5FA-84FF-42A2-BAB6-D2226BA61D49}.Debug|x64.ActiveCfg = Debug|Any CPU
		{E217C5FA-84FF-42A2-BAB6-D2226BA61D49}.Debug|x64.Build.0 = Debug|Any CPU
		{E217C5FA-84FF-42A2-BAB6-D2226BA61D49}.Debug|x86.ActiveCfg = Debug|Any CPU
		{E217C5FA-84FF-42A2-BAB6-D2226BA61D49}.Debug|x86.Build.0 = Debug|Any CPU
		{E217C5FA-84FF-42A2-BAB6-D2226BA61D49}.Release|Any CPU.ActiveCfg = Release|Any CPU
		{E217C5FA-84FF-42A2-BAB6-D2226BA61D49}.Release|Any CPU.Build.0 = Release|Any CPU
		{E217C5FA-84FF-42A2-BAB6-D2226BA61D49}.Release|x64.ActiveCfg = Release|Any CPU
		{E217C5FA-84FF-42A2-BAB6-D2226BA61D49}.Release|x64.Build.0 = Release|Any CPU
		{E217C5FA-84FF-42A2-BAB6-D2226BA61D49}.Release|x86.ActiveCfg = Release|Any CPU
		{E217C5FA-84FF-42A2-BAB6-D2226BA61D49}.Release|x86.Build.0 = Release|Any CPU
		{98EFC461-2C3E-4D84-9CE7-1912CB429147}.Debug|Any CPU.ActiveCfg = Debug|Any CPU
		{98EFC461-2C3E-4D84-9CE7-1912CB429147}.Debug|Any CPU.Build.0 = Debug|Any CPU
		{98EFC461-2C3E-4D84-9CE7-1912CB429147}.Debug|x64.ActiveCfg = Debug|Any CPU
		{98EFC461-2C3E-4D84-9CE7-1912CB429147}.Debug|x64.Build.0 = Debug|Any CPU
		{98EFC461-2C3E-4D84-9CE7-1912CB429147}.Debug|x86.ActiveCfg = Debug|Any CPU
		{98EFC461-2C3E-4D84-9CE7-1912CB429147}.Debug|x86.Build.0 = Debug|Any CPU
		{98EFC461-2C3E-4D84-9CE7-1912CB429147}.Release|Any CPU.ActiveCfg = Release|Any CPU
		{98EFC461-2C3E-4D84-9CE7-1912CB429147}.Release|Any CPU.Build.0 = Release|Any CPU
		{98EFC461-2C3E-4D84-9CE7-1912CB429147}.Release|x64.ActiveCfg = Release|Any CPU
		{98EFC461-2C3E-4D84-9CE7-1912CB429147}.Release|x64.Build.0 = Release|Any CPU
		{98EFC461-2C3E-4D84-9CE7-1912CB429147}.Release|x86.ActiveCfg = Release|Any CPU
		{98EFC461-2C3E-4D84-9CE7-1912CB429147}.Release|x86.Build.0 = Release|Any CPU
		{6E2FC063-83BF-48B5-9E75-25396B7E31F7}.Debug|Any CPU.ActiveCfg = Debug|Any CPU
		{6E2FC063-83BF-48B5-9E75-25396B7E31F7}.Debug|Any CPU.Build.0 = Debug|Any CPU
		{6E2FC063-83BF-48B5-9E75-25396B7E31F7}.Debug|x64.ActiveCfg = Debug|Any CPU
		{6E2FC063-83BF-48B5-9E75-25396B7E31F7}.Debug|x64.Build.0 = Debug|Any CPU
		{6E2FC063-83BF-48B5-9E75-25396B7E31F7}.Debug|x86.ActiveCfg = Debug|Any CPU
		{6E2FC063-83BF-48B5-9E75-25396B7E31F7}.Debug|x86.Build.0 = Debug|Any CPU
		{6E2FC063-83BF-48B5-9E75-25396B7E31F7}.Release|Any CPU.ActiveCfg = Release|Any CPU
		{6E2FC063-83BF-48B5-9E75-25396B7E31F7}.Release|Any CPU.Build.0 = Release|Any CPU
		{6E2FC063-83BF-48B5-9E75-25396B7E31F7}.Release|x64.ActiveCfg = Release|Any CPU
		{6E2FC063-83BF-48B5-9E75-25396B7E31F7}.Release|x64.Build.0 = Release|Any CPU
		{6E2FC063-83BF-48B5-9E75-25396B7E31F7}.Release|x86.ActiveCfg = Release|Any CPU
		{6E2FC063-83BF-48B5-9E75-25396B7E31F7}.Release|x86.Build.0 = Release|Any CPU
		{32630BD1-DC67-403D-AE30-6280EF27D9FC}.Debug|Any CPU.ActiveCfg = Debug|Any CPU
		{32630BD1-DC67-403D-AE30-6280EF27D9FC}.Debug|Any CPU.Build.0 = Debug|Any CPU
		{32630BD1-DC67-403D-AE30-6280EF27D9FC}.Debug|x64.ActiveCfg = Debug|Any CPU
		{32630BD1-DC67-403D-AE30-6280EF27D9FC}.Debug|x64.Build.0 = Debug|Any CPU
		{32630BD1-DC67-403D-AE30-6280EF27D9FC}.Debug|x86.ActiveCfg = Debug|Any CPU
		{32630BD1-DC67-403D-AE30-6280EF27D9FC}.Debug|x86.Build.0 = Debug|Any CPU
		{32630BD1-DC67-403D-AE30-6280EF27D9FC}.Release|Any CPU.ActiveCfg = Release|Any CPU
		{32630BD1-DC67-403D-AE30-6280EF27D9FC}.Release|Any CPU.Build.0 = Release|Any CPU
		{32630BD1-DC67-403D-AE30-6280EF27D9FC}.Release|x64.ActiveCfg = Release|Any CPU
		{32630BD1-DC67-403D-AE30-6280EF27D9FC}.Release|x64.Build.0 = Release|Any CPU
		{32630BD1-DC67-403D-AE30-6280EF27D9FC}.Release|x86.ActiveCfg = Release|Any CPU
		{32630BD1-DC67-403D-AE30-6280EF27D9FC}.Release|x86.Build.0 = Release|Any CPU
		{82F789A8-143C-4254-AA74-9AA82D7CF226}.Debug|Any CPU.ActiveCfg = Debug|Any CPU
		{82F789A8-143C-4254-AA74-9AA82D7CF226}.Debug|Any CPU.Build.0 = Debug|Any CPU
		{82F789A8-143C-4254-AA74-9AA82D7CF226}.Debug|x64.ActiveCfg = Debug|Any CPU
		{82F789A8-143C-4254-AA74-9AA82D7CF226}.Debug|x64.Build.0 = Debug|Any CPU
		{82F789A8-143C-4254-AA74-9AA82D7CF226}.Debug|x86.ActiveCfg = Debug|Any CPU
		{82F789A8-143C-4254-AA74-9AA82D7CF226}.Debug|x86.Build.0 = Debug|Any CPU
		{82F789A8-143C-4254-AA74-9AA82D7CF226}.Release|Any CPU.ActiveCfg = Release|Any CPU
		{82F789A8-143C-4254-AA74-9AA82D7CF226}.Release|Any CPU.Build.0 = Release|Any CPU
		{82F789A8-143C-4254-AA74-9AA82D7CF226}.Release|x64.ActiveCfg = Release|Any CPU
		{82F789A8-143C-4254-AA74-9AA82D7CF226}.Release|x64.Build.0 = Release|Any CPU
		{82F789A8-143C-4254-AA74-9AA82D7CF226}.Release|x86.ActiveCfg = Release|Any CPU
		{82F789A8-143C-4254-AA74-9AA82D7CF226}.Release|x86.Build.0 = Release|Any CPU
		{28DD473A-7AFC-4361-AA92-2314B0AC4B4E}.Debug|Any CPU.ActiveCfg = Debug|Any CPU
		{28DD473A-7AFC-4361-AA92-2314B0AC4B4E}.Debug|Any CPU.Build.0 = Debug|Any CPU
		{28DD473A-7AFC-4361-AA92-2314B0AC4B4E}.Debug|x64.ActiveCfg = Debug|Any CPU
		{28DD473A-7AFC-4361-AA92-2314B0AC4B4E}.Debug|x64.Build.0 = Debug|Any CPU
		{28DD473A-7AFC-4361-AA92-2314B0AC4B4E}.Debug|x86.ActiveCfg = Debug|Any CPU
		{28DD473A-7AFC-4361-AA92-2314B0AC4B4E}.Debug|x86.Build.0 = Debug|Any CPU
		{28DD473A-7AFC-4361-AA92-2314B0AC4B4E}.Release|Any CPU.ActiveCfg = Release|Any CPU
		{28DD473A-7AFC-4361-AA92-2314B0AC4B4E}.Release|Any CPU.Build.0 = Release|Any CPU
		{28DD473A-7AFC-4361-AA92-2314B0AC4B4E}.Release|x64.ActiveCfg = Release|Any CPU
		{28DD473A-7AFC-4361-AA92-2314B0AC4B4E}.Release|x64.Build.0 = Release|Any CPU
		{28DD473A-7AFC-4361-AA92-2314B0AC4B4E}.Release|x86.ActiveCfg = Release|Any CPU
		{28DD473A-7AFC-4361-AA92-2314B0AC4B4E}.Release|x86.Build.0 = Release|Any CPU
		{3FEC1660-C58B-465D-9282-15B1B4B9EEAB}.Debug|Any CPU.ActiveCfg = Debug|Any CPU
		{3FEC1660-C58B-465D-9282-15B1B4B9EEAB}.Debug|Any CPU.Build.0 = Debug|Any CPU
		{3FEC1660-C58B-465D-9282-15B1B4B9EEAB}.Debug|x64.ActiveCfg = Debug|Any CPU
		{3FEC1660-C58B-465D-9282-15B1B4B9EEAB}.Debug|x64.Build.0 = Debug|Any CPU
		{3FEC1660-C58B-465D-9282-15B1B4B9EEAB}.Debug|x86.ActiveCfg = Debug|Any CPU
		{3FEC1660-C58B-465D-9282-15B1B4B9EEAB}.Debug|x86.Build.0 = Debug|Any CPU
		{3FEC1660-C58B-465D-9282-15B1B4B9EEAB}.Release|Any CPU.ActiveCfg = Release|Any CPU
		{3FEC1660-C58B-465D-9282-15B1B4B9EEAB}.Release|Any CPU.Build.0 = Release|Any CPU
		{3FEC1660-C58B-465D-9282-15B1B4B9EEAB}.Release|x64.ActiveCfg = Release|Any CPU
		{3FEC1660-C58B-465D-9282-15B1B4B9EEAB}.Release|x64.Build.0 = Release|Any CPU
		{3FEC1660-C58B-465D-9282-15B1B4B9EEAB}.Release|x86.ActiveCfg = Release|Any CPU
		{3FEC1660-C58B-465D-9282-15B1B4B9EEAB}.Release|x86.Build.0 = Release|Any CPU
		{60792A48-AF8B-4E87-A67B-3D84CDB42986}.Debug|Any CPU.ActiveCfg = Debug|Any CPU
		{60792A48-AF8B-4E87-A67B-3D84CDB42986}.Debug|Any CPU.Build.0 = Debug|Any CPU
		{60792A48-AF8B-4E87-A67B-3D84CDB42986}.Debug|x64.ActiveCfg = Debug|Any CPU
		{60792A48-AF8B-4E87-A67B-3D84CDB42986}.Debug|x64.Build.0 = Debug|Any CPU
		{60792A48-AF8B-4E87-A67B-3D84CDB42986}.Debug|x86.ActiveCfg = Debug|Any CPU
		{60792A48-AF8B-4E87-A67B-3D84CDB42986}.Debug|x86.Build.0 = Debug|Any CPU
		{60792A48-AF8B-4E87-A67B-3D84CDB42986}.Release|Any CPU.ActiveCfg = Release|Any CPU
		{60792A48-AF8B-4E87-A67B-3D84CDB42986}.Release|Any CPU.Build.0 = Release|Any CPU
		{60792A48-AF8B-4E87-A67B-3D84CDB42986}.Release|x64.ActiveCfg = Release|Any CPU
		{60792A48-AF8B-4E87-A67B-3D84CDB42986}.Release|x64.Build.0 = Release|Any CPU
		{60792A48-AF8B-4E87-A67B-3D84CDB42986}.Release|x86.ActiveCfg = Release|Any CPU
		{60792A48-AF8B-4E87-A67B-3D84CDB42986}.Release|x86.Build.0 = Release|Any CPU
		{B4B13076-B40A-4734-85A9-5ADDEB823100}.Debug|Any CPU.ActiveCfg = Debug|Any CPU
		{B4B13076-B40A-4734-85A9-5ADDEB823100}.Debug|Any CPU.Build.0 = Debug|Any CPU
		{B4B13076-B40A-4734-85A9-5ADDEB823100}.Debug|x64.ActiveCfg = Debug|Any CPU
		{B4B13076-B40A-4734-85A9-5ADDEB823100}.Debug|x64.Build.0 = Debug|Any CPU
		{B4B13076-B40A-4734-85A9-5ADDEB823100}.Debug|x86.ActiveCfg = Debug|Any CPU
		{B4B13076-B40A-4734-85A9-5ADDEB823100}.Debug|x86.Build.0 = Debug|Any CPU
		{B4B13076-B40A-4734-85A9-5ADDEB823100}.Release|Any CPU.ActiveCfg = Release|Any CPU
		{B4B13076-B40A-4734-85A9-5ADDEB823100}.Release|Any CPU.Build.0 = Release|Any CPU
		{B4B13076-B40A-4734-85A9-5ADDEB823100}.Release|x64.ActiveCfg = Release|Any CPU
		{B4B13076-B40A-4734-85A9-5ADDEB823100}.Release|x64.Build.0 = Release|Any CPU
		{B4B13076-B40A-4734-85A9-5ADDEB823100}.Release|x86.ActiveCfg = Release|Any CPU
		{B4B13076-B40A-4734-85A9-5ADDEB823100}.Release|x86.Build.0 = Release|Any CPU
		{4ADAEF9B-3992-41E3-9011-2C5A6521169E}.Debug|Any CPU.ActiveCfg = Debug|Any CPU
		{4ADAEF9B-3992-41E3-9011-2C5A6521169E}.Debug|Any CPU.Build.0 = Debug|Any CPU
		{4ADAEF9B-3992-41E3-9011-2C5A6521169E}.Debug|x64.ActiveCfg = Debug|Any CPU
		{4ADAEF9B-3992-41E3-9011-2C5A6521169E}.Debug|x64.Build.0 = Debug|Any CPU
		{4ADAEF9B-3992-41E3-9011-2C5A6521169E}.Debug|x86.ActiveCfg = Debug|Any CPU
		{4ADAEF9B-3992-41E3-9011-2C5A6521169E}.Debug|x86.Build.0 = Debug|Any CPU
		{4ADAEF9B-3992-41E3-9011-2C5A6521169E}.Release|Any CPU.ActiveCfg = Release|Any CPU
		{4ADAEF9B-3992-41E3-9011-2C5A6521169E}.Release|Any CPU.Build.0 = Release|Any CPU
		{4ADAEF9B-3992-41E3-9011-2C5A6521169E}.Release|x64.ActiveCfg = Release|Any CPU
		{4ADAEF9B-3992-41E3-9011-2C5A6521169E}.Release|x64.Build.0 = Release|Any CPU
		{4ADAEF9B-3992-41E3-9011-2C5A6521169E}.Release|x86.ActiveCfg = Release|Any CPU
		{4ADAEF9B-3992-41E3-9011-2C5A6521169E}.Release|x86.Build.0 = Release|Any CPU
		{33E9831D-CE3B-4CA9-A404-32B1A12B6AE3}.Debug|Any CPU.ActiveCfg = Debug|Any CPU
		{33E9831D-CE3B-4CA9-A404-32B1A12B6AE3}.Debug|Any CPU.Build.0 = Debug|Any CPU
		{33E9831D-CE3B-4CA9-A404-32B1A12B6AE3}.Debug|x64.ActiveCfg = Debug|Any CPU
		{33E9831D-CE3B-4CA9-A404-32B1A12B6AE3}.Debug|x64.Build.0 = Debug|Any CPU
		{33E9831D-CE3B-4CA9-A404-32B1A12B6AE3}.Debug|x86.ActiveCfg = Debug|Any CPU
		{33E9831D-CE3B-4CA9-A404-32B1A12B6AE3}.Debug|x86.Build.0 = Debug|Any CPU
		{33E9831D-CE3B-4CA9-A404-32B1A12B6AE3}.Release|Any CPU.ActiveCfg = Release|Any CPU
		{33E9831D-CE3B-4CA9-A404-32B1A12B6AE3}.Release|Any CPU.Build.0 = Release|Any CPU
		{33E9831D-CE3B-4CA9-A404-32B1A12B6AE3}.Release|x64.ActiveCfg = Release|Any CPU
		{33E9831D-CE3B-4CA9-A404-32B1A12B6AE3}.Release|x64.Build.0 = Release|Any CPU
		{33E9831D-CE3B-4CA9-A404-32B1A12B6AE3}.Release|x86.ActiveCfg = Release|Any CPU
		{33E9831D-CE3B-4CA9-A404-32B1A12B6AE3}.Release|x86.Build.0 = Release|Any CPU
		{7CAA8024-41F9-4588-8C96-9FA44B3E16B9}.Debug|Any CPU.ActiveCfg = Debug|Any CPU
		{7CAA8024-41F9-4588-8C96-9FA44B3E16B9}.Debug|Any CPU.Build.0 = Debug|Any CPU
		{7CAA8024-41F9-4588-8C96-9FA44B3E16B9}.Debug|x64.ActiveCfg = Debug|Any CPU
		{7CAA8024-41F9-4588-8C96-9FA44B3E16B9}.Debug|x64.Build.0 = Debug|Any CPU
		{7CAA8024-41F9-4588-8C96-9FA44B3E16B9}.Debug|x86.ActiveCfg = Debug|Any CPU
		{7CAA8024-41F9-4588-8C96-9FA44B3E16B9}.Debug|x86.Build.0 = Debug|Any CPU
		{7CAA8024-41F9-4588-8C96-9FA44B3E16B9}.Release|Any CPU.ActiveCfg = Release|Any CPU
		{7CAA8024-41F9-4588-8C96-9FA44B3E16B9}.Release|Any CPU.Build.0 = Release|Any CPU
		{7CAA8024-41F9-4588-8C96-9FA44B3E16B9}.Release|x64.ActiveCfg = Release|Any CPU
		{7CAA8024-41F9-4588-8C96-9FA44B3E16B9}.Release|x64.Build.0 = Release|Any CPU
		{7CAA8024-41F9-4588-8C96-9FA44B3E16B9}.Release|x86.ActiveCfg = Release|Any CPU
		{7CAA8024-41F9-4588-8C96-9FA44B3E16B9}.Release|x86.Build.0 = Release|Any CPU
		{5D36F096-C1F2-4DE1-BBEA-A69F9258F638}.Debug|Any CPU.ActiveCfg = Debug|Any CPU
		{5D36F096-C1F2-4DE1-BBEA-A69F9258F638}.Debug|Any CPU.Build.0 = Debug|Any CPU
		{5D36F096-C1F2-4DE1-BBEA-A69F9258F638}.Debug|x64.ActiveCfg = Debug|Any CPU
		{5D36F096-C1F2-4DE1-BBEA-A69F9258F638}.Debug|x64.Build.0 = Debug|Any CPU
		{5D36F096-C1F2-4DE1-BBEA-A69F9258F638}.Debug|x86.ActiveCfg = Debug|Any CPU
		{5D36F096-C1F2-4DE1-BBEA-A69F9258F638}.Debug|x86.Build.0 = Debug|Any CPU
		{5D36F096-C1F2-4DE1-BBEA-A69F9258F638}.Release|Any CPU.ActiveCfg = Release|Any CPU
		{5D36F096-C1F2-4DE1-BBEA-A69F9258F638}.Release|Any CPU.Build.0 = Release|Any CPU
		{5D36F096-C1F2-4DE1-BBEA-A69F9258F638}.Release|x64.ActiveCfg = Release|Any CPU
		{5D36F096-C1F2-4DE1-BBEA-A69F9258F638}.Release|x64.Build.0 = Release|Any CPU
		{5D36F096-C1F2-4DE1-BBEA-A69F9258F638}.Release|x86.ActiveCfg = Release|Any CPU
		{5D36F096-C1F2-4DE1-BBEA-A69F9258F638}.Release|x86.Build.0 = Release|Any CPU
		{71DBB5E1-097C-4B41-A19F-305D084822B6}.Debug|Any CPU.ActiveCfg = Debug|Any CPU
		{71DBB5E1-097C-4B41-A19F-305D084822B6}.Debug|Any CPU.Build.0 = Debug|Any CPU
		{71DBB5E1-097C-4B41-A19F-305D084822B6}.Debug|x64.ActiveCfg = Debug|Any CPU
		{71DBB5E1-097C-4B41-A19F-305D084822B6}.Debug|x64.Build.0 = Debug|Any CPU
		{71DBB5E1-097C-4B41-A19F-305D084822B6}.Debug|x86.ActiveCfg = Debug|Any CPU
		{71DBB5E1-097C-4B41-A19F-305D084822B6}.Debug|x86.Build.0 = Debug|Any CPU
		{71DBB5E1-097C-4B41-A19F-305D084822B6}.Release|Any CPU.ActiveCfg = Release|Any CPU
		{71DBB5E1-097C-4B41-A19F-305D084822B6}.Release|Any CPU.Build.0 = Release|Any CPU
		{71DBB5E1-097C-4B41-A19F-305D084822B6}.Release|x64.ActiveCfg = Release|Any CPU
		{71DBB5E1-097C-4B41-A19F-305D084822B6}.Release|x64.Build.0 = Release|Any CPU
		{71DBB5E1-097C-4B41-A19F-305D084822B6}.Release|x86.ActiveCfg = Release|Any CPU
		{71DBB5E1-097C-4B41-A19F-305D084822B6}.Release|x86.Build.0 = Release|Any CPU
		{054E306B-CCF9-4E7C-A339-7F9938675239}.Debug|Any CPU.ActiveCfg = Debug|Any CPU
		{054E306B-CCF9-4E7C-A339-7F9938675239}.Debug|Any CPU.Build.0 = Debug|Any CPU
		{054E306B-CCF9-4E7C-A339-7F9938675239}.Debug|x64.ActiveCfg = Debug|Any CPU
		{054E306B-CCF9-4E7C-A339-7F9938675239}.Debug|x64.Build.0 = Debug|Any CPU
		{054E306B-CCF9-4E7C-A339-7F9938675239}.Debug|x86.ActiveCfg = Debug|Any CPU
		{054E306B-CCF9-4E7C-A339-7F9938675239}.Debug|x86.Build.0 = Debug|Any CPU
		{054E306B-CCF9-4E7C-A339-7F9938675239}.Release|Any CPU.ActiveCfg = Release|Any CPU
		{054E306B-CCF9-4E7C-A339-7F9938675239}.Release|Any CPU.Build.0 = Release|Any CPU
		{054E306B-CCF9-4E7C-A339-7F9938675239}.Release|x64.ActiveCfg = Release|Any CPU
		{054E306B-CCF9-4E7C-A339-7F9938675239}.Release|x64.Build.0 = Release|Any CPU
		{054E306B-CCF9-4E7C-A339-7F9938675239}.Release|x86.ActiveCfg = Release|Any CPU
		{054E306B-CCF9-4E7C-A339-7F9938675239}.Release|x86.Build.0 = Release|Any CPU
		{0B939659-BBC7-4CF1-8703-F38BF275DB4C}.Debug|Any CPU.ActiveCfg = Debug|Any CPU
		{0B939659-BBC7-4CF1-8703-F38BF275DB4C}.Debug|Any CPU.Build.0 = Debug|Any CPU
		{0B939659-BBC7-4CF1-8703-F38BF275DB4C}.Debug|x64.ActiveCfg = Debug|Any CPU
		{0B939659-BBC7-4CF1-8703-F38BF275DB4C}.Debug|x64.Build.0 = Debug|Any CPU
		{0B939659-BBC7-4CF1-8703-F38BF275DB4C}.Debug|x86.ActiveCfg = Debug|Any CPU
		{0B939659-BBC7-4CF1-8703-F38BF275DB4C}.Debug|x86.Build.0 = Debug|Any CPU
		{0B939659-BBC7-4CF1-8703-F38BF275DB4C}.Release|Any CPU.ActiveCfg = Release|Any CPU
		{0B939659-BBC7-4CF1-8703-F38BF275DB4C}.Release|Any CPU.Build.0 = Release|Any CPU
		{0B939659-BBC7-4CF1-8703-F38BF275DB4C}.Release|x64.ActiveCfg = Release|Any CPU
		{0B939659-BBC7-4CF1-8703-F38BF275DB4C}.Release|x64.Build.0 = Release|Any CPU
		{0B939659-BBC7-4CF1-8703-F38BF275DB4C}.Release|x86.ActiveCfg = Release|Any CPU
		{0B939659-BBC7-4CF1-8703-F38BF275DB4C}.Release|x86.Build.0 = Release|Any CPU
		{75FD4639-AC47-4C25-8D07-95A9092CAAA4}.Debug|Any CPU.ActiveCfg = Debug|Any CPU
		{75FD4639-AC47-4C25-8D07-95A9092CAAA4}.Debug|Any CPU.Build.0 = Debug|Any CPU
		{75FD4639-AC47-4C25-8D07-95A9092CAAA4}.Debug|x64.ActiveCfg = Debug|Any CPU
		{75FD4639-AC47-4C25-8D07-95A9092CAAA4}.Debug|x64.Build.0 = Debug|Any CPU
		{75FD4639-AC47-4C25-8D07-95A9092CAAA4}.Debug|x86.ActiveCfg = Debug|Any CPU
		{75FD4639-AC47-4C25-8D07-95A9092CAAA4}.Debug|x86.Build.0 = Debug|Any CPU
		{75FD4639-AC47-4C25-8D07-95A9092CAAA4}.Release|Any CPU.ActiveCfg = Release|Any CPU
		{75FD4639-AC47-4C25-8D07-95A9092CAAA4}.Release|Any CPU.Build.0 = Release|Any CPU
		{75FD4639-AC47-4C25-8D07-95A9092CAAA4}.Release|x64.ActiveCfg = Release|Any CPU
		{75FD4639-AC47-4C25-8D07-95A9092CAAA4}.Release|x64.Build.0 = Release|Any CPU
		{75FD4639-AC47-4C25-8D07-95A9092CAAA4}.Release|x86.ActiveCfg = Release|Any CPU
		{75FD4639-AC47-4C25-8D07-95A9092CAAA4}.Release|x86.Build.0 = Release|Any CPU
		{FC5C18B3-33C9-4C43-9A31-E13539650DDC}.Debug|Any CPU.ActiveCfg = Debug|Any CPU
		{FC5C18B3-33C9-4C43-9A31-E13539650DDC}.Debug|Any CPU.Build.0 = Debug|Any CPU
		{FC5C18B3-33C9-4C43-9A31-E13539650DDC}.Debug|x64.ActiveCfg = Debug|Any CPU
		{FC5C18B3-33C9-4C43-9A31-E13539650DDC}.Debug|x64.Build.0 = Debug|Any CPU
		{FC5C18B3-33C9-4C43-9A31-E13539650DDC}.Debug|x86.ActiveCfg = Debug|Any CPU
		{FC5C18B3-33C9-4C43-9A31-E13539650DDC}.Debug|x86.Build.0 = Debug|Any CPU
		{FC5C18B3-33C9-4C43-9A31-E13539650DDC}.Release|Any CPU.ActiveCfg = Release|Any CPU
		{FC5C18B3-33C9-4C43-9A31-E13539650DDC}.Release|Any CPU.Build.0 = Release|Any CPU
		{FC5C18B3-33C9-4C43-9A31-E13539650DDC}.Release|x64.ActiveCfg = Release|Any CPU
		{FC5C18B3-33C9-4C43-9A31-E13539650DDC}.Release|x64.Build.0 = Release|Any CPU
		{FC5C18B3-33C9-4C43-9A31-E13539650DDC}.Release|x86.ActiveCfg = Release|Any CPU
		{FC5C18B3-33C9-4C43-9A31-E13539650DDC}.Release|x86.Build.0 = Release|Any CPU
		{98FC2B2E-9BCA-4F31-8E11-84D14CCCB340}.Debug|Any CPU.ActiveCfg = Debug|Any CPU
		{98FC2B2E-9BCA-4F31-8E11-84D14CCCB340}.Debug|Any CPU.Build.0 = Debug|Any CPU
		{98FC2B2E-9BCA-4F31-8E11-84D14CCCB340}.Debug|x64.ActiveCfg = Debug|Any CPU
		{98FC2B2E-9BCA-4F31-8E11-84D14CCCB340}.Debug|x64.Build.0 = Debug|Any CPU
		{98FC2B2E-9BCA-4F31-8E11-84D14CCCB340}.Debug|x86.ActiveCfg = Debug|Any CPU
		{98FC2B2E-9BCA-4F31-8E11-84D14CCCB340}.Debug|x86.Build.0 = Debug|Any CPU
		{98FC2B2E-9BCA-4F31-8E11-84D14CCCB340}.Release|Any CPU.ActiveCfg = Release|Any CPU
		{98FC2B2E-9BCA-4F31-8E11-84D14CCCB340}.Release|Any CPU.Build.0 = Release|Any CPU
		{98FC2B2E-9BCA-4F31-8E11-84D14CCCB340}.Release|x64.ActiveCfg = Release|Any CPU
		{98FC2B2E-9BCA-4F31-8E11-84D14CCCB340}.Release|x64.Build.0 = Release|Any CPU
		{98FC2B2E-9BCA-4F31-8E11-84D14CCCB340}.Release|x86.ActiveCfg = Release|Any CPU
		{98FC2B2E-9BCA-4F31-8E11-84D14CCCB340}.Release|x86.Build.0 = Release|Any CPU
		{47D942F3-12E1-4C3B-B156-4749D4DADF82}.Debug|Any CPU.ActiveCfg = Debug|Any CPU
		{47D942F3-12E1-4C3B-B156-4749D4DADF82}.Debug|Any CPU.Build.0 = Debug|Any CPU
		{47D942F3-12E1-4C3B-B156-4749D4DADF82}.Debug|x64.ActiveCfg = Debug|Any CPU
		{47D942F3-12E1-4C3B-B156-4749D4DADF82}.Debug|x64.Build.0 = Debug|Any CPU
		{47D942F3-12E1-4C3B-B156-4749D4DADF82}.Debug|x86.ActiveCfg = Debug|Any CPU
		{47D942F3-12E1-4C3B-B156-4749D4DADF82}.Debug|x86.Build.0 = Debug|Any CPU
		{47D942F3-12E1-4C3B-B156-4749D4DADF82}.Release|Any CPU.ActiveCfg = Release|Any CPU
		{47D942F3-12E1-4C3B-B156-4749D4DADF82}.Release|Any CPU.Build.0 = Release|Any CPU
		{47D942F3-12E1-4C3B-B156-4749D4DADF82}.Release|x64.ActiveCfg = Release|Any CPU
		{47D942F3-12E1-4C3B-B156-4749D4DADF82}.Release|x64.Build.0 = Release|Any CPU
		{47D942F3-12E1-4C3B-B156-4749D4DADF82}.Release|x86.ActiveCfg = Release|Any CPU
		{47D942F3-12E1-4C3B-B156-4749D4DADF82}.Release|x86.Build.0 = Release|Any CPU
		{DE54C23E-C476-46B9-B411-D419D5510C64}.Debug|Any CPU.ActiveCfg = Debug|Any CPU
		{DE54C23E-C476-46B9-B411-D419D5510C64}.Debug|Any CPU.Build.0 = Debug|Any CPU
		{DE54C23E-C476-46B9-B411-D419D5510C64}.Debug|x64.ActiveCfg = Debug|Any CPU
		{DE54C23E-C476-46B9-B411-D419D5510C64}.Debug|x64.Build.0 = Debug|Any CPU
		{DE54C23E-C476-46B9-B411-D419D5510C64}.Debug|x86.ActiveCfg = Debug|Any CPU
		{DE54C23E-C476-46B9-B411-D419D5510C64}.Debug|x86.Build.0 = Debug|Any CPU
		{DE54C23E-C476-46B9-B411-D419D5510C64}.Release|Any CPU.ActiveCfg = Release|Any CPU
		{DE54C23E-C476-46B9-B411-D419D5510C64}.Release|Any CPU.Build.0 = Release|Any CPU
		{DE54C23E-C476-46B9-B411-D419D5510C64}.Release|x64.ActiveCfg = Release|Any CPU
		{DE54C23E-C476-46B9-B411-D419D5510C64}.Release|x64.Build.0 = Release|Any CPU
		{DE54C23E-C476-46B9-B411-D419D5510C64}.Release|x86.ActiveCfg = Release|Any CPU
		{DE54C23E-C476-46B9-B411-D419D5510C64}.Release|x86.Build.0 = Release|Any CPU
		{72115FCD-8F06-44B6-AFCA-D99C2CA3E0B3}.Debug|Any CPU.ActiveCfg = Debug|Any CPU
		{72115FCD-8F06-44B6-AFCA-D99C2CA3E0B3}.Debug|Any CPU.Build.0 = Debug|Any CPU
		{72115FCD-8F06-44B6-AFCA-D99C2CA3E0B3}.Debug|x64.ActiveCfg = Debug|Any CPU
		{72115FCD-8F06-44B6-AFCA-D99C2CA3E0B3}.Debug|x64.Build.0 = Debug|Any CPU
		{72115FCD-8F06-44B6-AFCA-D99C2CA3E0B3}.Debug|x86.ActiveCfg = Debug|Any CPU
		{72115FCD-8F06-44B6-AFCA-D99C2CA3E0B3}.Debug|x86.Build.0 = Debug|Any CPU
		{72115FCD-8F06-44B6-AFCA-D99C2CA3E0B3}.Release|Any CPU.ActiveCfg = Release|Any CPU
		{72115FCD-8F06-44B6-AFCA-D99C2CA3E0B3}.Release|Any CPU.Build.0 = Release|Any CPU
		{72115FCD-8F06-44B6-AFCA-D99C2CA3E0B3}.Release|x64.ActiveCfg = Release|Any CPU
		{72115FCD-8F06-44B6-AFCA-D99C2CA3E0B3}.Release|x64.Build.0 = Release|Any CPU
		{72115FCD-8F06-44B6-AFCA-D99C2CA3E0B3}.Release|x86.ActiveCfg = Release|Any CPU
		{72115FCD-8F06-44B6-AFCA-D99C2CA3E0B3}.Release|x86.Build.0 = Release|Any CPU
		{4B93654B-CCFF-40DD-8C4E-1C18BAB80885}.Debug|Any CPU.ActiveCfg = Debug|Any CPU
		{4B93654B-CCFF-40DD-8C4E-1C18BAB80885}.Debug|Any CPU.Build.0 = Debug|Any CPU
		{4B93654B-CCFF-40DD-8C4E-1C18BAB80885}.Debug|x64.ActiveCfg = Debug|Any CPU
		{4B93654B-CCFF-40DD-8C4E-1C18BAB80885}.Debug|x64.Build.0 = Debug|Any CPU
		{4B93654B-CCFF-40DD-8C4E-1C18BAB80885}.Debug|x86.ActiveCfg = Debug|Any CPU
		{4B93654B-CCFF-40DD-8C4E-1C18BAB80885}.Debug|x86.Build.0 = Debug|Any CPU
		{4B93654B-CCFF-40DD-8C4E-1C18BAB80885}.Release|Any CPU.ActiveCfg = Release|Any CPU
		{4B93654B-CCFF-40DD-8C4E-1C18BAB80885}.Release|Any CPU.Build.0 = Release|Any CPU
		{4B93654B-CCFF-40DD-8C4E-1C18BAB80885}.Release|x64.ActiveCfg = Release|Any CPU
		{4B93654B-CCFF-40DD-8C4E-1C18BAB80885}.Release|x64.Build.0 = Release|Any CPU
		{4B93654B-CCFF-40DD-8C4E-1C18BAB80885}.Release|x86.ActiveCfg = Release|Any CPU
		{4B93654B-CCFF-40DD-8C4E-1C18BAB80885}.Release|x86.Build.0 = Release|Any CPU
		{E0DAA17D-8839-4256-B790-9E7B417EEEF1}.Debug|Any CPU.ActiveCfg = Debug|Any CPU
		{E0DAA17D-8839-4256-B790-9E7B417EEEF1}.Debug|Any CPU.Build.0 = Debug|Any CPU
		{E0DAA17D-8839-4256-B790-9E7B417EEEF1}.Debug|x64.ActiveCfg = Debug|Any CPU
		{E0DAA17D-8839-4256-B790-9E7B417EEEF1}.Debug|x64.Build.0 = Debug|Any CPU
		{E0DAA17D-8839-4256-B790-9E7B417EEEF1}.Debug|x86.ActiveCfg = Debug|Any CPU
		{E0DAA17D-8839-4256-B790-9E7B417EEEF1}.Debug|x86.Build.0 = Debug|Any CPU
		{E0DAA17D-8839-4256-B790-9E7B417EEEF1}.Release|Any CPU.ActiveCfg = Release|Any CPU
		{E0DAA17D-8839-4256-B790-9E7B417EEEF1}.Release|Any CPU.Build.0 = Release|Any CPU
		{E0DAA17D-8839-4256-B790-9E7B417EEEF1}.Release|x64.ActiveCfg = Release|Any CPU
		{E0DAA17D-8839-4256-B790-9E7B417EEEF1}.Release|x64.Build.0 = Release|Any CPU
		{E0DAA17D-8839-4256-B790-9E7B417EEEF1}.Release|x86.ActiveCfg = Release|Any CPU
		{E0DAA17D-8839-4256-B790-9E7B417EEEF1}.Release|x86.Build.0 = Release|Any CPU
		{33313069-0CC8-406B-8378-F099F6F6BF27}.Debug|Any CPU.ActiveCfg = Debug|Any CPU
		{33313069-0CC8-406B-8378-F099F6F6BF27}.Debug|Any CPU.Build.0 = Debug|Any CPU
		{33313069-0CC8-406B-8378-F099F6F6BF27}.Debug|x64.ActiveCfg = Debug|Any CPU
		{33313069-0CC8-406B-8378-F099F6F6BF27}.Debug|x64.Build.0 = Debug|Any CPU
		{33313069-0CC8-406B-8378-F099F6F6BF27}.Debug|x86.ActiveCfg = Debug|Any CPU
		{33313069-0CC8-406B-8378-F099F6F6BF27}.Debug|x86.Build.0 = Debug|Any CPU
		{33313069-0CC8-406B-8378-F099F6F6BF27}.Release|Any CPU.ActiveCfg = Release|Any CPU
		{33313069-0CC8-406B-8378-F099F6F6BF27}.Release|Any CPU.Build.0 = Release|Any CPU
		{33313069-0CC8-406B-8378-F099F6F6BF27}.Release|x64.ActiveCfg = Release|Any CPU
		{33313069-0CC8-406B-8378-F099F6F6BF27}.Release|x64.Build.0 = Release|Any CPU
		{33313069-0CC8-406B-8378-F099F6F6BF27}.Release|x86.ActiveCfg = Release|Any CPU
		{33313069-0CC8-406B-8378-F099F6F6BF27}.Release|x86.Build.0 = Release|Any CPU
		{45D60C48-11C4-42A8-BD25-62BF93A95799}.Debug|Any CPU.ActiveCfg = Debug|Any CPU
		{45D60C48-11C4-42A8-BD25-62BF93A95799}.Debug|Any CPU.Build.0 = Debug|Any CPU
		{45D60C48-11C4-42A8-BD25-62BF93A95799}.Debug|x64.ActiveCfg = Debug|Any CPU
		{45D60C48-11C4-42A8-BD25-62BF93A95799}.Debug|x64.Build.0 = Debug|Any CPU
		{45D60C48-11C4-42A8-BD25-62BF93A95799}.Debug|x86.ActiveCfg = Debug|Any CPU
		{45D60C48-11C4-42A8-BD25-62BF93A95799}.Debug|x86.Build.0 = Debug|Any CPU
		{45D60C48-11C4-42A8-BD25-62BF93A95799}.Release|Any CPU.ActiveCfg = Release|Any CPU
		{45D60C48-11C4-42A8-BD25-62BF93A95799}.Release|Any CPU.Build.0 = Release|Any CPU
		{45D60C48-11C4-42A8-BD25-62BF93A95799}.Release|x64.ActiveCfg = Release|Any CPU
		{45D60C48-11C4-42A8-BD25-62BF93A95799}.Release|x64.Build.0 = Release|Any CPU
		{45D60C48-11C4-42A8-BD25-62BF93A95799}.Release|x86.ActiveCfg = Release|Any CPU
		{45D60C48-11C4-42A8-BD25-62BF93A95799}.Release|x86.Build.0 = Release|Any CPU
		{756F832C-43DD-45EB-90A4-6F2D0670A0E2}.Debug|Any CPU.ActiveCfg = Debug|Any CPU
		{756F832C-43DD-45EB-90A4-6F2D0670A0E2}.Debug|Any CPU.Build.0 = Debug|Any CPU
		{756F832C-43DD-45EB-90A4-6F2D0670A0E2}.Debug|x64.ActiveCfg = Debug|Any CPU
		{756F832C-43DD-45EB-90A4-6F2D0670A0E2}.Debug|x64.Build.0 = Debug|Any CPU
		{756F832C-43DD-45EB-90A4-6F2D0670A0E2}.Debug|x86.ActiveCfg = Debug|Any CPU
		{756F832C-43DD-45EB-90A4-6F2D0670A0E2}.Debug|x86.Build.0 = Debug|Any CPU
		{756F832C-43DD-45EB-90A4-6F2D0670A0E2}.Release|Any CPU.ActiveCfg = Release|Any CPU
		{756F832C-43DD-45EB-90A4-6F2D0670A0E2}.Release|Any CPU.Build.0 = Release|Any CPU
		{756F832C-43DD-45EB-90A4-6F2D0670A0E2}.Release|x64.ActiveCfg = Release|Any CPU
		{756F832C-43DD-45EB-90A4-6F2D0670A0E2}.Release|x64.Build.0 = Release|Any CPU
		{756F832C-43DD-45EB-90A4-6F2D0670A0E2}.Release|x86.ActiveCfg = Release|Any CPU
		{756F832C-43DD-45EB-90A4-6F2D0670A0E2}.Release|x86.Build.0 = Release|Any CPU
		{4BC3AF12-F861-48B7-AA9D-3000D40DF633}.Debug|Any CPU.ActiveCfg = Debug|Any CPU
		{4BC3AF12-F861-48B7-AA9D-3000D40DF633}.Debug|Any CPU.Build.0 = Debug|Any CPU
		{4BC3AF12-F861-48B7-AA9D-3000D40DF633}.Debug|x64.ActiveCfg = Debug|Any CPU
		{4BC3AF12-F861-48B7-AA9D-3000D40DF633}.Debug|x64.Build.0 = Debug|Any CPU
		{4BC3AF12-F861-48B7-AA9D-3000D40DF633}.Debug|x86.ActiveCfg = Debug|Any CPU
		{4BC3AF12-F861-48B7-AA9D-3000D40DF633}.Debug|x86.Build.0 = Debug|Any CPU
		{4BC3AF12-F861-48B7-AA9D-3000D40DF633}.Release|Any CPU.ActiveCfg = Release|Any CPU
		{4BC3AF12-F861-48B7-AA9D-3000D40DF633}.Release|Any CPU.Build.0 = Release|Any CPU
		{4BC3AF12-F861-48B7-AA9D-3000D40DF633}.Release|x64.ActiveCfg = Release|Any CPU
		{4BC3AF12-F861-48B7-AA9D-3000D40DF633}.Release|x64.Build.0 = Release|Any CPU
		{4BC3AF12-F861-48B7-AA9D-3000D40DF633}.Release|x86.ActiveCfg = Release|Any CPU
		{4BC3AF12-F861-48B7-AA9D-3000D40DF633}.Release|x86.Build.0 = Release|Any CPU
		{B828887E-CC91-41D2-AEE9-DB51A83AED24}.Debug|Any CPU.ActiveCfg = Debug|Any CPU
		{B828887E-CC91-41D2-AEE9-DB51A83AED24}.Debug|Any CPU.Build.0 = Debug|Any CPU
		{B828887E-CC91-41D2-AEE9-DB51A83AED24}.Debug|x64.ActiveCfg = Debug|Any CPU
		{B828887E-CC91-41D2-AEE9-DB51A83AED24}.Debug|x64.Build.0 = Debug|Any CPU
		{B828887E-CC91-41D2-AEE9-DB51A83AED24}.Debug|x86.ActiveCfg = Debug|Any CPU
		{B828887E-CC91-41D2-AEE9-DB51A83AED24}.Debug|x86.Build.0 = Debug|Any CPU
		{B828887E-CC91-41D2-AEE9-DB51A83AED24}.Release|Any CPU.ActiveCfg = Release|Any CPU
		{B828887E-CC91-41D2-AEE9-DB51A83AED24}.Release|Any CPU.Build.0 = Release|Any CPU
		{B828887E-CC91-41D2-AEE9-DB51A83AED24}.Release|x64.ActiveCfg = Release|Any CPU
		{B828887E-CC91-41D2-AEE9-DB51A83AED24}.Release|x64.Build.0 = Release|Any CPU
		{B828887E-CC91-41D2-AEE9-DB51A83AED24}.Release|x86.ActiveCfg = Release|Any CPU
		{B828887E-CC91-41D2-AEE9-DB51A83AED24}.Release|x86.Build.0 = Release|Any CPU
		{97DF6A92-90B2-4B70-BEAE-3F3E3BB29D2A}.Debug|Any CPU.ActiveCfg = Debug|Any CPU
		{97DF6A92-90B2-4B70-BEAE-3F3E3BB29D2A}.Debug|Any CPU.Build.0 = Debug|Any CPU
		{97DF6A92-90B2-4B70-BEAE-3F3E3BB29D2A}.Debug|x64.ActiveCfg = Debug|Any CPU
		{97DF6A92-90B2-4B70-BEAE-3F3E3BB29D2A}.Debug|x64.Build.0 = Debug|Any CPU
		{97DF6A92-90B2-4B70-BEAE-3F3E3BB29D2A}.Debug|x86.ActiveCfg = Debug|Any CPU
		{97DF6A92-90B2-4B70-BEAE-3F3E3BB29D2A}.Debug|x86.Build.0 = Debug|Any CPU
		{97DF6A92-90B2-4B70-BEAE-3F3E3BB29D2A}.Release|Any CPU.ActiveCfg = Release|Any CPU
		{97DF6A92-90B2-4B70-BEAE-3F3E3BB29D2A}.Release|Any CPU.Build.0 = Release|Any CPU
		{97DF6A92-90B2-4B70-BEAE-3F3E3BB29D2A}.Release|x64.ActiveCfg = Release|Any CPU
		{97DF6A92-90B2-4B70-BEAE-3F3E3BB29D2A}.Release|x64.Build.0 = Release|Any CPU
		{97DF6A92-90B2-4B70-BEAE-3F3E3BB29D2A}.Release|x86.ActiveCfg = Release|Any CPU
		{97DF6A92-90B2-4B70-BEAE-3F3E3BB29D2A}.Release|x86.Build.0 = Release|Any CPU
		{07644C62-1C8B-439B-97F7-AAC764EC6AA2}.Debug|Any CPU.ActiveCfg = Debug|Any CPU
		{07644C62-1C8B-439B-97F7-AAC764EC6AA2}.Debug|Any CPU.Build.0 = Debug|Any CPU
		{07644C62-1C8B-439B-97F7-AAC764EC6AA2}.Debug|x64.ActiveCfg = Debug|Any CPU
		{07644C62-1C8B-439B-97F7-AAC764EC6AA2}.Debug|x64.Build.0 = Debug|Any CPU
		{07644C62-1C8B-439B-97F7-AAC764EC6AA2}.Debug|x86.ActiveCfg = Debug|Any CPU
		{07644C62-1C8B-439B-97F7-AAC764EC6AA2}.Debug|x86.Build.0 = Debug|Any CPU
		{07644C62-1C8B-439B-97F7-AAC764EC6AA2}.Release|Any CPU.ActiveCfg = Release|Any CPU
		{07644C62-1C8B-439B-97F7-AAC764EC6AA2}.Release|Any CPU.Build.0 = Release|Any CPU
		{07644C62-1C8B-439B-97F7-AAC764EC6AA2}.Release|x64.ActiveCfg = Release|Any CPU
		{07644C62-1C8B-439B-97F7-AAC764EC6AA2}.Release|x64.Build.0 = Release|Any CPU
		{07644C62-1C8B-439B-97F7-AAC764EC6AA2}.Release|x86.ActiveCfg = Release|Any CPU
		{07644C62-1C8B-439B-97F7-AAC764EC6AA2}.Release|x86.Build.0 = Release|Any CPU
		{F565DEA1-9D33-4951-973E-B3A173F9AA94}.Debug|Any CPU.ActiveCfg = Debug|Any CPU
		{F565DEA1-9D33-4951-973E-B3A173F9AA94}.Debug|Any CPU.Build.0 = Debug|Any CPU
		{F565DEA1-9D33-4951-973E-B3A173F9AA94}.Debug|x64.ActiveCfg = Debug|Any CPU
		{F565DEA1-9D33-4951-973E-B3A173F9AA94}.Debug|x64.Build.0 = Debug|Any CPU
		{F565DEA1-9D33-4951-973E-B3A173F9AA94}.Debug|x86.ActiveCfg = Debug|Any CPU
		{F565DEA1-9D33-4951-973E-B3A173F9AA94}.Debug|x86.Build.0 = Debug|Any CPU
		{F565DEA1-9D33-4951-973E-B3A173F9AA94}.Release|Any CPU.ActiveCfg = Release|Any CPU
		{F565DEA1-9D33-4951-973E-B3A173F9AA94}.Release|Any CPU.Build.0 = Release|Any CPU
		{F565DEA1-9D33-4951-973E-B3A173F9AA94}.Release|x64.ActiveCfg = Release|Any CPU
		{F565DEA1-9D33-4951-973E-B3A173F9AA94}.Release|x64.Build.0 = Release|Any CPU
		{F565DEA1-9D33-4951-973E-B3A173F9AA94}.Release|x86.ActiveCfg = Release|Any CPU
		{F565DEA1-9D33-4951-973E-B3A173F9AA94}.Release|x86.Build.0 = Release|Any CPU
		{936F1CBC-1882-41BC-9492-2805AE706124}.Debug|Any CPU.ActiveCfg = Debug|Any CPU
		{936F1CBC-1882-41BC-9492-2805AE706124}.Debug|Any CPU.Build.0 = Debug|Any CPU
		{936F1CBC-1882-41BC-9492-2805AE706124}.Debug|x64.ActiveCfg = Debug|Any CPU
		{936F1CBC-1882-41BC-9492-2805AE706124}.Debug|x64.Build.0 = Debug|Any CPU
		{936F1CBC-1882-41BC-9492-2805AE706124}.Debug|x86.ActiveCfg = Debug|Any CPU
		{936F1CBC-1882-41BC-9492-2805AE706124}.Debug|x86.Build.0 = Debug|Any CPU
		{936F1CBC-1882-41BC-9492-2805AE706124}.Release|Any CPU.ActiveCfg = Release|Any CPU
		{936F1CBC-1882-41BC-9492-2805AE706124}.Release|Any CPU.Build.0 = Release|Any CPU
		{936F1CBC-1882-41BC-9492-2805AE706124}.Release|x64.ActiveCfg = Release|Any CPU
		{936F1CBC-1882-41BC-9492-2805AE706124}.Release|x64.Build.0 = Release|Any CPU
		{936F1CBC-1882-41BC-9492-2805AE706124}.Release|x86.ActiveCfg = Release|Any CPU
		{936F1CBC-1882-41BC-9492-2805AE706124}.Release|x86.Build.0 = Release|Any CPU
		{DC69A4C0-9069-4DD5-AB04-B112DA9DE331}.Debug|Any CPU.ActiveCfg = Debug|Any CPU
		{DC69A4C0-9069-4DD5-AB04-B112DA9DE331}.Debug|Any CPU.Build.0 = Debug|Any CPU
		{DC69A4C0-9069-4DD5-AB04-B112DA9DE331}.Debug|x64.ActiveCfg = Debug|Any CPU
		{DC69A4C0-9069-4DD5-AB04-B112DA9DE331}.Debug|x64.Build.0 = Debug|Any CPU
		{DC69A4C0-9069-4DD5-AB04-B112DA9DE331}.Debug|x86.ActiveCfg = Debug|Any CPU
		{DC69A4C0-9069-4DD5-AB04-B112DA9DE331}.Debug|x86.Build.0 = Debug|Any CPU
		{DC69A4C0-9069-4DD5-AB04-B112DA9DE331}.Release|Any CPU.ActiveCfg = Release|Any CPU
		{DC69A4C0-9069-4DD5-AB04-B112DA9DE331}.Release|Any CPU.Build.0 = Release|Any CPU
		{DC69A4C0-9069-4DD5-AB04-B112DA9DE331}.Release|x64.ActiveCfg = Release|Any CPU
		{DC69A4C0-9069-4DD5-AB04-B112DA9DE331}.Release|x64.Build.0 = Release|Any CPU
		{DC69A4C0-9069-4DD5-AB04-B112DA9DE331}.Release|x86.ActiveCfg = Release|Any CPU
		{DC69A4C0-9069-4DD5-AB04-B112DA9DE331}.Release|x86.Build.0 = Release|Any CPU
		{0114EDB7-8F82-4FE8-B387-850E05AA8911}.Debug|Any CPU.ActiveCfg = Debug|Any CPU
		{0114EDB7-8F82-4FE8-B387-850E05AA8911}.Debug|Any CPU.Build.0 = Debug|Any CPU
		{0114EDB7-8F82-4FE8-B387-850E05AA8911}.Debug|x64.ActiveCfg = Debug|Any CPU
		{0114EDB7-8F82-4FE8-B387-850E05AA8911}.Debug|x64.Build.0 = Debug|Any CPU
		{0114EDB7-8F82-4FE8-B387-850E05AA8911}.Debug|x86.ActiveCfg = Debug|Any CPU
		{0114EDB7-8F82-4FE8-B387-850E05AA8911}.Debug|x86.Build.0 = Debug|Any CPU
		{0114EDB7-8F82-4FE8-B387-850E05AA8911}.Release|Any CPU.ActiveCfg = Release|Any CPU
		{0114EDB7-8F82-4FE8-B387-850E05AA8911}.Release|Any CPU.Build.0 = Release|Any CPU
		{0114EDB7-8F82-4FE8-B387-850E05AA8911}.Release|x64.ActiveCfg = Release|Any CPU
		{0114EDB7-8F82-4FE8-B387-850E05AA8911}.Release|x64.Build.0 = Release|Any CPU
		{0114EDB7-8F82-4FE8-B387-850E05AA8911}.Release|x86.ActiveCfg = Release|Any CPU
		{0114EDB7-8F82-4FE8-B387-850E05AA8911}.Release|x86.Build.0 = Release|Any CPU
		{039AA6E9-8B4E-480B-9E36-B0AAC55C419D}.Debug|Any CPU.ActiveCfg = Debug|Any CPU
		{039AA6E9-8B4E-480B-9E36-B0AAC55C419D}.Debug|Any CPU.Build.0 = Debug|Any CPU
		{039AA6E9-8B4E-480B-9E36-B0AAC55C419D}.Debug|x64.ActiveCfg = Debug|Any CPU
		{039AA6E9-8B4E-480B-9E36-B0AAC55C419D}.Debug|x64.Build.0 = Debug|Any CPU
		{039AA6E9-8B4E-480B-9E36-B0AAC55C419D}.Debug|x86.ActiveCfg = Debug|Any CPU
		{039AA6E9-8B4E-480B-9E36-B0AAC55C419D}.Debug|x86.Build.0 = Debug|Any CPU
		{039AA6E9-8B4E-480B-9E36-B0AAC55C419D}.Release|Any CPU.ActiveCfg = Release|Any CPU
		{039AA6E9-8B4E-480B-9E36-B0AAC55C419D}.Release|Any CPU.Build.0 = Release|Any CPU
		{039AA6E9-8B4E-480B-9E36-B0AAC55C419D}.Release|x64.ActiveCfg = Release|Any CPU
		{039AA6E9-8B4E-480B-9E36-B0AAC55C419D}.Release|x64.Build.0 = Release|Any CPU
		{039AA6E9-8B4E-480B-9E36-B0AAC55C419D}.Release|x86.ActiveCfg = Release|Any CPU
		{039AA6E9-8B4E-480B-9E36-B0AAC55C419D}.Release|x86.Build.0 = Release|Any CPU
		{8975B01E-0B62-4FCA-BE52-83D8582E2152}.Debug|Any CPU.ActiveCfg = Debug|Any CPU
		{8975B01E-0B62-4FCA-BE52-83D8582E2152}.Debug|Any CPU.Build.0 = Debug|Any CPU
		{8975B01E-0B62-4FCA-BE52-83D8582E2152}.Debug|x64.ActiveCfg = Debug|Any CPU
		{8975B01E-0B62-4FCA-BE52-83D8582E2152}.Debug|x64.Build.0 = Debug|Any CPU
		{8975B01E-0B62-4FCA-BE52-83D8582E2152}.Debug|x86.ActiveCfg = Debug|Any CPU
		{8975B01E-0B62-4FCA-BE52-83D8582E2152}.Debug|x86.Build.0 = Debug|Any CPU
		{8975B01E-0B62-4FCA-BE52-83D8582E2152}.Release|Any CPU.ActiveCfg = Release|Any CPU
		{8975B01E-0B62-4FCA-BE52-83D8582E2152}.Release|Any CPU.Build.0 = Release|Any CPU
		{8975B01E-0B62-4FCA-BE52-83D8582E2152}.Release|x64.ActiveCfg = Release|Any CPU
		{8975B01E-0B62-4FCA-BE52-83D8582E2152}.Release|x64.Build.0 = Release|Any CPU
		{8975B01E-0B62-4FCA-BE52-83D8582E2152}.Release|x86.ActiveCfg = Release|Any CPU
		{8975B01E-0B62-4FCA-BE52-83D8582E2152}.Release|x86.Build.0 = Release|Any CPU
		{EB809B06-9EFE-4AB3-846A-1E3EA2C625E8}.Debug|Any CPU.ActiveCfg = Debug|Any CPU
		{EB809B06-9EFE-4AB3-846A-1E3EA2C625E8}.Debug|Any CPU.Build.0 = Debug|Any CPU
		{EB809B06-9EFE-4AB3-846A-1E3EA2C625E8}.Debug|x64.ActiveCfg = Debug|Any CPU
		{EB809B06-9EFE-4AB3-846A-1E3EA2C625E8}.Debug|x64.Build.0 = Debug|Any CPU
		{EB809B06-9EFE-4AB3-846A-1E3EA2C625E8}.Debug|x86.ActiveCfg = Debug|Any CPU
		{EB809B06-9EFE-4AB3-846A-1E3EA2C625E8}.Debug|x86.Build.0 = Debug|Any CPU
		{EB809B06-9EFE-4AB3-846A-1E3EA2C625E8}.Release|Any CPU.ActiveCfg = Release|Any CPU
		{EB809B06-9EFE-4AB3-846A-1E3EA2C625E8}.Release|Any CPU.Build.0 = Release|Any CPU
		{EB809B06-9EFE-4AB3-846A-1E3EA2C625E8}.Release|x64.ActiveCfg = Release|Any CPU
		{EB809B06-9EFE-4AB3-846A-1E3EA2C625E8}.Release|x64.Build.0 = Release|Any CPU
		{EB809B06-9EFE-4AB3-846A-1E3EA2C625E8}.Release|x86.ActiveCfg = Release|Any CPU
		{EB809B06-9EFE-4AB3-846A-1E3EA2C625E8}.Release|x86.Build.0 = Release|Any CPU
		{B2F33E42-0F05-4AC9-9120-B8D258298DED}.Debug|Any CPU.ActiveCfg = Debug|Any CPU
		{B2F33E42-0F05-4AC9-9120-B8D258298DED}.Debug|Any CPU.Build.0 = Debug|Any CPU
		{B2F33E42-0F05-4AC9-9120-B8D258298DED}.Debug|x64.ActiveCfg = Debug|Any CPU
		{B2F33E42-0F05-4AC9-9120-B8D258298DED}.Debug|x64.Build.0 = Debug|Any CPU
		{B2F33E42-0F05-4AC9-9120-B8D258298DED}.Debug|x86.ActiveCfg = Debug|Any CPU
		{B2F33E42-0F05-4AC9-9120-B8D258298DED}.Debug|x86.Build.0 = Debug|Any CPU
		{B2F33E42-0F05-4AC9-9120-B8D258298DED}.Release|Any CPU.ActiveCfg = Release|Any CPU
		{B2F33E42-0F05-4AC9-9120-B8D258298DED}.Release|Any CPU.Build.0 = Release|Any CPU
		{B2F33E42-0F05-4AC9-9120-B8D258298DED}.Release|x64.ActiveCfg = Release|Any CPU
		{B2F33E42-0F05-4AC9-9120-B8D258298DED}.Release|x64.Build.0 = Release|Any CPU
		{B2F33E42-0F05-4AC9-9120-B8D258298DED}.Release|x86.ActiveCfg = Release|Any CPU
		{B2F33E42-0F05-4AC9-9120-B8D258298DED}.Release|x86.Build.0 = Release|Any CPU
		{1FA8DEAB-AE33-42DA-B420-37AE2FD57017}.Debug|Any CPU.ActiveCfg = Debug|Any CPU
		{1FA8DEAB-AE33-42DA-B420-37AE2FD57017}.Debug|Any CPU.Build.0 = Debug|Any CPU
		{1FA8DEAB-AE33-42DA-B420-37AE2FD57017}.Debug|x64.ActiveCfg = Debug|Any CPU
		{1FA8DEAB-AE33-42DA-B420-37AE2FD57017}.Debug|x64.Build.0 = Debug|Any CPU
		{1FA8DEAB-AE33-42DA-B420-37AE2FD57017}.Debug|x86.ActiveCfg = Debug|Any CPU
		{1FA8DEAB-AE33-42DA-B420-37AE2FD57017}.Debug|x86.Build.0 = Debug|Any CPU
		{1FA8DEAB-AE33-42DA-B420-37AE2FD57017}.Release|Any CPU.ActiveCfg = Release|Any CPU
		{1FA8DEAB-AE33-42DA-B420-37AE2FD57017}.Release|Any CPU.Build.0 = Release|Any CPU
		{1FA8DEAB-AE33-42DA-B420-37AE2FD57017}.Release|x64.ActiveCfg = Release|Any CPU
		{1FA8DEAB-AE33-42DA-B420-37AE2FD57017}.Release|x64.Build.0 = Release|Any CPU
		{1FA8DEAB-AE33-42DA-B420-37AE2FD57017}.Release|x86.ActiveCfg = Release|Any CPU
		{1FA8DEAB-AE33-42DA-B420-37AE2FD57017}.Release|x86.Build.0 = Release|Any CPU
		{6305251A-5B03-4384-B683-7AABCD6F374E}.Debug|Any CPU.ActiveCfg = Debug|Any CPU
		{6305251A-5B03-4384-B683-7AABCD6F374E}.Debug|Any CPU.Build.0 = Debug|Any CPU
		{6305251A-5B03-4384-B683-7AABCD6F374E}.Debug|x64.ActiveCfg = Debug|Any CPU
		{6305251A-5B03-4384-B683-7AABCD6F374E}.Debug|x64.Build.0 = Debug|Any CPU
		{6305251A-5B03-4384-B683-7AABCD6F374E}.Debug|x86.ActiveCfg = Debug|Any CPU
		{6305251A-5B03-4384-B683-7AABCD6F374E}.Debug|x86.Build.0 = Debug|Any CPU
		{6305251A-5B03-4384-B683-7AABCD6F374E}.Release|Any CPU.ActiveCfg = Release|Any CPU
		{6305251A-5B03-4384-B683-7AABCD6F374E}.Release|Any CPU.Build.0 = Release|Any CPU
		{6305251A-5B03-4384-B683-7AABCD6F374E}.Release|x64.ActiveCfg = Release|Any CPU
		{6305251A-5B03-4384-B683-7AABCD6F374E}.Release|x64.Build.0 = Release|Any CPU
		{6305251A-5B03-4384-B683-7AABCD6F374E}.Release|x86.ActiveCfg = Release|Any CPU
		{6305251A-5B03-4384-B683-7AABCD6F374E}.Release|x86.Build.0 = Release|Any CPU
		{FDC03946-4CB9-498C-84BD-1AFB348A929A}.Debug|Any CPU.ActiveCfg = Debug|Any CPU
		{FDC03946-4CB9-498C-84BD-1AFB348A929A}.Debug|Any CPU.Build.0 = Debug|Any CPU
		{FDC03946-4CB9-498C-84BD-1AFB348A929A}.Debug|x64.ActiveCfg = Debug|Any CPU
		{FDC03946-4CB9-498C-84BD-1AFB348A929A}.Debug|x64.Build.0 = Debug|Any CPU
		{FDC03946-4CB9-498C-84BD-1AFB348A929A}.Debug|x86.ActiveCfg = Debug|Any CPU
		{FDC03946-4CB9-498C-84BD-1AFB348A929A}.Debug|x86.Build.0 = Debug|Any CPU
		{FDC03946-4CB9-498C-84BD-1AFB348A929A}.Release|Any CPU.ActiveCfg = Release|Any CPU
		{FDC03946-4CB9-498C-84BD-1AFB348A929A}.Release|Any CPU.Build.0 = Release|Any CPU
		{FDC03946-4CB9-498C-84BD-1AFB348A929A}.Release|x64.ActiveCfg = Release|Any CPU
		{FDC03946-4CB9-498C-84BD-1AFB348A929A}.Release|x64.Build.0 = Release|Any CPU
		{FDC03946-4CB9-498C-84BD-1AFB348A929A}.Release|x86.ActiveCfg = Release|Any CPU
		{FDC03946-4CB9-498C-84BD-1AFB348A929A}.Release|x86.Build.0 = Release|Any CPU
		{BE0F4B4F-58B8-4577-A791-0F4B3EE6A723}.Debug|Any CPU.ActiveCfg = Debug|Any CPU
		{BE0F4B4F-58B8-4577-A791-0F4B3EE6A723}.Debug|Any CPU.Build.0 = Debug|Any CPU
		{BE0F4B4F-58B8-4577-A791-0F4B3EE6A723}.Debug|x64.ActiveCfg = Debug|Any CPU
		{BE0F4B4F-58B8-4577-A791-0F4B3EE6A723}.Debug|x64.Build.0 = Debug|Any CPU
		{BE0F4B4F-58B8-4577-A791-0F4B3EE6A723}.Debug|x86.ActiveCfg = Debug|Any CPU
		{BE0F4B4F-58B8-4577-A791-0F4B3EE6A723}.Debug|x86.Build.0 = Debug|Any CPU
		{BE0F4B4F-58B8-4577-A791-0F4B3EE6A723}.Release|Any CPU.ActiveCfg = Release|Any CPU
		{BE0F4B4F-58B8-4577-A791-0F4B3EE6A723}.Release|Any CPU.Build.0 = Release|Any CPU
		{BE0F4B4F-58B8-4577-A791-0F4B3EE6A723}.Release|x64.ActiveCfg = Release|Any CPU
		{BE0F4B4F-58B8-4577-A791-0F4B3EE6A723}.Release|x64.Build.0 = Release|Any CPU
		{BE0F4B4F-58B8-4577-A791-0F4B3EE6A723}.Release|x86.ActiveCfg = Release|Any CPU
		{BE0F4B4F-58B8-4577-A791-0F4B3EE6A723}.Release|x86.Build.0 = Release|Any CPU
		{E3854E8B-A32E-4BB8-81F9-53B0648D47C6}.Debug|Any CPU.ActiveCfg = Debug|Any CPU
		{E3854E8B-A32E-4BB8-81F9-53B0648D47C6}.Debug|Any CPU.Build.0 = Debug|Any CPU
		{E3854E8B-A32E-4BB8-81F9-53B0648D47C6}.Debug|x64.ActiveCfg = Debug|Any CPU
		{E3854E8B-A32E-4BB8-81F9-53B0648D47C6}.Debug|x64.Build.0 = Debug|Any CPU
		{E3854E8B-A32E-4BB8-81F9-53B0648D47C6}.Debug|x86.ActiveCfg = Debug|Any CPU
		{E3854E8B-A32E-4BB8-81F9-53B0648D47C6}.Debug|x86.Build.0 = Debug|Any CPU
		{E3854E8B-A32E-4BB8-81F9-53B0648D47C6}.Release|Any CPU.ActiveCfg = Release|Any CPU
		{E3854E8B-A32E-4BB8-81F9-53B0648D47C6}.Release|Any CPU.Build.0 = Release|Any CPU
		{E3854E8B-A32E-4BB8-81F9-53B0648D47C6}.Release|x64.ActiveCfg = Release|Any CPU
		{E3854E8B-A32E-4BB8-81F9-53B0648D47C6}.Release|x64.Build.0 = Release|Any CPU
		{E3854E8B-A32E-4BB8-81F9-53B0648D47C6}.Release|x86.ActiveCfg = Release|Any CPU
		{E3854E8B-A32E-4BB8-81F9-53B0648D47C6}.Release|x86.Build.0 = Release|Any CPU
		{727A6E9B-4CAE-4858-85F8-EEE28616F544}.Debug|Any CPU.ActiveCfg = Debug|Any CPU
		{727A6E9B-4CAE-4858-85F8-EEE28616F544}.Debug|Any CPU.Build.0 = Debug|Any CPU
		{727A6E9B-4CAE-4858-85F8-EEE28616F544}.Debug|x64.ActiveCfg = Debug|Any CPU
		{727A6E9B-4CAE-4858-85F8-EEE28616F544}.Debug|x64.Build.0 = Debug|Any CPU
		{727A6E9B-4CAE-4858-85F8-EEE28616F544}.Debug|x86.ActiveCfg = Debug|Any CPU
		{727A6E9B-4CAE-4858-85F8-EEE28616F544}.Debug|x86.Build.0 = Debug|Any CPU
		{727A6E9B-4CAE-4858-85F8-EEE28616F544}.Release|Any CPU.ActiveCfg = Release|Any CPU
		{727A6E9B-4CAE-4858-85F8-EEE28616F544}.Release|Any CPU.Build.0 = Release|Any CPU
		{727A6E9B-4CAE-4858-85F8-EEE28616F544}.Release|x64.ActiveCfg = Release|Any CPU
		{727A6E9B-4CAE-4858-85F8-EEE28616F544}.Release|x64.Build.0 = Release|Any CPU
		{727A6E9B-4CAE-4858-85F8-EEE28616F544}.Release|x86.ActiveCfg = Release|Any CPU
		{727A6E9B-4CAE-4858-85F8-EEE28616F544}.Release|x86.Build.0 = Release|Any CPU
		{1D063740-8639-4838-80F9-04955934E813}.Debug|Any CPU.ActiveCfg = Debug|Any CPU
		{1D063740-8639-4838-80F9-04955934E813}.Debug|Any CPU.Build.0 = Debug|Any CPU
		{1D063740-8639-4838-80F9-04955934E813}.Debug|x64.ActiveCfg = Debug|Any CPU
		{1D063740-8639-4838-80F9-04955934E813}.Debug|x64.Build.0 = Debug|Any CPU
		{1D063740-8639-4838-80F9-04955934E813}.Debug|x86.ActiveCfg = Debug|Any CPU
		{1D063740-8639-4838-80F9-04955934E813}.Debug|x86.Build.0 = Debug|Any CPU
		{1D063740-8639-4838-80F9-04955934E813}.Release|Any CPU.ActiveCfg = Release|Any CPU
		{1D063740-8639-4838-80F9-04955934E813}.Release|Any CPU.Build.0 = Release|Any CPU
		{1D063740-8639-4838-80F9-04955934E813}.Release|x64.ActiveCfg = Release|Any CPU
		{1D063740-8639-4838-80F9-04955934E813}.Release|x64.Build.0 = Release|Any CPU
		{1D063740-8639-4838-80F9-04955934E813}.Release|x86.ActiveCfg = Release|Any CPU
		{1D063740-8639-4838-80F9-04955934E813}.Release|x86.Build.0 = Release|Any CPU
		{F343B068-20E8-4E28-ADB9-ECAB3A16656A}.Debug|Any CPU.ActiveCfg = Debug|Any CPU
		{F343B068-20E8-4E28-ADB9-ECAB3A16656A}.Debug|Any CPU.Build.0 = Debug|Any CPU
		{F343B068-20E8-4E28-ADB9-ECAB3A16656A}.Debug|x64.ActiveCfg = Debug|Any CPU
		{F343B068-20E8-4E28-ADB9-ECAB3A16656A}.Debug|x64.Build.0 = Debug|Any CPU
		{F343B068-20E8-4E28-ADB9-ECAB3A16656A}.Debug|x86.ActiveCfg = Debug|Any CPU
		{F343B068-20E8-4E28-ADB9-ECAB3A16656A}.Debug|x86.Build.0 = Debug|Any CPU
		{F343B068-20E8-4E28-ADB9-ECAB3A16656A}.Release|Any CPU.ActiveCfg = Release|Any CPU
		{F343B068-20E8-4E28-ADB9-ECAB3A16656A}.Release|Any CPU.Build.0 = Release|Any CPU
		{F343B068-20E8-4E28-ADB9-ECAB3A16656A}.Release|x64.ActiveCfg = Release|Any CPU
		{F343B068-20E8-4E28-ADB9-ECAB3A16656A}.Release|x64.Build.0 = Release|Any CPU
		{F343B068-20E8-4E28-ADB9-ECAB3A16656A}.Release|x86.ActiveCfg = Release|Any CPU
		{F343B068-20E8-4E28-ADB9-ECAB3A16656A}.Release|x86.Build.0 = Release|Any CPU
		{BE0F75EA-FC0F-4BF4-9493-AD475F608A75}.Debug|Any CPU.ActiveCfg = Debug|Any CPU
		{BE0F75EA-FC0F-4BF4-9493-AD475F608A75}.Debug|Any CPU.Build.0 = Debug|Any CPU
		{BE0F75EA-FC0F-4BF4-9493-AD475F608A75}.Debug|x64.ActiveCfg = Debug|Any CPU
		{BE0F75EA-FC0F-4BF4-9493-AD475F608A75}.Debug|x64.Build.0 = Debug|Any CPU
		{BE0F75EA-FC0F-4BF4-9493-AD475F608A75}.Debug|x86.ActiveCfg = Debug|Any CPU
		{BE0F75EA-FC0F-4BF4-9493-AD475F608A75}.Debug|x86.Build.0 = Debug|Any CPU
		{BE0F75EA-FC0F-4BF4-9493-AD475F608A75}.Release|Any CPU.ActiveCfg = Release|Any CPU
		{BE0F75EA-FC0F-4BF4-9493-AD475F608A75}.Release|Any CPU.Build.0 = Release|Any CPU
		{BE0F75EA-FC0F-4BF4-9493-AD475F608A75}.Release|x64.ActiveCfg = Release|Any CPU
		{BE0F75EA-FC0F-4BF4-9493-AD475F608A75}.Release|x64.Build.0 = Release|Any CPU
		{BE0F75EA-FC0F-4BF4-9493-AD475F608A75}.Release|x86.ActiveCfg = Release|Any CPU
		{BE0F75EA-FC0F-4BF4-9493-AD475F608A75}.Release|x86.Build.0 = Release|Any CPU
		{251D7CA4-36B0-400E-8135-DEE72C5E6194}.Debug|Any CPU.ActiveCfg = Debug|Any CPU
		{251D7CA4-36B0-400E-8135-DEE72C5E6194}.Debug|Any CPU.Build.0 = Debug|Any CPU
		{251D7CA4-36B0-400E-8135-DEE72C5E6194}.Debug|x64.ActiveCfg = Debug|Any CPU
		{251D7CA4-36B0-400E-8135-DEE72C5E6194}.Debug|x64.Build.0 = Debug|Any CPU
		{251D7CA4-36B0-400E-8135-DEE72C5E6194}.Debug|x86.ActiveCfg = Debug|Any CPU
		{251D7CA4-36B0-400E-8135-DEE72C5E6194}.Debug|x86.Build.0 = Debug|Any CPU
		{251D7CA4-36B0-400E-8135-DEE72C5E6194}.Release|Any CPU.ActiveCfg = Release|Any CPU
		{251D7CA4-36B0-400E-8135-DEE72C5E6194}.Release|Any CPU.Build.0 = Release|Any CPU
		{251D7CA4-36B0-400E-8135-DEE72C5E6194}.Release|x64.ActiveCfg = Release|Any CPU
		{251D7CA4-36B0-400E-8135-DEE72C5E6194}.Release|x64.Build.0 = Release|Any CPU
		{251D7CA4-36B0-400E-8135-DEE72C5E6194}.Release|x86.ActiveCfg = Release|Any CPU
		{251D7CA4-36B0-400E-8135-DEE72C5E6194}.Release|x86.Build.0 = Release|Any CPU
		{B68B7DA6-B717-471A-A8D3-97D1A2185CB2}.Debug|Any CPU.ActiveCfg = Debug|Any CPU
		{B68B7DA6-B717-471A-A8D3-97D1A2185CB2}.Debug|Any CPU.Build.0 = Debug|Any CPU
		{B68B7DA6-B717-471A-A8D3-97D1A2185CB2}.Debug|x64.ActiveCfg = Debug|Any CPU
		{B68B7DA6-B717-471A-A8D3-97D1A2185CB2}.Debug|x64.Build.0 = Debug|Any CPU
		{B68B7DA6-B717-471A-A8D3-97D1A2185CB2}.Debug|x86.ActiveCfg = Debug|Any CPU
		{B68B7DA6-B717-471A-A8D3-97D1A2185CB2}.Debug|x86.Build.0 = Debug|Any CPU
		{B68B7DA6-B717-471A-A8D3-97D1A2185CB2}.Release|Any CPU.ActiveCfg = Release|Any CPU
		{B68B7DA6-B717-471A-A8D3-97D1A2185CB2}.Release|Any CPU.Build.0 = Release|Any CPU
		{B68B7DA6-B717-471A-A8D3-97D1A2185CB2}.Release|x64.ActiveCfg = Release|Any CPU
		{B68B7DA6-B717-471A-A8D3-97D1A2185CB2}.Release|x64.Build.0 = Release|Any CPU
		{B68B7DA6-B717-471A-A8D3-97D1A2185CB2}.Release|x86.ActiveCfg = Release|Any CPU
		{B68B7DA6-B717-471A-A8D3-97D1A2185CB2}.Release|x86.Build.0 = Release|Any CPU
		{9A12512E-0CB7-48FB-9ED9-68FFB3E071B5}.Debug|Any CPU.ActiveCfg = Debug|Any CPU
		{9A12512E-0CB7-48FB-9ED9-68FFB3E071B5}.Debug|Any CPU.Build.0 = Debug|Any CPU
		{9A12512E-0CB7-48FB-9ED9-68FFB3E071B5}.Debug|x64.ActiveCfg = Debug|Any CPU
		{9A12512E-0CB7-48FB-9ED9-68FFB3E071B5}.Debug|x64.Build.0 = Debug|Any CPU
		{9A12512E-0CB7-48FB-9ED9-68FFB3E071B5}.Debug|x86.ActiveCfg = Debug|Any CPU
		{9A12512E-0CB7-48FB-9ED9-68FFB3E071B5}.Debug|x86.Build.0 = Debug|Any CPU
		{9A12512E-0CB7-48FB-9ED9-68FFB3E071B5}.Release|Any CPU.ActiveCfg = Release|Any CPU
		{9A12512E-0CB7-48FB-9ED9-68FFB3E071B5}.Release|Any CPU.Build.0 = Release|Any CPU
		{9A12512E-0CB7-48FB-9ED9-68FFB3E071B5}.Release|x64.ActiveCfg = Release|Any CPU
		{9A12512E-0CB7-48FB-9ED9-68FFB3E071B5}.Release|x64.Build.0 = Release|Any CPU
		{9A12512E-0CB7-48FB-9ED9-68FFB3E071B5}.Release|x86.ActiveCfg = Release|Any CPU
		{9A12512E-0CB7-48FB-9ED9-68FFB3E071B5}.Release|x86.Build.0 = Release|Any CPU
		{78428199-52E5-440E-9AE9-46889F1B08EA}.Debug|Any CPU.ActiveCfg = Debug|Any CPU
		{78428199-52E5-440E-9AE9-46889F1B08EA}.Debug|Any CPU.Build.0 = Debug|Any CPU
		{78428199-52E5-440E-9AE9-46889F1B08EA}.Debug|x64.ActiveCfg = Debug|Any CPU
		{78428199-52E5-440E-9AE9-46889F1B08EA}.Debug|x64.Build.0 = Debug|Any CPU
		{78428199-52E5-440E-9AE9-46889F1B08EA}.Debug|x86.ActiveCfg = Debug|Any CPU
		{78428199-52E5-440E-9AE9-46889F1B08EA}.Debug|x86.Build.0 = Debug|Any CPU
		{78428199-52E5-440E-9AE9-46889F1B08EA}.Release|Any CPU.ActiveCfg = Release|Any CPU
		{78428199-52E5-440E-9AE9-46889F1B08EA}.Release|Any CPU.Build.0 = Release|Any CPU
		{78428199-52E5-440E-9AE9-46889F1B08EA}.Release|x64.ActiveCfg = Release|Any CPU
		{78428199-52E5-440E-9AE9-46889F1B08EA}.Release|x64.Build.0 = Release|Any CPU
		{78428199-52E5-440E-9AE9-46889F1B08EA}.Release|x86.ActiveCfg = Release|Any CPU
		{78428199-52E5-440E-9AE9-46889F1B08EA}.Release|x86.Build.0 = Release|Any CPU
		{AD126AAE-DCBD-409A-820A-AFC2BF6B97B4}.Debug|Any CPU.ActiveCfg = Debug|Any CPU
		{AD126AAE-DCBD-409A-820A-AFC2BF6B97B4}.Debug|Any CPU.Build.0 = Debug|Any CPU
		{AD126AAE-DCBD-409A-820A-AFC2BF6B97B4}.Debug|x64.ActiveCfg = Debug|Any CPU
		{AD126AAE-DCBD-409A-820A-AFC2BF6B97B4}.Debug|x64.Build.0 = Debug|Any CPU
		{AD126AAE-DCBD-409A-820A-AFC2BF6B97B4}.Debug|x86.ActiveCfg = Debug|Any CPU
		{AD126AAE-DCBD-409A-820A-AFC2BF6B97B4}.Debug|x86.Build.0 = Debug|Any CPU
		{AD126AAE-DCBD-409A-820A-AFC2BF6B97B4}.Release|Any CPU.ActiveCfg = Release|Any CPU
		{AD126AAE-DCBD-409A-820A-AFC2BF6B97B4}.Release|Any CPU.Build.0 = Release|Any CPU
		{AD126AAE-DCBD-409A-820A-AFC2BF6B97B4}.Release|x64.ActiveCfg = Release|Any CPU
		{AD126AAE-DCBD-409A-820A-AFC2BF6B97B4}.Release|x64.Build.0 = Release|Any CPU
		{AD126AAE-DCBD-409A-820A-AFC2BF6B97B4}.Release|x86.ActiveCfg = Release|Any CPU
		{AD126AAE-DCBD-409A-820A-AFC2BF6B97B4}.Release|x86.Build.0 = Release|Any CPU
		{726A19C1-EA52-4473-BA7D-92BFF299D439}.Debug|Any CPU.ActiveCfg = Debug|Any CPU
		{726A19C1-EA52-4473-BA7D-92BFF299D439}.Debug|Any CPU.Build.0 = Debug|Any CPU
		{726A19C1-EA52-4473-BA7D-92BFF299D439}.Debug|x64.ActiveCfg = Debug|Any CPU
		{726A19C1-EA52-4473-BA7D-92BFF299D439}.Debug|x64.Build.0 = Debug|Any CPU
		{726A19C1-EA52-4473-BA7D-92BFF299D439}.Debug|x86.ActiveCfg = Debug|Any CPU
		{726A19C1-EA52-4473-BA7D-92BFF299D439}.Debug|x86.Build.0 = Debug|Any CPU
		{726A19C1-EA52-4473-BA7D-92BFF299D439}.Release|Any CPU.ActiveCfg = Release|Any CPU
		{726A19C1-EA52-4473-BA7D-92BFF299D439}.Release|Any CPU.Build.0 = Release|Any CPU
		{726A19C1-EA52-4473-BA7D-92BFF299D439}.Release|x64.ActiveCfg = Release|Any CPU
		{726A19C1-EA52-4473-BA7D-92BFF299D439}.Release|x64.Build.0 = Release|Any CPU
		{726A19C1-EA52-4473-BA7D-92BFF299D439}.Release|x86.ActiveCfg = Release|Any CPU
		{726A19C1-EA52-4473-BA7D-92BFF299D439}.Release|x86.Build.0 = Release|Any CPU
		{1D3771AE-C890-497E-AA9B-0DAAE14D18AB}.Debug|Any CPU.ActiveCfg = Debug|Any CPU
		{1D3771AE-C890-497E-AA9B-0DAAE14D18AB}.Debug|Any CPU.Build.0 = Debug|Any CPU
		{1D3771AE-C890-497E-AA9B-0DAAE14D18AB}.Debug|x64.ActiveCfg = Debug|Any CPU
		{1D3771AE-C890-497E-AA9B-0DAAE14D18AB}.Debug|x64.Build.0 = Debug|Any CPU
		{1D3771AE-C890-497E-AA9B-0DAAE14D18AB}.Debug|x86.ActiveCfg = Debug|Any CPU
		{1D3771AE-C890-497E-AA9B-0DAAE14D18AB}.Debug|x86.Build.0 = Debug|Any CPU
		{1D3771AE-C890-497E-AA9B-0DAAE14D18AB}.Release|Any CPU.ActiveCfg = Release|Any CPU
		{1D3771AE-C890-497E-AA9B-0DAAE14D18AB}.Release|Any CPU.Build.0 = Release|Any CPU
		{1D3771AE-C890-497E-AA9B-0DAAE14D18AB}.Release|x64.ActiveCfg = Release|Any CPU
		{1D3771AE-C890-497E-AA9B-0DAAE14D18AB}.Release|x64.Build.0 = Release|Any CPU
		{1D3771AE-C890-497E-AA9B-0DAAE14D18AB}.Release|x86.ActiveCfg = Release|Any CPU
		{1D3771AE-C890-497E-AA9B-0DAAE14D18AB}.Release|x86.Build.0 = Release|Any CPU
		{0B220682-F2E7-4D23-A1CA-A677E666FC54}.Debug|Any CPU.ActiveCfg = Debug|Any CPU
		{0B220682-F2E7-4D23-A1CA-A677E666FC54}.Debug|Any CPU.Build.0 = Debug|Any CPU
		{0B220682-F2E7-4D23-A1CA-A677E666FC54}.Debug|x64.ActiveCfg = Debug|Any CPU
		{0B220682-F2E7-4D23-A1CA-A677E666FC54}.Debug|x64.Build.0 = Debug|Any CPU
		{0B220682-F2E7-4D23-A1CA-A677E666FC54}.Debug|x86.ActiveCfg = Debug|Any CPU
		{0B220682-F2E7-4D23-A1CA-A677E666FC54}.Debug|x86.Build.0 = Debug|Any CPU
		{0B220682-F2E7-4D23-A1CA-A677E666FC54}.Release|Any CPU.ActiveCfg = Release|Any CPU
		{0B220682-F2E7-4D23-A1CA-A677E666FC54}.Release|Any CPU.Build.0 = Release|Any CPU
		{0B220682-F2E7-4D23-A1CA-A677E666FC54}.Release|x64.ActiveCfg = Release|Any CPU
		{0B220682-F2E7-4D23-A1CA-A677E666FC54}.Release|x64.Build.0 = Release|Any CPU
		{0B220682-F2E7-4D23-A1CA-A677E666FC54}.Release|x86.ActiveCfg = Release|Any CPU
		{0B220682-F2E7-4D23-A1CA-A677E666FC54}.Release|x86.Build.0 = Release|Any CPU
		{E733049F-565B-4E54-93C0-7FB35409B11C}.Debug|Any CPU.ActiveCfg = Debug|Any CPU
		{E733049F-565B-4E54-93C0-7FB35409B11C}.Debug|Any CPU.Build.0 = Debug|Any CPU
		{E733049F-565B-4E54-93C0-7FB35409B11C}.Debug|x64.ActiveCfg = Debug|Any CPU
		{E733049F-565B-4E54-93C0-7FB35409B11C}.Debug|x64.Build.0 = Debug|Any CPU
		{E733049F-565B-4E54-93C0-7FB35409B11C}.Debug|x86.ActiveCfg = Debug|Any CPU
		{E733049F-565B-4E54-93C0-7FB35409B11C}.Debug|x86.Build.0 = Debug|Any CPU
		{E733049F-565B-4E54-93C0-7FB35409B11C}.Release|Any CPU.ActiveCfg = Release|Any CPU
		{E733049F-565B-4E54-93C0-7FB35409B11C}.Release|Any CPU.Build.0 = Release|Any CPU
		{E733049F-565B-4E54-93C0-7FB35409B11C}.Release|x64.ActiveCfg = Release|Any CPU
		{E733049F-565B-4E54-93C0-7FB35409B11C}.Release|x64.Build.0 = Release|Any CPU
		{E733049F-565B-4E54-93C0-7FB35409B11C}.Release|x86.ActiveCfg = Release|Any CPU
		{E733049F-565B-4E54-93C0-7FB35409B11C}.Release|x86.Build.0 = Release|Any CPU
		{421EB6B0-E874-4C56-A023-5E16618AE2E4}.Debug|Any CPU.ActiveCfg = Debug|Any CPU
		{421EB6B0-E874-4C56-A023-5E16618AE2E4}.Debug|Any CPU.Build.0 = Debug|Any CPU
		{421EB6B0-E874-4C56-A023-5E16618AE2E4}.Debug|x64.ActiveCfg = Debug|Any CPU
		{421EB6B0-E874-4C56-A023-5E16618AE2E4}.Debug|x64.Build.0 = Debug|Any CPU
		{421EB6B0-E874-4C56-A023-5E16618AE2E4}.Debug|x86.ActiveCfg = Debug|Any CPU
		{421EB6B0-E874-4C56-A023-5E16618AE2E4}.Debug|x86.Build.0 = Debug|Any CPU
		{421EB6B0-E874-4C56-A023-5E16618AE2E4}.Release|Any CPU.ActiveCfg = Release|Any CPU
		{421EB6B0-E874-4C56-A023-5E16618AE2E4}.Release|Any CPU.Build.0 = Release|Any CPU
		{421EB6B0-E874-4C56-A023-5E16618AE2E4}.Release|x64.ActiveCfg = Release|Any CPU
		{421EB6B0-E874-4C56-A023-5E16618AE2E4}.Release|x64.Build.0 = Release|Any CPU
		{421EB6B0-E874-4C56-A023-5E16618AE2E4}.Release|x86.ActiveCfg = Release|Any CPU
		{421EB6B0-E874-4C56-A023-5E16618AE2E4}.Release|x86.Build.0 = Release|Any CPU
	EndGlobalSection
	GlobalSection(SolutionProperties) = preSolution
		HideSolutionNode = FALSE
	EndGlobalSection
	GlobalSection(NestedProjects) = preSolution
		{09EB8B07-381F-4BC4-9161-2A542844FF74} = {DEE5DD87-39C1-BF34-B639-A387DCCF972B}
		{44D4D51D-72A4-46C2-83A9-E6586050AEA3} = {827E0CD3-B72D-47B6-A68D-7590B98EB39B}
		{B1121FF9-459C-46EA-BE60-74C4695C74AD} = {827E0CD3-B72D-47B6-A68D-7590B98EB39B}
		{02C819B7-7B10-45AA-B4B1-E9DFC4637F99} = {827E0CD3-B72D-47B6-A68D-7590B98EB39B}
		{D5441AB7-F852-421B-A715-FE0140C7B518} = {827E0CD3-B72D-47B6-A68D-7590B98EB39B}
		{FFE223E1-58ED-4BEF-A8BB-93D6DEB06208} = {827E0CD3-B72D-47B6-A68D-7590B98EB39B}
		{1583C4E1-599B-4460-BC27-77B09A5A1D76} = {827E0CD3-B72D-47B6-A68D-7590B98EB39B}
		{EB7D442B-2B75-44CE-8425-F7264A397239} = {827E0CD3-B72D-47B6-A68D-7590B98EB39B}
		{254517F5-341E-4068-B733-44E9ED5415F1} = {827E0CD3-B72D-47B6-A68D-7590B98EB39B}
		{E5036AA6-F429-4A76-95AD-18AE9290CD09} = {827E0CD3-B72D-47B6-A68D-7590B98EB39B}
		{9784F306-FAF8-4EC3-B17C-D0E045AFB8A1} = {827E0CD3-B72D-47B6-A68D-7590B98EB39B}
		{D266DE8A-7C7D-4F7D-B65A-0B934D0AC07F} = {9784F306-FAF8-4EC3-B17C-D0E045AFB8A1}
		{14492B0B-C3A1-4202-8D43-3460FB96122C} = {9784F306-FAF8-4EC3-B17C-D0E045AFB8A1}
		{C336362B-E7E4-4134-832D-F67DE956B147} = {9784F306-FAF8-4EC3-B17C-D0E045AFB8A1}
		{9D670AD0-118F-4FDE-B4BA-15FB8D501B01} = {9784F306-FAF8-4EC3-B17C-D0E045AFB8A1}
		{CEA09484-30F6-4D44-02F6-822E06DBC57C} = {827E0CD3-B72D-47B6-A68D-7590B98EB39B}
		{7567B68B-F399-400C-895A-F755DADBA9D0} = {CEA09484-30F6-4D44-02F6-822E06DBC57C}
		{6E211884-DA51-47F1-8236-D36F757001A7} = {CEA09484-30F6-4D44-02F6-822E06DBC57C}
		{C02BFD70-B3AB-4868-9360-66AB5B83FF31} = {CEA09484-30F6-4D44-02F6-822E06DBC57C}
		{F4E7CB79-7DA4-45A3-ABAE-D0B13FC52831} = {CEA09484-30F6-4D44-02F6-822E06DBC57C}
		{E217C5FA-84FF-42A2-BAB6-D2226BA61D49} = {CEA09484-30F6-4D44-02F6-822E06DBC57C}
		{98EFC461-2C3E-4D84-9CE7-1912CB429147} = {CF3BB764-123E-4A7B-8A47-05F15D677FE5}
		{6E2FC063-83BF-48B5-9E75-25396B7E31F7} = {CEA09484-30F6-4D44-02F6-822E06DBC57C}
		{32630BD1-DC67-403D-AE30-6280EF27D9FC} = {CEA09484-30F6-4D44-02F6-822E06DBC57C}
		{82F789A8-143C-4254-AA74-9AA82D7CF226} = {827E0CD3-B72D-47B6-A68D-7590B98EB39B}
		{CF3BB764-123E-4A7B-8A47-05F15D677FE5} = {CEA09484-30F6-4D44-02F6-822E06DBC57C}
		{28DD473A-7AFC-4361-AA92-2314B0AC4B4E} = {CF3BB764-123E-4A7B-8A47-05F15D677FE5}
		{3FEC1660-C58B-465D-9282-15B1B4B9EEAB} = {CEA09484-30F6-4D44-02F6-822E06DBC57C}
		{10A80871-ADB5-40D3-B95A-4EDB96FD5641} = {827E0CD3-B72D-47B6-A68D-7590B98EB39B}
		{60792A48-AF8B-4E87-A67B-3D84CDB42986} = {10A80871-ADB5-40D3-B95A-4EDB96FD5641}
		{B4B13076-B40A-4734-85A9-5ADDEB823100} = {10A80871-ADB5-40D3-B95A-4EDB96FD5641}
		{4ADAEF9B-3992-41E3-9011-2C5A6521169E} = {827E0CD3-B72D-47B6-A68D-7590B98EB39B}
		{33E9831D-CE3B-4CA9-A404-32B1A12B6AE3} = {9784F306-FAF8-4EC3-B17C-D0E045AFB8A1}
		{7CAA8024-41F9-4588-8C96-9FA44B3E16B9} = {CF3BB764-123E-4A7B-8A47-05F15D677FE5}
		{5D36F096-C1F2-4DE1-BBEA-A69F9258F638} = {9784F306-FAF8-4EC3-B17C-D0E045AFB8A1}
		{71DBB5E1-097C-4B41-A19F-305D084822B6} = {827E0CD3-B72D-47B6-A68D-7590B98EB39B}
		{054E306B-CCF9-4E7C-A339-7F9938675239} = {CEA09484-30F6-4D44-02F6-822E06DBC57C}
		{0B939659-BBC7-4CF1-8703-F38BF275DB4C} = {9784F306-FAF8-4EC3-B17C-D0E045AFB8A1}
		{75FD4639-AC47-4C25-8D07-95A9092CAAA4} = {CF3BB764-123E-4A7B-8A47-05F15D677FE5}
		{FC5C18B3-33C9-4C43-9A31-E13539650DDC} = {9784F306-FAF8-4EC3-B17C-D0E045AFB8A1}
		{98FC2B2E-9BCA-4F31-8E11-84D14CCCB340} = {CF3BB764-123E-4A7B-8A47-05F15D677FE5}
		{47D942F3-12E1-4C3B-B156-4749D4DADF82} = {9784F306-FAF8-4EC3-B17C-D0E045AFB8A1}
		{DE54C23E-C476-46B9-B411-D419D5510C64} = {CF3BB764-123E-4A7B-8A47-05F15D677FE5}
		{72115FCD-8F06-44B6-AFCA-D99C2CA3E0B3} = {827E0CD3-B72D-47B6-A68D-7590B98EB39B}
		{4B93654B-CCFF-40DD-8C4E-1C18BAB80885} = {CEA09484-30F6-4D44-02F6-822E06DBC57C}
		{E0DAA17D-8839-4256-B790-9E7B417EEEF1} = {827E0CD3-B72D-47B6-A68D-7590B98EB39B}
		{33313069-0CC8-406B-8378-F099F6F6BF27} = {CEA09484-30F6-4D44-02F6-822E06DBC57C}
		{45D60C48-11C4-42A8-BD25-62BF93A95799} = {CEA09484-30F6-4D44-02F6-822E06DBC57C}
		{756F832C-43DD-45EB-90A4-6F2D0670A0E2} = {9784F306-FAF8-4EC3-B17C-D0E045AFB8A1}
		{4BC3AF12-F861-48B7-AA9D-3000D40DF633} = {CEA09484-30F6-4D44-02F6-822E06DBC57C}
		{B828887E-CC91-41D2-AEE9-DB51A83AED24} = {CEA09484-30F6-4D44-02F6-822E06DBC57C}
		{97DF6A92-90B2-4B70-BEAE-3F3E3BB29D2A} = {9784F306-FAF8-4EC3-B17C-D0E045AFB8A1}
		{07644C62-1C8B-439B-97F7-AAC764EC6AA2} = {9784F306-FAF8-4EC3-B17C-D0E045AFB8A1}
		{F565DEA1-9D33-4951-973E-B3A173F9AA94} = {CEA09484-30F6-4D44-02F6-822E06DBC57C}
		{936F1CBC-1882-41BC-9492-2805AE706124} = {9784F306-FAF8-4EC3-B17C-D0E045AFB8A1}
		{DC69A4C0-9069-4DD5-AB04-B112DA9DE331} = {CEA09484-30F6-4D44-02F6-822E06DBC57C}
		{0114EDB7-8F82-4FE8-B387-850E05AA8911} = {827E0CD3-B72D-47B6-A68D-7590B98EB39B}
		{039AA6E9-8B4E-480B-9E36-B0AAC55C419D} = {9784F306-FAF8-4EC3-B17C-D0E045AFB8A1}
		{8975B01E-0B62-4FCA-BE52-83D8582E2152} = {9784F306-FAF8-4EC3-B17C-D0E045AFB8A1}
		{EB809B06-9EFE-4AB3-846A-1E3EA2C625E8} = {07C2787E-EAC7-C090-1BA3-A61EC2A24D84}
		{B2F33E42-0F05-4AC9-9120-B8D258298DED} = {0AB3BF05-4346-4AA6-1389-037BE0695223}
		{1FA8DEAB-AE33-42DA-B420-37AE2FD57017} = {827E0CD3-B72D-47B6-A68D-7590B98EB39B}
		{6305251A-5B03-4384-B683-7AABCD6F374E} = {CEA09484-30F6-4D44-02F6-822E06DBC57C}
		{FDC03946-4CB9-498C-84BD-1AFB348A929A} = {9784F306-FAF8-4EC3-B17C-D0E045AFB8A1}
		{BE0F4B4F-58B8-4577-A791-0F4B3EE6A723} = {CEA09484-30F6-4D44-02F6-822E06DBC57C}
		{E3854E8B-A32E-4BB8-81F9-53B0648D47C6} = {9784F306-FAF8-4EC3-B17C-D0E045AFB8A1}
		{727A6E9B-4CAE-4858-85F8-EEE28616F544} = {9784F306-FAF8-4EC3-B17C-D0E045AFB8A1}
		{1D063740-8639-4838-80F9-04955934E813} = {CF3BB764-123E-4A7B-8A47-05F15D677FE5}
		{F343B068-20E8-4E28-ADB9-ECAB3A16656A} = {9784F306-FAF8-4EC3-B17C-D0E045AFB8A1}
		{BE0F75EA-FC0F-4BF4-9493-AD475F608A75} = {CEA09484-30F6-4D44-02F6-822E06DBC57C}
		{251D7CA4-36B0-400E-8135-DEE72C5E6194} = {827E0CD3-B72D-47B6-A68D-7590B98EB39B}
		{B68B7DA6-B717-471A-A8D3-97D1A2185CB2} = {CEA09484-30F6-4D44-02F6-822E06DBC57C}
		{9A12512E-0CB7-48FB-9ED9-68FFB3E071B5} = {827E0CD3-B72D-47B6-A68D-7590B98EB39B}
		{78428199-52E5-440E-9AE9-46889F1B08EA} = {827E0CD3-B72D-47B6-A68D-7590B98EB39B}
		{AD126AAE-DCBD-409A-820A-AFC2BF6B97B4} = {827E0CD3-B72D-47B6-A68D-7590B98EB39B}
		{726A19C1-EA52-4473-BA7D-92BFF299D439} = {827E0CD3-B72D-47B6-A68D-7590B98EB39B}
		{1D3771AE-C890-497E-AA9B-0DAAE14D18AB} = {827E0CD3-B72D-47B6-A68D-7590B98EB39B}
		{0B220682-F2E7-4D23-A1CA-A677E666FC54} = {827E0CD3-B72D-47B6-A68D-7590B98EB39B}
		{E733049F-565B-4E54-93C0-7FB35409B11C} = {827E0CD3-B72D-47B6-A68D-7590B98EB39B}
		{421EB6B0-E874-4C56-A023-5E16618AE2E4} = {827E0CD3-B72D-47B6-A68D-7590B98EB39B}
	EndGlobalSection
EndGlobal
