
Microsoft Visual Studio Solution File, Format Version 12.00
# Visual Studio Version 17
VisualStudioVersion = 17.0.31903.59
MinimumVisualStudioVersion = 10.0.40219.1
Project("{2150E333-8FDC-42A3-9474-1A3956D46DE8}") = "build", "build", "{DEE5DD87-39C1-BF34-B639-A387DCCF972B}"
EndProject
Project("{FAE04EC0-301F-11D3-BF4B-00C04F79EFBC}") = "RepositoryMap", "build\RepositoryMap.proj", "{09EB8B07-381F-4BC4-9161-2A542844FF74}"
EndProject
Project("{2150E333-8FDC-42A3-9474-1A3956D46DE8}") = "src", "src", "{827E0CD3-B72D-47B6-A68D-7590B98EB39B}"
EndProject
Project("{FAE04EC0-301F-11D3-BF4B-00C04F79EFBC}") = "RepoQL.ConsoleApp", "src\RepoQL.ConsoleApp\RepoQL.ConsoleApp.csproj", "{44D4D51D-72A4-46C2-83A9-E6586050AEA3}"
EndProject
Project("{FAE04EC0-301F-11D3-BF4B-00C04F79EFBC}") = "RepoQL.Contracts", "src\RepoQL.Contracts\RepoQL.Contracts.csproj", "{B1121FF9-459C-46EA-BE60-74C4695C74AD}"
EndProject
Project("{FAE04EC0-301F-11D3-BF4B-00C04F79EFBC}") = "RepoQL.Core", "src\RepoQL.Core\RepoQL.Core.csproj", "{02C819B7-7B10-45AA-B4B1-E9DFC4637F99}"
EndProject
Project("{FAE04EC0-301F-11D3-BF4B-00C04F79EFBC}") = "RepoQL.Data.DuckDB", "src\RepoQL.Data.DuckDB\RepoQL.Data.DuckDB.csproj", "{D5441AB7-F852-421B-A715-FE0140C7B518}"
EndProject
Project("{FAE04EC0-301F-11D3-BF4B-00C04F79EFBC}") = "RepoQL.Documentation", "src\RepoQL.Documentation\RepoQL.Documentation.csproj", "{FFE223E1-58ED-4BEF-A8BB-93D6DEB06208}"
EndProject
Project("{FAE04EC0-301F-11D3-BF4B-00C04F79EFBC}") = "RepoQL.FileSystem", "src\RepoQL.FileSystem\RepoQL.FileSystem.csproj", "{1583C4E1-599B-4460-BC27-77B09A5A1D76}"
EndProject
Project("{FAE04EC0-301F-11D3-BF4B-00C04F79EFBC}") = "RepoQL.Grammar", "src\RepoQL.Grammar\RepoQL.Grammar.csproj", "{EB7D442B-2B75-44CE-8425-F7264A397239}"
EndProject
Project("{FAE04EC0-301F-11D3-BF4B-00C04F79EFBC}") = "RepoQL.Protocol", "src\RepoQL.Protocol\RepoQL.Protocol.csproj", "{254517F5-341E-4068-B733-44E9ED5415F1}"
EndProject
Project("{FAE04EC0-301F-11D3-BF4B-00C04F79EFBC}") = "RepoQL.Templating", "src\RepoQL.Templating\RepoQL.Templating.csproj", "{E5036AA6-F429-4A76-95AD-18AE9290CD09}"
EndProject
Project("{2150E333-8FDC-42A3-9474-1A3956D46DE8}") = "Formats", "Formats", "{9784F306-FAF8-4EC3-B17C-D0E045AFB8A1}"
EndProject
Project("{FAE04EC0-301F-11D3-BF4B-00C04F79EFBC}") = "RepoQL.Formats.DotNet", "src\Formats\RepoQL.Formats.DotNet\RepoQL.Formats.DotNet.csproj", "{D266DE8A-7C7D-4F7D-B65A-0B934D0AC07F}"
EndProject
Project("{FAE04EC0-301F-11D3-BF4B-00C04F79EFBC}") = "RepoQL.Formats.Markdown", "src\Formats\RepoQL.Formats.Markdown\RepoQL.Formats.Markdown.csproj", "{14492B0B-C3A1-4202-8D43-3460FB96122C}"
EndProject
Project("{FAE04EC0-301F-11D3-BF4B-00C04F79EFBC}") = "RepoQL.Formats.Mermaid", "src\Formats\RepoQL.Formats.Mermaid\RepoQL.Formats.Mermaid.csproj", "{C336362B-E7E4-4134-832D-F67DE956B147}"
EndProject
Project("{FAE04EC0-301F-11D3-BF4B-00C04F79EFBC}") = "RepoQL.Formats.GraphQL", "src\Formats\RepoQL.Formats.GraphQL\RepoQL.Formats.GraphQL.csproj", "{9D670AD0-118F-4FDE-B4BA-15FB8D501B01}"
EndProject
Project("{2150E333-8FDC-42A3-9474-1A3956D46DE8}") = "tests", "tests", "{CEA09484-30F6-4D44-02F6-822E06DBC57C}"
	ProjectSection(SolutionItems) = preProject
		src\tests\Directory.Build.props = src\tests\Directory.Build.props
	EndProjectSection
EndProject
Project("{FAE04EC0-301F-11D3-BF4B-00C04F79EFBC}") = "RepoQL.Cli.Tests", "src\tests\RepoQL.Cli.Tests\RepoQL.Cli.Tests.csproj", "{7567B68B-F399-400C-895A-F755DADBA9D0}"
EndProject
Project("{FAE04EC0-301F-11D3-BF4B-00C04F79EFBC}") = "RepoQL.Data.DuckDB.Tests", "src\tests\RepoQL.Data.DuckDB.Tests\RepoQL.Data.DuckDB.Tests.csproj", "{6E211884-DA51-47F1-8236-D36F757001A7}"
EndProject
Project("{FAE04EC0-301F-11D3-BF4B-00C04F79EFBC}") = "RepoQL.Data.Tests", "src\tests\RepoQL.Data.Tests\RepoQL.Data.Tests.csproj", "{C02BFD70-B3AB-4868-9360-66AB5B83FF31}"
EndProject
Project("{FAE04EC0-301F-11D3-BF4B-00C04F79EFBC}") = "RepoQL.FileSystem.Tests", "src\tests\RepoQL.FileSystem.Tests\RepoQL.FileSystem.Tests.csproj", "{E217C5FA-84FF-42A2-BAB6-D2226BA61D49}"
EndProject
Project("{FAE04EC0-301F-11D3-BF4B-00C04F79EFBC}") = "RepoQL.Grammar.Mermaid.Tests", "src\tests\RepoQL.Grammar.Mermaid.Tests\RepoQL.Grammar.Mermaid.Tests.csproj", "{98EFC461-2C3E-4D84-9CE7-1912CB429147}"
EndProject
Project("{FAE04EC0-301F-11D3-BF4B-00C04F79EFBC}") = "RepoQL.Grammar.Tests", "src\tests\RepoQL.Grammar.Tests\RepoQL.Grammar.Tests.csproj", "{6E2FC063-83BF-48B5-9E75-25396B7E31F7}"
EndProject
Project("{FAE04EC0-301F-11D3-BF4B-00C04F79EFBC}") = "RepoQL.Tests", "src\tests\RepoQL.Tests\RepoQL.Tests.csproj", "{32630BD1-DC67-403D-AE30-6280EF27D9FC}"
EndProject
Project("{FAE04EC0-301F-11D3-BF4B-00C04F79EFBC}") = "RepoQL.Orchestrator", "src\RepoQL.Orchestrator\RepoQL.Orchestrator.csproj", "{82F789A8-143C-4254-AA74-9AA82D7CF226}"
EndProject
Project("{FAE04EC0-301F-11D3-BF4B-00C04F79EFBC}") = "RepoQL.Web", "src\RepoQL.Web\RepoQL.Web.csproj", "{D0627619-C910-4652-9038-6D0414D5E740}"
EndProject
Project("{2150E333-8FDC-42A3-9474-1A3956D46DE8}") = "Formats", "Formats", "{CF3BB764-123E-4A7B-8A47-05F15D677FE5}"
EndProject
Project("{FAE04EC0-301F-11D3-BF4B-00C04F79EFBC}") = "RepoQL.Formats.DotNet.Tests", "src\tests\RepoQL.Formats.DotNet.Tests\RepoQL.Formats.DotNet.Tests.csproj", "{28DD473A-7AFC-4361-AA92-2314B0AC4B4E}"
EndProject
Project("{FAE04EC0-301F-11D3-BF4B-00C04F79EFBC}") = "RepoQL.Testing", "src\tests\RepoQL.Testing\RepoQL.Testing.csproj", "{3FEC1660-C58B-465D-9282-15B1B4B9EEAB}"
EndProject
Project("{2150E333-8FDC-42A3-9474-1A3956D46DE8}") = "Indexing", "Indexing", "{10A80871-ADB5-40D3-B95A-4EDB96FD5641}"
EndProject
Project("{FAE04EC0-301F-11D3-BF4B-00C04F79EFBC}") = "RepoQL.Indexing", "src\Indexing\RepoQL.Indexing\RepoQL.Indexing.csproj", "{60792A48-AF8B-4E87-A67B-3D84CDB42986}"
EndProject
Project("{FAE04EC0-301F-11D3-BF4B-00C04F79EFBC}") = "RepoQL.Indexing.Tests", "src\Indexing\RepoQL.Indexing.Tests\RepoQL.Indexing.Tests.csproj", "{B4B13076-B40A-4734-85A9-5ADDEB823100}"
EndProject
Project("{FAE04EC0-301F-11D3-BF4B-00C04F79EFBC}") = "RepoQL.Embeddings", "src\RepoQL.Embeddings\RepoQL.Embeddings.csproj", "{4ADAEF9B-3992-41E3-9011-2C5A6521169E}"
EndProject
Project("{FAE04EC0-301F-11D3-BF4B-00C04F79EFBC}") = "RepoQL.Formats.TypeScript", "src\Formats\RepoQL.Formats.TypeScript\RepoQL.Formats.TypeScript.csproj", "{33E9831D-CE3B-4CA9-A404-32B1A12B6AE3}"
EndProject
Project("{FAE04EC0-301F-11D3-BF4B-00C04F79EFBC}") = "RepoQL.Formats.TypeScript.Tests", "src\tests\RepoQL.Formats.TypeScript.Tests\RepoQL.Formats.TypeScript.Tests.csproj", "{7CAA8024-41F9-4588-8C96-9FA44B3E16B9}"
EndProject
Global
	GlobalSection(SolutionConfigurationPlatforms) = preSolution
		Debug|Any CPU = Debug|Any CPU
		Debug|x64 = Debug|x64
		Debug|x86 = Debug|x86
		Release|Any CPU = Release|Any CPU
		Release|x64 = Release|x64
		Release|x86 = Release|x86
	EndGlobalSection
	GlobalSection(ProjectConfigurationPlatforms) = postSolution
		{09EB8B07-381F-4BC4-9161-2A542844FF74}.Debug|Any CPU.ActiveCfg = Debug|Any CPU
		{09EB8B07-381F-4BC4-9161-2A542844FF74}.Debug|Any CPU.Build.0 = Debug|Any CPU
		{09EB8B07-381F-4BC4-9161-2A542844FF74}.Debug|x64.ActiveCfg = Debug|Any CPU
		{09EB8B07-381F-4BC4-9161-2A542844FF74}.Debug|x64.Build.0 = Debug|Any CPU
		{09EB8B07-381F-4BC4-9161-2A542844FF74}.Debug|x86.ActiveCfg = Debug|Any CPU
		{09EB8B07-381F-4BC4-9161-2A542844FF74}.Debug|x86.Build.0 = Debug|Any CPU
		{09EB8B07-381F-4BC4-9161-2A542844FF74}.Release|Any CPU.ActiveCfg = Release|Any CPU
		{09EB8B07-381F-4BC4-9161-2A542844FF74}.Release|Any CPU.Build.0 = Release|Any CPU
		{09EB8B07-381F-4BC4-9161-2A542844FF74}.Release|x64.ActiveCfg = Release|Any CPU
		{09EB8B07-381F-4BC4-9161-2A542844FF74}.Release|x64.Build.0 = Release|Any CPU
		{09EB8B07-381F-4BC4-9161-2A542844FF74}.Release|x86.ActiveCfg = Release|Any CPU
		{09EB8B07-381F-4BC4-9161-2A542844FF74}.Release|x86.Build.0 = Release|Any CPU
		{44D4D51D-72A4-46C2-83A9-E6586050AEA3}.Debug|Any CPU.ActiveCfg = Debug|Any CPU
		{44D4D51D-72A4-46C2-83A9-E6586050AEA3}.Debug|Any CPU.Build.0 = Debug|Any CPU
		{44D4D51D-72A4-46C2-83A9-E6586050AEA3}.Debug|x64.ActiveCfg = Debug|Any CPU
		{44D4D51D-72A4-46C2-83A9-E6586050AEA3}.Debug|x64.Build.0 = Debug|Any CPU
		{44D4D51D-72A4-46C2-83A9-E6586050AEA3}.Debug|x86.ActiveCfg = Debug|Any CPU
		{44D4D51D-72A4-46C2-83A9-E6586050AEA3}.Debug|x86.Build.0 = Debug|Any CPU
		{44D4D51D-72A4-46C2-83A9-E6586050AEA3}.Release|Any CPU.ActiveCfg = Release|Any CPU
		{44D4D51D-72A4-46C2-83A9-E6586050AEA3}.Release|Any CPU.Build.0 = Release|Any CPU
		{44D4D51D-72A4-46C2-83A9-E6586050AEA3}.Release|x64.ActiveCfg = Release|Any CPU
		{44D4D51D-72A4-46C2-83A9-E6586050AEA3}.Release|x64.Build.0 = Release|Any CPU
		{44D4D51D-72A4-46C2-83A9-E6586050AEA3}.Release|x86.ActiveCfg = Release|Any CPU
		{44D4D51D-72A4-46C2-83A9-E6586050AEA3}.Release|x86.Build.0 = Release|Any CPU
		{B1121FF9-459C-46EA-BE60-74C4695C74AD}.Debug|Any CPU.ActiveCfg = Debug|Any CPU
		{B1121FF9-459C-46EA-BE60-74C4695C74AD}.Debug|Any CPU.Build.0 = Debug|Any CPU
		{B1121FF9-459C-46EA-BE60-74C4695C74AD}.Debug|x64.ActiveCfg = Debug|Any CPU
		{B1121FF9-459C-46EA-BE60-74C4695C74AD}.Debug|x64.Build.0 = Debug|Any CPU
		{B1121FF9-459C-46EA-BE60-74C4695C74AD}.Debug|x86.ActiveCfg = Debug|Any CPU
		{B1121FF9-459C-46EA-BE60-74C4695C74AD}.Debug|x86.Build.0 = Debug|Any CPU
		{B1121FF9-459C-46EA-BE60-74C4695C74AD}.Release|Any CPU.ActiveCfg = Release|Any CPU
		{B1121FF9-459C-46EA-BE60-74C4695C74AD}.Release|Any CPU.Build.0 = Release|Any CPU
		{B1121FF9-459C-46EA-BE60-74C4695C74AD}.Release|x64.ActiveCfg = Release|Any CPU
		{B1121FF9-459C-46EA-BE60-74C4695C74AD}.Release|x64.Build.0 = Release|Any CPU
		{B1121FF9-459C-46EA-BE60-74C4695C74AD}.Release|x86.ActiveCfg = Release|Any CPU
		{B1121FF9-459C-46EA-BE60-74C4695C74AD}.Release|x86.Build.0 = Release|Any CPU
		{02C819B7-7B10-45AA-B4B1-E9DFC4637F99}.Debug|Any CPU.ActiveCfg = Debug|Any CPU
		{02C819B7-7B10-45AA-B4B1-E9DFC4637F99}.Debug|Any CPU.Build.0 = Debug|Any CPU
		{02C819B7-7B10-45AA-B4B1-E9DFC4637F99}.Debug|x64.ActiveCfg = Debug|Any CPU
		{02C819B7-7B10-45AA-B4B1-E9DFC4637F99}.Debug|x64.Build.0 = Debug|Any CPU
		{02C819B7-7B10-45AA-B4B1-E9DFC4637F99}.Debug|x86.ActiveCfg = Debug|Any CPU
		{02C819B7-7B10-45AA-B4B1-E9DFC4637F99}.Debug|x86.Build.0 = Debug|Any CPU
		{02C819B7-7B10-45AA-B4B1-E9DFC4637F99}.Release|Any CPU.ActiveCfg = Release|Any CPU
		{02C819B7-7B10-45AA-B4B1-E9DFC4637F99}.Release|Any CPU.Build.0 = Release|Any CPU
		{02C819B7-7B10-45AA-B4B1-E9DFC4637F99}.Release|x64.ActiveCfg = Release|Any CPU
		{02C819B7-7B10-45AA-B4B1-E9DFC4637F99}.Release|x64.Build.0 = Release|Any CPU
		{02C819B7-7B10-45AA-B4B1-E9DFC4637F99}.Release|x86.ActiveCfg = Release|Any CPU
		{02C819B7-7B10-45AA-B4B1-E9DFC4637F99}.Release|x86.Build.0 = Release|Any CPU
		{D5441AB7-F852-421B-A715-FE0140C7B518}.Debug|Any CPU.ActiveCfg = Debug|Any CPU
		{D5441AB7-F852-421B-A715-FE0140C7B518}.Debug|Any CPU.Build.0 = Debug|Any CPU
		{D5441AB7-F852-421B-A715-FE0140C7B518}.Debug|x64.ActiveCfg = Debug|Any CPU
		{D5441AB7-F852-421B-A715-FE0140C7B518}.Debug|x64.Build.0 = Debug|Any CPU
		{D5441AB7-F852-421B-A715-FE0140C7B518}.Debug|x86.ActiveCfg = Debug|Any CPU
		{D5441AB7-F852-421B-A715-FE0140C7B518}.Debug|x86.Build.0 = Debug|Any CPU
		{D5441AB7-F852-421B-A715-FE0140C7B518}.Release|Any CPU.ActiveCfg = Release|Any CPU
		{D5441AB7-F852-421B-A715-FE0140C7B518}.Release|Any CPU.Build.0 = Release|Any CPU
		{D5441AB7-F852-421B-A715-FE0140C7B518}.Release|x64.ActiveCfg = Release|Any CPU
		{D5441AB7-F852-421B-A715-FE0140C7B518}.Release|x64.Build.0 = Release|Any CPU
		{D5441AB7-F852-421B-A715-FE0140C7B518}.Release|x86.ActiveCfg = Release|Any CPU
		{D5441AB7-F852-421B-A715-FE0140C7B518}.Release|x86.Build.0 = Release|Any CPU
		{FFE223E1-58ED-4BEF-A8BB-93D6DEB06208}.Debug|Any CPU.ActiveCfg = Debug|Any CPU
		{FFE223E1-58ED-4BEF-A8BB-93D6DEB06208}.Debug|Any CPU.Build.0 = Debug|Any CPU
		{FFE223E1-58ED-4BEF-A8BB-93D6DEB06208}.Debug|x64.ActiveCfg = Debug|Any CPU
		{FFE223E1-58ED-4BEF-A8BB-93D6DEB06208}.Debug|x64.Build.0 = Debug|Any CPU
		{FFE223E1-58ED-4BEF-A8BB-93D6DEB06208}.Debug|x86.ActiveCfg = Debug|Any CPU
		{FFE223E1-58ED-4BEF-A8BB-93D6DEB06208}.Debug|x86.Build.0 = Debug|Any CPU
		{FFE223E1-58ED-4BEF-A8BB-93D6DEB06208}.Release|Any CPU.ActiveCfg = Release|Any CPU
		{FFE223E1-58ED-4BEF-A8BB-93D6DEB06208}.Release|Any CPU.Build.0 = Release|Any CPU
		{FFE223E1-58ED-4BEF-A8BB-93D6DEB06208}.Release|x64.ActiveCfg = Release|Any CPU
		{FFE223E1-58ED-4BEF-A8BB-93D6DEB06208}.Release|x64.Build.0 = Release|Any CPU
		{FFE223E1-58ED-4BEF-A8BB-93D6DEB06208}.Release|x86.ActiveCfg = Release|Any CPU
		{FFE223E1-58ED-4BEF-A8BB-93D6DEB06208}.Release|x86.Build.0 = Release|Any CPU
		{1583C4E1-599B-4460-BC27-77B09A5A1D76}.Debug|Any CPU.ActiveCfg = Debug|Any CPU
		{1583C4E1-599B-4460-BC27-77B09A5A1D76}.Debug|Any CPU.Build.0 = Debug|Any CPU
		{1583C4E1-599B-4460-BC27-77B09A5A1D76}.Debug|x64.ActiveCfg = Debug|Any CPU
		{1583C4E1-599B-4460-BC27-77B09A5A1D76}.Debug|x64.Build.0 = Debug|Any CPU
		{1583C4E1-599B-4460-BC27-77B09A5A1D76}.Debug|x86.ActiveCfg = Debug|Any CPU
		{1583C4E1-599B-4460-BC27-77B09A5A1D76}.Debug|x86.Build.0 = Debug|Any CPU
		{1583C4E1-599B-4460-BC27-77B09A5A1D76}.Release|Any CPU.ActiveCfg = Release|Any CPU
		{1583C4E1-599B-4460-BC27-77B09A5A1D76}.Release|Any CPU.Build.0 = Release|Any CPU
		{1583C4E1-599B-4460-BC27-77B09A5A1D76}.Release|x64.ActiveCfg = Release|Any CPU
		{1583C4E1-599B-4460-BC27-77B09A5A1D76}.Release|x64.Build.0 = Release|Any CPU
		{1583C4E1-599B-4460-BC27-77B09A5A1D76}.Release|x86.ActiveCfg = Release|Any CPU
		{1583C4E1-599B-4460-BC27-77B09A5A1D76}.Release|x86.Build.0 = Release|Any CPU
		{EB7D442B-2B75-44CE-8425-F7264A397239}.Debug|Any CPU.ActiveCfg = Debug|Any CPU
		{EB7D442B-2B75-44CE-8425-F7264A397239}.Debug|Any CPU.Build.0 = Debug|Any CPU
		{EB7D442B-2B75-44CE-8425-F7264A397239}.Debug|x64.ActiveCfg = Debug|Any CPU
		{EB7D442B-2B75-44CE-8425-F7264A397239}.Debug|x64.Build.0 = Debug|Any CPU
		{EB7D442B-2B75-44CE-8425-F7264A397239}.Debug|x86.ActiveCfg = Debug|Any CPU
		{EB7D442B-2B75-44CE-8425-F7264A397239}.Debug|x86.Build.0 = Debug|Any CPU
		{EB7D442B-2B75-44CE-8425-F7264A397239}.Release|Any CPU.ActiveCfg = Release|Any CPU
		{EB7D442B-2B75-44CE-8425-F7264A397239}.Release|Any CPU.Build.0 = Release|Any CPU
		{EB7D442B-2B75-44CE-8425-F7264A397239}.Release|x64.ActiveCfg = Release|Any CPU
		{EB7D442B-2B75-44CE-8425-F7264A397239}.Release|x64.Build.0 = Release|Any CPU
		{EB7D442B-2B75-44CE-8425-F7264A397239}.Release|x86.ActiveCfg = Release|Any CPU
		{EB7D442B-2B75-44CE-8425-F7264A397239}.Release|x86.Build.0 = Release|Any CPU
		{254517F5-341E-4068-B733-44E9ED5415F1}.Debug|Any CPU.ActiveCfg = Debug|Any CPU
		{254517F5-341E-4068-B733-44E9ED5415F1}.Debug|Any CPU.Build.0 = Debug|Any CPU
		{254517F5-341E-4068-B733-44E9ED5415F1}.Debug|x64.ActiveCfg = Debug|Any CPU
		{254517F5-341E-4068-B733-44E9ED5415F1}.Debug|x64.Build.0 = Debug|Any CPU
		{254517F5-341E-4068-B733-44E9ED5415F1}.Debug|x86.ActiveCfg = Debug|Any CPU
		{254517F5-341E-4068-B733-44E9ED5415F1}.Debug|x86.Build.0 = Debug|Any CPU
		{254517F5-341E-4068-B733-44E9ED5415F1}.Release|Any CPU.ActiveCfg = Release|Any CPU
		{254517F5-341E-4068-B733-44E9ED5415F1}.Release|Any CPU.Build.0 = Release|Any CPU
		{254517F5-341E-4068-B733-44E9ED5415F1}.Release|x64.ActiveCfg = Release|Any CPU
		{254517F5-341E-4068-B733-44E9ED5415F1}.Release|x64.Build.0 = Release|Any CPU
		{254517F5-341E-4068-B733-44E9ED5415F1}.Release|x86.ActiveCfg = Release|Any CPU
		{254517F5-341E-4068-B733-44E9ED5415F1}.Release|x86.Build.0 = Release|Any CPU
		{E5036AA6-F429-4A76-95AD-18AE9290CD09}.Debug|Any CPU.ActiveCfg = Debug|Any CPU
		{E5036AA6-F429-4A76-95AD-18AE9290CD09}.Debug|Any CPU.Build.0 = Debug|Any CPU
		{E5036AA6-F429-4A76-95AD-18AE9290CD09}.Debug|x64.ActiveCfg = Debug|Any CPU
		{E5036AA6-F429-4A76-95AD-18AE9290CD09}.Debug|x64.Build.0 = Debug|Any CPU
		{E5036AA6-F429-4A76-95AD-18AE9290CD09}.Debug|x86.ActiveCfg = Debug|Any CPU
		{E5036AA6-F429-4A76-95AD-18AE9290CD09}.Debug|x86.Build.0 = Debug|Any CPU
		{E5036AA6-F429-4A76-95AD-18AE9290CD09}.Release|Any CPU.ActiveCfg = Release|Any CPU
		{E5036AA6-F429-4A76-95AD-18AE9290CD09}.Release|Any CPU.Build.0 = Release|Any CPU
		{E5036AA6-F429-4A76-95AD-18AE9290CD09}.Release|x64.ActiveCfg = Release|Any CPU
		{E5036AA6-F429-4A76-95AD-18AE9290CD09}.Release|x64.Build.0 = Release|Any CPU
		{E5036AA6-F429-4A76-95AD-18AE9290CD09}.Release|x86.ActiveCfg = Release|Any CPU
		{E5036AA6-F429-4A76-95AD-18AE9290CD09}.Release|x86.Build.0 = Release|Any CPU
		{D266DE8A-7C7D-4F7D-B65A-0B934D0AC07F}.Debug|Any CPU.ActiveCfg = Debug|Any CPU
		{D266DE8A-7C7D-4F7D-B65A-0B934D0AC07F}.Debug|Any CPU.Build.0 = Debug|Any CPU
		{D266DE8A-7C7D-4F7D-B65A-0B934D0AC07F}.Debug|x64.ActiveCfg = Debug|Any CPU
		{D266DE8A-7C7D-4F7D-B65A-0B934D0AC07F}.Debug|x64.Build.0 = Debug|Any CPU
		{D266DE8A-7C7D-4F7D-B65A-0B934D0AC07F}.Debug|x86.ActiveCfg = Debug|Any CPU
		{D266DE8A-7C7D-4F7D-B65A-0B934D0AC07F}.Debug|x86.Build.0 = Debug|Any CPU
		{D266DE8A-7C7D-4F7D-B65A-0B934D0AC07F}.Release|Any CPU.ActiveCfg = Release|Any CPU
		{D266DE8A-7C7D-4F7D-B65A-0B934D0AC07F}.Release|Any CPU.Build.0 = Release|Any CPU
		{D266DE8A-7C7D-4F7D-B65A-0B934D0AC07F}.Release|x64.ActiveCfg = Release|Any CPU
		{D266DE8A-7C7D-4F7D-B65A-0B934D0AC07F}.Release|x64.Build.0 = Release|Any CPU
		{D266DE8A-7C7D-4F7D-B65A-0B934D0AC07F}.Release|x86.ActiveCfg = Release|Any CPU
		{D266DE8A-7C7D-4F7D-B65A-0B934D0AC07F}.Release|x86.Build.0 = Release|Any CPU
		{14492B0B-C3A1-4202-8D43-3460FB96122C}.Debug|Any CPU.ActiveCfg = Debug|Any CPU
		{14492B0B-C3A1-4202-8D43-3460FB96122C}.Debug|Any CPU.Build.0 = Debug|Any CPU
		{14492B0B-C3A1-4202-8D43-3460FB96122C}.Debug|x64.ActiveCfg = Debug|Any CPU
		{14492B0B-C3A1-4202-8D43-3460FB96122C}.Debug|x64.Build.0 = Debug|Any CPU
		{14492B0B-C3A1-4202-8D43-3460FB96122C}.Debug|x86.ActiveCfg = Debug|Any CPU
		{14492B0B-C3A1-4202-8D43-3460FB96122C}.Debug|x86.Build.0 = Debug|Any CPU
		{14492B0B-C3A1-4202-8D43-3460FB96122C}.Release|Any CPU.ActiveCfg = Release|Any CPU
		{14492B0B-C3A1-4202-8D43-3460FB96122C}.Release|Any CPU.Build.0 = Release|Any CPU
		{14492B0B-C3A1-4202-8D43-3460FB96122C}.Release|x64.ActiveCfg = Release|Any CPU
		{14492B0B-C3A1-4202-8D43-3460FB96122C}.Release|x64.Build.0 = Release|Any CPU
		{14492B0B-C3A1-4202-8D43-3460FB96122C}.Release|x86.ActiveCfg = Release|Any CPU
		{14492B0B-C3A1-4202-8D43-3460FB96122C}.Release|x86.Build.0 = Release|Any CPU
		{C336362B-E7E4-4134-832D-F67DE956B147}.Debug|Any CPU.ActiveCfg = Debug|Any CPU
		{C336362B-E7E4-4134-832D-F67DE956B147}.Debug|Any CPU.Build.0 = Debug|Any CPU
		{C336362B-E7E4-4134-832D-F67DE956B147}.Debug|x64.ActiveCfg = Debug|Any CPU
		{C336362B-E7E4-4134-832D-F67DE956B147}.Debug|x64.Build.0 = Debug|Any CPU
		{C336362B-E7E4-4134-832D-F67DE956B147}.Debug|x86.ActiveCfg = Debug|Any CPU
		{C336362B-E7E4-4134-832D-F67DE956B147}.Debug|x86.Build.0 = Debug|Any CPU
		{C336362B-E7E4-4134-832D-F67DE956B147}.Release|Any CPU.ActiveCfg = Release|Any CPU
		{C336362B-E7E4-4134-832D-F67DE956B147}.Release|Any CPU.Build.0 = Release|Any CPU
		{C336362B-E7E4-4134-832D-F67DE956B147}.Release|x64.ActiveCfg = Release|Any CPU
		{C336362B-E7E4-4134-832D-F67DE956B147}.Release|x64.Build.0 = Release|Any CPU
		{C336362B-E7E4-4134-832D-F67DE956B147}.Release|x86.ActiveCfg = Release|Any CPU
		{C336362B-E7E4-4134-832D-F67DE956B147}.Release|x86.Build.0 = Release|Any CPU
		{9D670AD0-118F-4FDE-B4BA-15FB8D501B01}.Debug|Any CPU.ActiveCfg = Debug|Any CPU
		{9D670AD0-118F-4FDE-B4BA-15FB8D501B01}.Debug|Any CPU.Build.0 = Debug|Any CPU
		{9D670AD0-118F-4FDE-B4BA-15FB8D501B01}.Debug|x64.ActiveCfg = Debug|Any CPU
		{9D670AD0-118F-4FDE-B4BA-15FB8D501B01}.Debug|x64.Build.0 = Debug|Any CPU
		{9D670AD0-118F-4FDE-B4BA-15FB8D501B01}.Debug|x86.ActiveCfg = Debug|Any CPU
		{9D670AD0-118F-4FDE-B4BA-15FB8D501B01}.Debug|x86.Build.0 = Debug|Any CPU
		{9D670AD0-118F-4FDE-B4BA-15FB8D501B01}.Release|Any CPU.ActiveCfg = Release|Any CPU
		{9D670AD0-118F-4FDE-B4BA-15FB8D501B01}.Release|Any CPU.Build.0 = Release|Any CPU
		{9D670AD0-118F-4FDE-B4BA-15FB8D501B01}.Release|x64.ActiveCfg = Release|Any CPU
		{9D670AD0-118F-4FDE-B4BA-15FB8D501B01}.Release|x64.Build.0 = Release|Any CPU
		{9D670AD0-118F-4FDE-B4BA-15FB8D501B01}.Release|x86.ActiveCfg = Release|Any CPU
		{9D670AD0-118F-4FDE-B4BA-15FB8D501B01}.Release|x86.Build.0 = Release|Any CPU
		{7567B68B-F399-400C-895A-F755DADBA9D0}.Debug|Any CPU.ActiveCfg = Debug|Any CPU
		{7567B68B-F399-400C-895A-F755DADBA9D0}.Debug|Any CPU.Build.0 = Debug|Any CPU
		{7567B68B-F399-400C-895A-F755DADBA9D0}.Debug|x64.ActiveCfg = Debug|Any CPU
		{7567B68B-F399-400C-895A-F755DADBA9D0}.Debug|x64.Build.0 = Debug|Any CPU
		{7567B68B-F399-400C-895A-F755DADBA9D0}.Debug|x86.ActiveCfg = Debug|Any CPU
		{7567B68B-F399-400C-895A-F755DADBA9D0}.Debug|x86.Build.0 = Debug|Any CPU
		{7567B68B-F399-400C-895A-F755DADBA9D0}.Release|Any CPU.ActiveCfg = Release|Any CPU
		{7567B68B-F399-400C-895A-F755DADBA9D0}.Release|Any CPU.Build.0 = Release|Any CPU
		{7567B68B-F399-400C-895A-F755DADBA9D0}.Release|x64.ActiveCfg = Release|Any CPU
		{7567B68B-F399-400C-895A-F755DADBA9D0}.Release|x64.Build.0 = Release|Any CPU
		{7567B68B-F399-400C-895A-F755DADBA9D0}.Release|x86.ActiveCfg = Release|Any CPU
		{7567B68B-F399-400C-895A-F755DADBA9D0}.Release|x86.Build.0 = Release|Any CPU
		{6E211884-DA51-47F1-8236-D36F757001A7}.Debug|Any CPU.ActiveCfg = Debug|Any CPU
		{6E211884-DA51-47F1-8236-D36F757001A7}.Debug|Any CPU.Build.0 = Debug|Any CPU
		{6E211884-DA51-47F1-8236-D36F757001A7}.Debug|x64.ActiveCfg = Debug|Any CPU
		{6E211884-DA51-47F1-8236-D36F757001A7}.Debug|x64.Build.0 = Debug|Any CPU
		{6E211884-DA51-47F1-8236-D36F757001A7}.Debug|x86.ActiveCfg = Debug|Any CPU
		{6E211884-DA51-47F1-8236-D36F757001A7}.Debug|x86.Build.0 = Debug|Any CPU
		{6E211884-DA51-47F1-8236-D36F757001A7}.Release|Any CPU.ActiveCfg = Release|Any CPU
		{6E211884-DA51-47F1-8236-D36F757001A7}.Release|Any CPU.Build.0 = Release|Any CPU
		{6E211884-DA51-47F1-8236-D36F757001A7}.Release|x64.ActiveCfg = Release|Any CPU
		{6E211884-DA51-47F1-8236-D36F757001A7}.Release|x64.Build.0 = Release|Any CPU
		{6E211884-DA51-47F1-8236-D36F757001A7}.Release|x86.ActiveCfg = Release|Any CPU
		{6E211884-DA51-47F1-8236-D36F757001A7}.Release|x86.Build.0 = Release|Any CPU
		{C02BFD70-B3AB-4868-9360-66AB5B83FF31}.Debug|Any CPU.ActiveCfg = Debug|Any CPU
		{C02BFD70-B3AB-4868-9360-66AB5B83FF31}.Debug|Any CPU.Build.0 = Debug|Any CPU
		{C02BFD70-B3AB-4868-9360-66AB5B83FF31}.Debug|x64.ActiveCfg = Debug|Any CPU
		{C02BFD70-B3AB-4868-9360-66AB5B83FF31}.Debug|x64.Build.0 = Debug|Any CPU
		{C02BFD70-B3AB-4868-9360-66AB5B83FF31}.Debug|x86.ActiveCfg = Debug|Any CPU
		{C02BFD70-B3AB-4868-9360-66AB5B83FF31}.Debug|x86.Build.0 = Debug|Any CPU
		{C02BFD70-B3AB-4868-9360-66AB5B83FF31}.Release|Any CPU.ActiveCfg = Release|Any CPU
		{C02BFD70-B3AB-4868-9360-66AB5B83FF31}.Release|Any CPU.Build.0 = Release|Any CPU
		{C02BFD70-B3AB-4868-9360-66AB5B83FF31}.Release|x64.ActiveCfg = Release|Any CPU
		{C02BFD70-B3AB-4868-9360-66AB5B83FF31}.Release|x64.Build.0 = Release|Any CPU
		{C02BFD70-B3AB-4868-9360-66AB5B83FF31}.Release|x86.ActiveCfg = Release|Any CPU
		{C02BFD70-B3AB-4868-9360-66AB5B83FF31}.Release|x86.Build.0 = Release|Any CPU
		{E217C5FA-84FF-42A2-BAB6-D2226BA61D49}.Debug|Any CPU.ActiveCfg = Debug|Any CPU
		{E217C5FA-84FF-42A2-BAB6-D2226BA61D49}.Debug|Any CPU.Build.0 = Debug|Any CPU
		{E217C5FA-84FF-42A2-BAB6-D2226BA61D49}.Debug|x64.ActiveCfg = Debug|Any CPU
		{E217C5FA-84FF-42A2-BAB6-D2226BA61D49}.Debug|x64.Build.0 = Debug|Any CPU
		{E217C5FA-84FF-42A2-BAB6-D2226BA61D49}.Debug|x86.ActiveCfg = Debug|Any CPU
		{E217C5FA-84FF-42A2-BAB6-D2226BA61D49}.Debug|x86.Build.0 = Debug|Any CPU
		{E217C5FA-84FF-42A2-BAB6-D2226BA61D49}.Release|Any CPU.ActiveCfg = Release|Any CPU
		{E217C5FA-84FF-42A2-BAB6-D2226BA61D49}.Release|Any CPU.Build.0 = Release|Any CPU
		{E217C5FA-84FF-42A2-BAB6-D2226BA61D49}.Release|x64.ActiveCfg = Release|Any CPU
		{E217C5FA-84FF-42A2-BAB6-D2226BA61D49}.Release|x64.Build.0 = Release|Any CPU
		{E217C5FA-84FF-42A2-BAB6-D2226BA61D49}.Release|x86.ActiveCfg = Release|Any CPU
		{E217C5FA-84FF-42A2-BAB6-D2226BA61D49}.Release|x86.Build.0 = Release|Any CPU
		{98EFC461-2C3E-4D84-9CE7-1912CB429147}.Debug|Any CPU.ActiveCfg = Debug|Any CPU
		{98EFC461-2C3E-4D84-9CE7-1912CB429147}.Debug|Any CPU.Build.0 = Debug|Any CPU
		{98EFC461-2C3E-4D84-9CE7-1912CB429147}.Debug|x64.ActiveCfg = Debug|Any CPU
		{98EFC461-2C3E-4D84-9CE7-1912CB429147}.Debug|x64.Build.0 = Debug|Any CPU
		{98EFC461-2C3E-4D84-9CE7-1912CB429147}.Debug|x86.ActiveCfg = Debug|Any CPU
		{98EFC461-2C3E-4D84-9CE7-1912CB429147}.Debug|x86.Build.0 = Debug|Any CPU
		{98EFC461-2C3E-4D84-9CE7-1912CB429147}.Release|Any CPU.ActiveCfg = Release|Any CPU
		{98EFC461-2C3E-4D84-9CE7-1912CB429147}.Release|Any CPU.Build.0 = Release|Any CPU
		{98EFC461-2C3E-4D84-9CE7-1912CB429147}.Release|x64.ActiveCfg = Release|Any CPU
		{98EFC461-2C3E-4D84-9CE7-1912CB429147}.Release|x64.Build.0 = Release|Any CPU
		{98EFC461-2C3E-4D84-9CE7-1912CB429147}.Release|x86.ActiveCfg = Release|Any CPU
		{98EFC461-2C3E-4D84-9CE7-1912CB429147}.Release|x86.Build.0 = Release|Any CPU
		{6E2FC063-83BF-48B5-9E75-25396B7E31F7}.Debug|Any CPU.ActiveCfg = Debug|Any CPU
		{6E2FC063-83BF-48B5-9E75-25396B7E31F7}.Debug|Any CPU.Build.0 = Debug|Any CPU
		{6E2FC063-83BF-48B5-9E75-25396B7E31F7}.Debug|x64.ActiveCfg = Debug|Any CPU
		{6E2FC063-83BF-48B5-9E75-25396B7E31F7}.Debug|x64.Build.0 = Debug|Any CPU
		{6E2FC063-83BF-48B5-9E75-25396B7E31F7}.Debug|x86.ActiveCfg = Debug|Any CPU
		{6E2FC063-83BF-48B5-9E75-25396B7E31F7}.Debug|x86.Build.0 = Debug|Any CPU
		{6E2FC063-83BF-48B5-9E75-25396B7E31F7}.Release|Any CPU.ActiveCfg = Release|Any CPU
		{6E2FC063-83BF-48B5-9E75-25396B7E31F7}.Release|Any CPU.Build.0 = Release|Any CPU
		{6E2FC063-83BF-48B5-9E75-25396B7E31F7}.Release|x64.ActiveCfg = Release|Any CPU
		{6E2FC063-83BF-48B5-9E75-25396B7E31F7}.Release|x64.Build.0 = Release|Any CPU
		{6E2FC063-83BF-48B5-9E75-25396B7E31F7}.Release|x86.ActiveCfg = Release|Any CPU
		{6E2FC063-83BF-48B5-9E75-25396B7E31F7}.Release|x86.Build.0 = Release|Any CPU
		{32630BD1-DC67-403D-AE30-6280EF27D9FC}.Debug|Any CPU.ActiveCfg = Debug|Any CPU
		{32630BD1-DC67-403D-AE30-6280EF27D9FC}.Debug|Any CPU.Build.0 = Debug|Any CPU
		{32630BD1-DC67-403D-AE30-6280EF27D9FC}.Debug|x64.ActiveCfg = Debug|Any CPU
		{32630BD1-DC67-403D-AE30-6280EF27D9FC}.Debug|x64.Build.0 = Debug|Any CPU
		{32630BD1-DC67-403D-AE30-6280EF27D9FC}.Debug|x86.ActiveCfg = Debug|Any CPU
		{32630BD1-DC67-403D-AE30-6280EF27D9FC}.Debug|x86.Build.0 = Debug|Any CPU
		{32630BD1-DC67-403D-AE30-6280EF27D9FC}.Release|Any CPU.ActiveCfg = Release|Any CPU
		{32630BD1-DC67-403D-AE30-6280EF27D9FC}.Release|Any CPU.Build.0 = Release|Any CPU
		{32630BD1-DC67-403D-AE30-6280EF27D9FC}.Release|x64.ActiveCfg = Release|Any CPU
		{32630BD1-DC67-403D-AE30-6280EF27D9FC}.Release|x64.Build.0 = Release|Any CPU
		{32630BD1-DC67-403D-AE30-6280EF27D9FC}.Release|x86.ActiveCfg = Release|Any CPU
		{32630BD1-DC67-403D-AE30-6280EF27D9FC}.Release|x86.Build.0 = Release|Any CPU
		{82F789A8-143C-4254-AA74-9AA82D7CF226}.Debug|Any CPU.ActiveCfg = Debug|Any CPU
		{82F789A8-143C-4254-AA74-9AA82D7CF226}.Debug|Any CPU.Build.0 = Debug|Any CPU
		{82F789A8-143C-4254-AA74-9AA82D7CF226}.Debug|x64.ActiveCfg = Debug|Any CPU
		{82F789A8-143C-4254-AA74-9AA82D7CF226}.Debug|x64.Build.0 = Debug|Any CPU
		{82F789A8-143C-4254-AA74-9AA82D7CF226}.Debug|x86.ActiveCfg = Debug|Any CPU
		{82F789A8-143C-4254-AA74-9AA82D7CF226}.Debug|x86.Build.0 = Debug|Any CPU
		{82F789A8-143C-4254-AA74-9AA82D7CF226}.Release|Any CPU.ActiveCfg = Release|Any CPU
		{82F789A8-143C-4254-AA74-9AA82D7CF226}.Release|Any CPU.Build.0 = Release|Any CPU
		{82F789A8-143C-4254-AA74-9AA82D7CF226}.Release|x64.ActiveCfg = Release|Any CPU
		{82F789A8-143C-4254-AA74-9AA82D7CF226}.Release|x64.Build.0 = Release|Any CPU
		{82F789A8-143C-4254-AA74-9AA82D7CF226}.Release|x86.ActiveCfg = Release|Any CPU
		{82F789A8-143C-4254-AA74-9AA82D7CF226}.Release|x86.Build.0 = Release|Any CPU
		{D0627619-C910-4652-9038-6D0414D5E740}.Debug|Any CPU.ActiveCfg = Debug|Any CPU
		{D0627619-C910-4652-9038-6D0414D5E740}.Debug|Any CPU.Build.0 = Debug|Any CPU
		{D0627619-C910-4652-9038-6D0414D5E740}.Debug|x64.ActiveCfg = Debug|Any CPU
		{D0627619-C910-4652-9038-6D0414D5E740}.Debug|x64.Build.0 = Debug|Any CPU
		{D0627619-C910-4652-9038-6D0414D5E740}.Debug|x86.ActiveCfg = Debug|Any CPU
		{D0627619-C910-4652-9038-6D0414D5E740}.Debug|x86.Build.0 = Debug|Any CPU
		{D0627619-C910-4652-9038-6D0414D5E740}.Release|Any CPU.ActiveCfg = Release|Any CPU
		{D0627619-C910-4652-9038-6D0414D5E740}.Release|Any CPU.Build.0 = Release|Any CPU
		{D0627619-C910-4652-9038-6D0414D5E740}.Release|x64.ActiveCfg = Release|Any CPU
		{D0627619-C910-4652-9038-6D0414D5E740}.Release|x64.Build.0 = Release|Any CPU
		{D0627619-C910-4652-9038-6D0414D5E740}.Release|x86.ActiveCfg = Release|Any CPU
		{D0627619-C910-4652-9038-6D0414D5E740}.Release|x86.Build.0 = Release|Any CPU
		{28DD473A-7AFC-4361-AA92-2314B0AC4B4E}.Debug|Any CPU.ActiveCfg = Debug|Any CPU
		{28DD473A-7AFC-4361-AA92-2314B0AC4B4E}.Debug|Any CPU.Build.0 = Debug|Any CPU
		{28DD473A-7AFC-4361-AA92-2314B0AC4B4E}.Debug|x64.ActiveCfg = Debug|Any CPU
		{28DD473A-7AFC-4361-AA92-2314B0AC4B4E}.Debug|x64.Build.0 = Debug|Any CPU
		{28DD473A-7AFC-4361-AA92-2314B0AC4B4E}.Debug|x86.ActiveCfg = Debug|Any CPU
		{28DD473A-7AFC-4361-AA92-2314B0AC4B4E}.Debug|x86.Build.0 = Debug|Any CPU
		{28DD473A-7AFC-4361-AA92-2314B0AC4B4E}.Release|Any CPU.ActiveCfg = Release|Any CPU
		{28DD473A-7AFC-4361-AA92-2314B0AC4B4E}.Release|Any CPU.Build.0 = Release|Any CPU
		{28DD473A-7AFC-4361-AA92-2314B0AC4B4E}.Release|x64.ActiveCfg = Release|Any CPU
		{28DD473A-7AFC-4361-AA92-2314B0AC4B4E}.Release|x64.Build.0 = Release|Any CPU
		{28DD473A-7AFC-4361-AA92-2314B0AC4B4E}.Release|x86.ActiveCfg = Release|Any CPU
		{28DD473A-7AFC-4361-AA92-2314B0AC4B4E}.Release|x86.Build.0 = Release|Any CPU
		{3FEC1660-C58B-465D-9282-15B1B4B9EEAB}.Debug|Any CPU.ActiveCfg = Debug|Any CPU
		{3FEC1660-C58B-465D-9282-15B1B4B9EEAB}.Debug|Any CPU.Build.0 = Debug|Any CPU
		{3FEC1660-C58B-465D-9282-15B1B4B9EEAB}.Debug|x64.ActiveCfg = Debug|Any CPU
		{3FEC1660-C58B-465D-9282-15B1B4B9EEAB}.Debug|x64.Build.0 = Debug|Any CPU
		{3FEC1660-C58B-465D-9282-15B1B4B9EEAB}.Debug|x86.ActiveCfg = Debug|Any CPU
		{3FEC1660-C58B-465D-9282-15B1B4B9EEAB}.Debug|x86.Build.0 = Debug|Any CPU
		{3FEC1660-C58B-465D-9282-15B1B4B9EEAB}.Release|Any CPU.ActiveCfg = Release|Any CPU
		{3FEC1660-C58B-465D-9282-15B1B4B9EEAB}.Release|Any CPU.Build.0 = Release|Any CPU
		{3FEC1660-C58B-465D-9282-15B1B4B9EEAB}.Release|x64.ActiveCfg = Release|Any CPU
		{3FEC1660-C58B-465D-9282-15B1B4B9EEAB}.Release|x64.Build.0 = Release|Any CPU
		{3FEC1660-C58B-465D-9282-15B1B4B9EEAB}.Release|x86.ActiveCfg = Release|Any CPU
		{3FEC1660-C58B-465D-9282-15B1B4B9EEAB}.Release|x86.Build.0 = Release|Any CPU
		{60792A48-AF8B-4E87-A67B-3D84CDB42986}.Debug|Any CPU.ActiveCfg = Debug|Any CPU
		{60792A48-AF8B-4E87-A67B-3D84CDB42986}.Debug|Any CPU.Build.0 = Debug|Any CPU
		{60792A48-AF8B-4E87-A67B-3D84CDB42986}.Debug|x64.ActiveCfg = Debug|Any CPU
		{60792A48-AF8B-4E87-A67B-3D84CDB42986}.Debug|x64.Build.0 = Debug|Any CPU
		{60792A48-AF8B-4E87-A67B-3D84CDB42986}.Debug|x86.ActiveCfg = Debug|Any CPU
		{60792A48-AF8B-4E87-A67B-3D84CDB42986}.Debug|x86.Build.0 = Debug|Any CPU
		{60792A48-AF8B-4E87-A67B-3D84CDB42986}.Release|Any CPU.ActiveCfg = Release|Any CPU
		{60792A48-AF8B-4E87-A67B-3D84CDB42986}.Release|Any CPU.Build.0 = Release|Any CPU
		{60792A48-AF8B-4E87-A67B-3D84CDB42986}.Release|x64.ActiveCfg = Release|Any CPU
		{60792A48-AF8B-4E87-A67B-3D84CDB42986}.Release|x64.Build.0 = Release|Any CPU
		{60792A48-AF8B-4E87-A67B-3D84CDB42986}.Release|x86.ActiveCfg = Release|Any CPU
		{60792A48-AF8B-4E87-A67B-3D84CDB42986}.Release|x86.Build.0 = Release|Any CPU
		{B4B13076-B40A-4734-85A9-5ADDEB823100}.Debug|Any CPU.ActiveCfg = Debug|Any CPU
		{B4B13076-B40A-4734-85A9-5ADDEB823100}.Debug|Any CPU.Build.0 = Debug|Any CPU
		{B4B13076-B40A-4734-85A9-5ADDEB823100}.Debug|x64.ActiveCfg = Debug|Any CPU
		{B4B13076-B40A-4734-85A9-5ADDEB823100}.Debug|x64.Build.0 = Debug|Any CPU
		{B4B13076-B40A-4734-85A9-5ADDEB823100}.Debug|x86.ActiveCfg = Debug|Any CPU
		{B4B13076-B40A-4734-85A9-5ADDEB823100}.Debug|x86.Build.0 = Debug|Any CPU
		{B4B13076-B40A-4734-85A9-5ADDEB823100}.Release|Any CPU.ActiveCfg = Release|Any CPU
		{B4B13076-B40A-4734-85A9-5ADDEB823100}.Release|Any CPU.Build.0 = Release|Any CPU
		{B4B13076-B40A-4734-85A9-5ADDEB823100}.Release|x64.ActiveCfg = Release|Any CPU
		{B4B13076-B40A-4734-85A9-5ADDEB823100}.Release|x64.Build.0 = Release|Any CPU
		{B4B13076-B40A-4734-85A9-5ADDEB823100}.Release|x86.ActiveCfg = Release|Any CPU
		{B4B13076-B40A-4734-85A9-5ADDEB823100}.Release|x86.Build.0 = Release|Any CPU
		{4ADAEF9B-3992-41E3-9011-2C5A6521169E}.Debug|Any CPU.ActiveCfg = Debug|Any CPU
		{4ADAEF9B-3992-41E3-9011-2C5A6521169E}.Debug|Any CPU.Build.0 = Debug|Any CPU
		{4ADAEF9B-3992-41E3-9011-2C5A6521169E}.Debug|x64.ActiveCfg = Debug|Any CPU
		{4ADAEF9B-3992-41E3-9011-2C5A6521169E}.Debug|x64.Build.0 = Debug|Any CPU
		{4ADAEF9B-3992-41E3-9011-2C5A6521169E}.Debug|x86.ActiveCfg = Debug|Any CPU
		{4ADAEF9B-3992-41E3-9011-2C5A6521169E}.Debug|x86.Build.0 = Debug|Any CPU
		{4ADAEF9B-3992-41E3-9011-2C5A6521169E}.Release|Any CPU.ActiveCfg = Release|Any CPU
		{4ADAEF9B-3992-41E3-9011-2C5A6521169E}.Release|Any CPU.Build.0 = Release|Any CPU
		{4ADAEF9B-3992-41E3-9011-2C5A6521169E}.Release|x64.ActiveCfg = Release|Any CPU
		{4ADAEF9B-3992-41E3-9011-2C5A6521169E}.Release|x64.Build.0 = Release|Any CPU
		{4ADAEF9B-3992-41E3-9011-2C5A6521169E}.Release|x86.ActiveCfg = Release|Any CPU
		{4ADAEF9B-3992-41E3-9011-2C5A6521169E}.Release|x86.Build.0 = Release|Any CPU
		{33E9831D-CE3B-4CA9-A404-32B1A12B6AE3}.Debug|Any CPU.ActiveCfg = Debug|Any CPU
		{33E9831D-CE3B-4CA9-A404-32B1A12B6AE3}.Debug|Any CPU.Build.0 = Debug|Any CPU
		{33E9831D-CE3B-4CA9-A404-32B1A12B6AE3}.Debug|x64.ActiveCfg = Debug|Any CPU
		{33E9831D-CE3B-4CA9-A404-32B1A12B6AE3}.Debug|x64.Build.0 = Debug|Any CPU
		{33E9831D-CE3B-4CA9-A404-32B1A12B6AE3}.Debug|x86.ActiveCfg = Debug|Any CPU
		{33E9831D-CE3B-4CA9-A404-32B1A12B6AE3}.Debug|x86.Build.0 = Debug|Any CPU
		{33E9831D-CE3B-4CA9-A404-32B1A12B6AE3}.Release|Any CPU.ActiveCfg = Release|Any CPU
		{33E9831D-CE3B-4CA9-A404-32B1A12B6AE3}.Release|Any CPU.Build.0 = Release|Any CPU
		{33E9831D-CE3B-4CA9-A404-32B1A12B6AE3}.Release|x64.ActiveCfg = Release|Any CPU
		{33E9831D-CE3B-4CA9-A404-32B1A12B6AE3}.Release|x64.Build.0 = Release|Any CPU
		{33E9831D-CE3B-4CA9-A404-32B1A12B6AE3}.Release|x86.ActiveCfg = Release|Any CPU
		{33E9831D-CE3B-4CA9-A404-32B1A12B6AE3}.Release|x86.Build.0 = Release|Any CPU
		{7CAA8024-41F9-4588-8C96-9FA44B3E16B9}.Debug|Any CPU.ActiveCfg = Debug|Any CPU
		{7CAA8024-41F9-4588-8C96-9FA44B3E16B9}.Debug|Any CPU.Build.0 = Debug|Any CPU
		{7CAA8024-41F9-4588-8C96-9FA44B3E16B9}.Debug|x64.ActiveCfg = Debug|Any CPU
		{7CAA8024-41F9-4588-8C96-9FA44B3E16B9}.Debug|x64.Build.0 = Debug|Any CPU
		{7CAA8024-41F9-4588-8C96-9FA44B3E16B9}.Debug|x86.ActiveCfg = Debug|Any CPU
		{7CAA8024-41F9-4588-8C96-9FA44B3E16B9}.Debug|x86.Build.0 = Debug|Any CPU
		{7CAA8024-41F9-4588-8C96-9FA44B3E16B9}.Release|Any CPU.ActiveCfg = Release|Any CPU
		{7CAA8024-41F9-4588-8C96-9FA44B3E16B9}.Release|Any CPU.Build.0 = Release|Any CPU
		{7CAA8024-41F9-4588-8C96-9FA44B3E16B9}.Release|x64.ActiveCfg = Release|Any CPU
		{7CAA8024-41F9-4588-8C96-9FA44B3E16B9}.Release|x64.Build.0 = Release|Any CPU
		{7CAA8024-41F9-4588-8C96-9FA44B3E16B9}.Release|x86.ActiveCfg = Release|Any CPU
		{7CAA8024-41F9-4588-8C96-9FA44B3E16B9}.Release|x86.Build.0 = Release|Any CPU
	EndGlobalSection
	GlobalSection(SolutionProperties) = preSolution
		HideSolutionNode = FALSE
	EndGlobalSection
	GlobalSection(NestedProjects) = preSolution
		{09EB8B07-381F-4BC4-9161-2A542844FF74} = {DEE5DD87-39C1-BF34-B639-A387DCCF972B}
		{44D4D51D-72A4-46C2-83A9-E6586050AEA3} = {827E0CD3-B72D-47B6-A68D-7590B98EB39B}
		{B1121FF9-459C-46EA-BE60-74C4695C74AD} = {827E0CD3-B72D-47B6-A68D-7590B98EB39B}
		{02C819B7-7B10-45AA-B4B1-E9DFC4637F99} = {827E0CD3-B72D-47B6-A68D-7590B98EB39B}
		{D5441AB7-F852-421B-A715-FE0140C7B518} = {827E0CD3-B72D-47B6-A68D-7590B98EB39B}
		{FFE223E1-58ED-4BEF-A8BB-93D6DEB06208} = {827E0CD3-B72D-47B6-A68D-7590B98EB39B}
		{1583C4E1-599B-4460-BC27-77B09A5A1D76} = {827E0CD3-B72D-47B6-A68D-7590B98EB39B}
		{EB7D442B-2B75-44CE-8425-F7264A397239} = {827E0CD3-B72D-47B6-A68D-7590B98EB39B}
		{254517F5-341E-4068-B733-44E9ED5415F1} = {827E0CD3-B72D-47B6-A68D-7590B98EB39B}
		{E5036AA6-F429-4A76-95AD-18AE9290CD09} = {827E0CD3-B72D-47B6-A68D-7590B98EB39B}
		{9784F306-FAF8-4EC3-B17C-D0E045AFB8A1} = {827E0CD3-B72D-47B6-A68D-7590B98EB39B}
		{D266DE8A-7C7D-4F7D-B65A-0B934D0AC07F} = {9784F306-FAF8-4EC3-B17C-D0E045AFB8A1}
		{14492B0B-C3A1-4202-8D43-3460FB96122C} = {9784F306-FAF8-4EC3-B17C-D0E045AFB8A1}
		{C336362B-E7E4-4134-832D-F67DE956B147} = {9784F306-FAF8-4EC3-B17C-D0E045AFB8A1}
		{9D670AD0-118F-4FDE-B4BA-15FB8D501B01} = {9784F306-FAF8-4EC3-B17C-D0E045AFB8A1}
		{CEA09484-30F6-4D44-02F6-822E06DBC57C} = {827E0CD3-B72D-47B6-A68D-7590B98EB39B}
		{7567B68B-F399-400C-895A-F755DADBA9D0} = {CEA09484-30F6-4D44-02F6-822E06DBC57C}
		{6E211884-DA51-47F1-8236-D36F757001A7} = {CEA09484-30F6-4D44-02F6-822E06DBC57C}
		{C02BFD70-B3AB-4868-9360-66AB5B83FF31} = {CEA09484-30F6-4D44-02F6-822E06DBC57C}
		{E217C5FA-84FF-42A2-BAB6-D2226BA61D49} = {CEA09484-30F6-4D44-02F6-822E06DBC57C}
		{98EFC461-2C3E-4D84-9CE7-1912CB429147} = {CEA09484-30F6-4D44-02F6-822E06DBC57C}
		{6E2FC063-83BF-48B5-9E75-25396B7E31F7} = {CEA09484-30F6-4D44-02F6-822E06DBC57C}
		{32630BD1-DC67-403D-AE30-6280EF27D9FC} = {CEA09484-30F6-4D44-02F6-822E06DBC57C}
		{82F789A8-143C-4254-AA74-9AA82D7CF226} = {827E0CD3-B72D-47B6-A68D-7590B98EB39B}
		{D0627619-C910-4652-9038-6D0414D5E740} = {827E0CD3-B72D-47B6-A68D-7590B98EB39B}
		{CF3BB764-123E-4A7B-8A47-05F15D677FE5} = {CEA09484-30F6-4D44-02F6-822E06DBC57C}
		{28DD473A-7AFC-4361-AA92-2314B0AC4B4E} = {CF3BB764-123E-4A7B-8A47-05F15D677FE5}
		{3FEC1660-C58B-465D-9282-15B1B4B9EEAB} = {CEA09484-30F6-4D44-02F6-822E06DBC57C}
		{10A80871-ADB5-40D3-B95A-4EDB96FD5641} = {827E0CD3-B72D-47B6-A68D-7590B98EB39B}
		{60792A48-AF8B-4E87-A67B-3D84CDB42986} = {10A80871-ADB5-40D3-B95A-4EDB96FD5641}
		{B4B13076-B40A-4734-85A9-5ADDEB823100} = {10A80871-ADB5-40D3-B95A-4EDB96FD5641}
		{4ADAEF9B-3992-41E3-9011-2C5A6521169E} = {827E0CD3-B72D-47B6-A68D-7590B98EB39B}
		{33E9831D-CE3B-4CA9-A404-32B1A12B6AE3} = {9784F306-FAF8-4EC3-B17C-D0E045AFB8A1}
		{7CAA8024-41F9-4588-8C96-9FA44B3E16B9} = {CEA09484-30F6-4D44-02F6-822E06DBC57C}
	EndGlobalSection
EndGlobal
